// !$*UTF8*$!
{
	archiveVersion = 1;
	classes = {
	};
	objectVersion = 52;
	objects = {

/* Begin PBXBuildFile section */
		BB1A84072522703C003873C3 /* macOSInjection.bundle in Resources */ = {isa = PBXBuildFile; fileRef = BBCA02451FB1065D00E45F0F /* macOSInjection.bundle */; };
		BB1A840A25227535003873C3 /* SwiftTrace.h in Resources */ = {isa = PBXBuildFile; fileRef = BB6C87C62520D0D2005AFCFC /* SwiftTrace.h */; };
		BB1BA90B251DC54100044608 /* SwiftUISupport.swift in Sources */ = {isa = PBXBuildFile; fileRef = BB1BA90A251DC54100044608 /* SwiftUISupport.swift */; };
		BB1C3246254BFAFD001EDFCC /* EasyPointer.swift in Sources */ = {isa = PBXBuildFile; fileRef = BB1C3245254BFAFC001EDFCC /* EasyPointer.swift */; };
		BB1EBC4D258DE2A0001F2AA4 /* fishhook.c in Sources */ = {isa = PBXBuildFile; fileRef = BB1EBC4C258DE29D001F2AA4 /* fishhook.c */; };
		BB1EBC4F258DE2AD001F2AA4 /* fishhook.h in Headers */ = {isa = PBXBuildFile; fileRef = BB1EBC4E258DE2AC001F2AA4 /* fishhook.h */; };
		BB1EBC50258EA273001F2AA4 /* fishhook.h in Resources */ = {isa = PBXBuildFile; fileRef = BB1EBC4E258DE2AC001F2AA4 /* fishhook.h */; };
		BB34C3FD244FAAB400D520A9 /* RMWindowController.xib in Resources */ = {isa = PBXBuildFile; fileRef = BB34C3FC244FAAB400D520A9 /* RMWindowController.xib */; };
		BB34C3FF244FAD3C00D520A9 /* log.html in Resources */ = {isa = PBXBuildFile; fileRef = BB34C3FE244FAD3C00D520A9 /* log.html */; };
		BB34C401244FAE3000D520A9 /* iphone.png in Resources */ = {isa = PBXBuildFile; fileRef = BB34C400244FAE2F00D520A9 /* iphone.png */; };
		BB439B801FABA64300B4F50B /* SwiftEvalTests.swift in Sources */ = {isa = PBXBuildFile; fileRef = BB439B7F1FABA64300B4F50B /* SwiftEvalTests.swift */; };
		BB4EC3FB244FA3C40079E244 /* RMMacroManager.m in Sources */ = {isa = PBXBuildFile; fileRef = BB4EC3F7244FA3C30079E244 /* RMMacroManager.m */; };
		BB4EC3FC244FA3C40079E244 /* RMDeviceController.m in Sources */ = {isa = PBXBuildFile; fileRef = BB4EC3F8244FA3C30079E244 /* RMDeviceController.m */; };
		BB4EC3FD244FA3C40079E244 /* RMImageView.m in Sources */ = {isa = PBXBuildFile; fileRef = BB4EC3F9244FA3C40079E244 /* RMImageView.m */; };
		BB4EC3FE244FA3C40079E244 /* RMWindowController.m in Sources */ = {isa = PBXBuildFile; fileRef = BB4EC3FA244FA3C40079E244 /* RMWindowController.m */; };
		BB53B642244FC08F00F006E3 /* RemoteCapture.h in Resources */ = {isa = PBXBuildFile; fileRef = BB4EC3FF244FA42A0079E244 /* RemoteCapture.h */; };
		BB53B648244FC32C00F006E3 /* RemoteHeaders.h in Resources */ = {isa = PBXBuildFile; fileRef = BB53B647244FC2F800F006E3 /* RemoteHeaders.h */; };
		BB56393C1FD5C25A002FFCEF /* SignerService.m in Sources */ = {isa = PBXBuildFile; fileRef = BB67DBB61FB0D0F2000EAC8A /* SignerService.m */; };
		BB6306FE1FCD1A410021D30C /* Credits.rtf in Resources */ = {isa = PBXBuildFile; fileRef = BB6306FD1FCD1A410021D30C /* Credits.rtf */; };
		BB6446202545831400A83098 /* StringIndex.swift in Sources */ = {isa = PBXBuildFile; fileRef = BB64461F2545831200A83098 /* StringIndex.swift */; };
		BB6C87D62520D0D2005AFCFC /* SwiftTrace.h in Headers */ = {isa = PBXBuildFile; fileRef = BB6C87C62520D0D2005AFCFC /* SwiftTrace.h */; settings = {ATTRIBUTES = (Public, ); }; };
		BB6C87EB2520D152005AFCFC /* SwiftMeta.swift in Sources */ = {isa = PBXBuildFile; fileRef = BB6C87E22520D150005AFCFC /* SwiftMeta.swift */; };
		BB6C87EC2520D152005AFCFC /* SwiftInvoke.swift in Sources */ = {isa = PBXBuildFile; fileRef = BB6C87E32520D151005AFCFC /* SwiftInvoke.swift */; };
		BB6C87ED2520D152005AFCFC /* SwiftSwizzle.swift in Sources */ = {isa = PBXBuildFile; fileRef = BB6C87E42520D151005AFCFC /* SwiftSwizzle.swift */; };
		BB6C87EE2520D152005AFCFC /* SwiftArgs.swift in Sources */ = {isa = PBXBuildFile; fileRef = BB6C87E52520D151005AFCFC /* SwiftArgs.swift */; };
		BB6C87EF2520D152005AFCFC /* SwiftStats.swift in Sources */ = {isa = PBXBuildFile; fileRef = BB6C87E62520D151005AFCFC /* SwiftStats.swift */; };
		BB6C87F02520D152005AFCFC /* SwiftAspects.swift in Sources */ = {isa = PBXBuildFile; fileRef = BB6C87E72520D151005AFCFC /* SwiftAspects.swift */; };
		BB6C87F12520D152005AFCFC /* SwiftInterpose.swift in Sources */ = {isa = PBXBuildFile; fileRef = BB6C87E82520D151005AFCFC /* SwiftInterpose.swift */; };
		BB6C87F22520D152005AFCFC /* SwiftStack.swift in Sources */ = {isa = PBXBuildFile; fileRef = BB6C87E92520D151005AFCFC /* SwiftStack.swift */; };
		BB6C87F32520D152005AFCFC /* SwiftTrace.swift in Sources */ = {isa = PBXBuildFile; fileRef = BB6C87EA2520D152005AFCFC /* SwiftTrace.swift */; };
		BB6C87F92520D2C3005AFCFC /* SwiftTrace.mm in Sources */ = {isa = PBXBuildFile; fileRef = BB6C87F62520D2C3005AFCFC /* SwiftTrace.mm */; };
		BB6C87FA2520D2C3005AFCFC /* xt_forwarding_trampoline_arm64.s in Sources */ = {isa = PBXBuildFile; fileRef = BB6C87F72520D2C3005AFCFC /* xt_forwarding_trampoline_arm64.s */; };
		BB6C87FB2520D2C3005AFCFC /* xt_forwarding_trampoline_x64.s in Sources */ = {isa = PBXBuildFile; fileRef = BB6C87F82520D2C3005AFCFC /* xt_forwarding_trampoline_x64.s */; };
		BB6C881F2520D799005AFCFC /* SwiftTrace.framework in Embed Frameworks */ = {isa = PBXBuildFile; fileRef = BB6C87C42520D0D1005AFCFC /* SwiftTrace.framework */; settings = {ATTRIBUTES = (CodeSignOnCopy, RemoveHeadersOnCopy, ); }; };
		BB79FC79245CC02200A4B4CB /* TimeLapseBuilder.swift in Sources */ = {isa = PBXBuildFile; fileRef = BB79FC78245CC02200A4B4CB /* TimeLapseBuilder.swift */; };
		BB7D7CAC2512F8F00069FE2C /* UpdateCheck.swift in Sources */ = {isa = PBXBuildFile; fileRef = BB7D7CAB2512F8F00069FE2C /* UpdateCheck.swift */; };
		BB877CE42186EB6E0070EEC7 /* DDHotKeyCenter.m in Sources */ = {isa = PBXBuildFile; fileRef = BB6306F51FCD16600021D30C /* DDHotKeyCenter.m */; };
		BB877CE52186EB6E0070EEC7 /* DDHotKeyUtilities.m in Sources */ = {isa = PBXBuildFile; fileRef = BB6306F61FCD16600021D30C /* DDHotKeyUtilities.m */; };
		BBB040641FB17A6C007DDD0A /* ScriptingBridge.framework in Frameworks */ = {isa = PBXBuildFile; fileRef = BBB040631FB1798A007DDD0A /* ScriptingBridge.framework */; };
		BBB64DC51FD450AF0020BE47 /* README.md in Resources */ = {isa = PBXBuildFile; fileRef = BB037DF31FAD808B004B267C /* README.md */; };
		BBB64DC61FD450B40020BE47 /* LICENSE in Resources */ = {isa = PBXBuildFile; fileRef = BB037DF41FAD80D0004B267C /* LICENSE */; };
		BBB64DD31FD56F570020BE47 /* XprobePluginMenuController.m in Sources */ = {isa = PBXBuildFile; fileRef = BBB64DD11FD56F570020BE47 /* XprobePluginMenuController.m */; };
		BBB64DD41FD56F570020BE47 /* XprobeConsole.m in Sources */ = {isa = PBXBuildFile; fileRef = BBB64DD21FD56F570020BE47 /* XprobeConsole.m */; };
		BBB64DDC1FD570220020BE47 /* graph-xdot.gv in Resources */ = {isa = PBXBuildFile; fileRef = BBB64DD61FD570210020BE47 /* graph-xdot.gv */; };
		BBB64DDD1FD570220020BE47 /* CodeMirror in Resources */ = {isa = PBXBuildFile; fileRef = BBB64DD71FD570210020BE47 /* CodeMirror */; };
		BBB64DDE1FD570220020BE47 /* xprobe.html in Resources */ = {isa = PBXBuildFile; fileRef = BBB64DD81FD570210020BE47 /* xprobe.html */; };
		BBB64DDF1FD570220020BE47 /* canviz-0.1 in Resources */ = {isa = PBXBuildFile; fileRef = BBB64DD91FD570210020BE47 /* canviz-0.1 */; };
		BBB64DE01FD570220020BE47 /* canviz.html in Resources */ = {isa = PBXBuildFile; fileRef = BBB64DDA1FD570220020BE47 /* canviz.html */; };
		BBB64DE11FD570220020BE47 /* tiny_red.gif in Resources */ = {isa = PBXBuildFile; fileRef = BBB64DDB1FD570220020BE47 /* tiny_red.gif */; };
		BBB64DE51FD571310020BE47 /* libz.tbd in Frameworks */ = {isa = PBXBuildFile; fileRef = BBB64DE41FD571300020BE47 /* libz.tbd */; };
		BBB64DE61FD5717C0020BE47 /* libz.tbd in Frameworks */ = {isa = PBXBuildFile; fileRef = BBB64DE41FD571300020BE47 /* libz.tbd */; };
		BBB64FDE1FD5744A0020BE47 /* XprobeConsole.xib in Resources */ = {isa = PBXBuildFile; fileRef = BBB64FDC1FD5744A0020BE47 /* XprobeConsole.xib */; };
		BBB64FDF1FD5744A0020BE47 /* XprobePluginMenuController.xib in Resources */ = {isa = PBXBuildFile; fileRef = BBB64FDD1FD5744A0020BE47 /* XprobePluginMenuController.xib */; };
		BBB64FE11FD575260020BE47 /* XprobeSwift.swift in Sources */ = {isa = PBXBuildFile; fileRef = BBB64FE01FD575260020BE47 /* XprobeSwift.swift */; };
		BBB64FE61FD577EB0020BE47 /* SwiftSwizzler.swift in Sources */ = {isa = PBXBuildFile; fileRef = BBB64FE51FD577EB0020BE47 /* SwiftSwizzler.swift */; };
		BBB64FEA1FD583B60020BE47 /* Xprobe.mm in Sources */ = {isa = PBXBuildFile; fileRef = BBB64FE91FD583B60020BE47 /* Xprobe.mm */; };
		BBB64FEC1FD585D50020BE47 /* WebKit.framework in Frameworks */ = {isa = PBXBuildFile; fileRef = BBB64FEB1FD585D50020BE47 /* WebKit.framework */; };
		BBBFD2D01FCFEE300057D899 /* SwiftEval.swift in Sources */ = {isa = PBXBuildFile; fileRef = BB439B8A1FABA65D00B4F50B /* SwiftEval.swift */; };
		BBCA02021FB0F10300E45F0F /* AppDelegate.swift in Sources */ = {isa = PBXBuildFile; fileRef = BBCA02011FB0F10300E45F0F /* AppDelegate.swift */; };
		BBCA02041FB0F10300E45F0F /* Assets.xcassets in Resources */ = {isa = PBXBuildFile; fileRef = BBCA02031FB0F10300E45F0F /* Assets.xcassets */; };
		BBCA02071FB0F10300E45F0F /* MainMenu.xib in Resources */ = {isa = PBXBuildFile; fileRef = BBCA02051FB0F10300E45F0F /* MainMenu.xib */; };
		BBCA022A1FB0F64800E45F0F /* SimpleSocket.mm in Sources */ = {isa = PBXBuildFile; fileRef = BB67DBB31FB0CDA8000EAC8A /* SimpleSocket.mm */; };
		BBCA02501FB107AF00E45F0F /* SwiftEval.swift in Sources */ = {isa = PBXBuildFile; fileRef = BB439B8A1FABA65D00B4F50B /* SwiftEval.swift */; };
		BBCA02511FB107AF00E45F0F /* SwiftInjection.swift in Sources */ = {isa = PBXBuildFile; fileRef = BB109FAF1FAECD92008C5218 /* SwiftInjection.swift */; };
		BBCA02561FB1099500E45F0F /* InjectionServer.swift in Sources */ = {isa = PBXBuildFile; fileRef = BBCA02551FB1099500E45F0F /* InjectionServer.swift */; };
		BBCA02591FB112F500E45F0F /* App.icns in Resources */ = {isa = PBXBuildFile; fileRef = BBCA02581FB112F500E45F0F /* App.icns */; };
		BBCA025D1FB114FF00E45F0F /* InjectionClient.mm in Sources */ = {isa = PBXBuildFile; fileRef = BBCA025C1FB114FF00E45F0F /* InjectionClient.mm */; settings = {COMPILER_FLAGS = "-Wno-ignored-attributes"; }; };
		BBCA02601FB122C300E45F0F /* InjectionIdle.tif in Resources */ = {isa = PBXBuildFile; fileRef = BBCA025E1FB122C300E45F0F /* InjectionIdle.tif */; };
		BBCA02611FB122C300E45F0F /* InjectionOK.tif in Resources */ = {isa = PBXBuildFile; fileRef = BBCA025F1FB122C300E45F0F /* InjectionOK.tif */; };
		BBCA02621FB1312A00E45F0F /* SimpleSocket.mm in Sources */ = {isa = PBXBuildFile; fileRef = BB67DBB31FB0CDA8000EAC8A /* SimpleSocket.mm */; };
		BBE3B2E72524915A00300BF8 /* AppDelegate.swift in Sources */ = {isa = PBXBuildFile; fileRef = BBE3B2E62524915A00300BF8 /* AppDelegate.swift */; };
		BBE3B2E92524916000300BF8 /* Assets.xcassets in Resources */ = {isa = PBXBuildFile; fileRef = BBE3B2E82524916000300BF8 /* Assets.xcassets */; };
		BBE3B2EC2524916000300BF8 /* MainMenu.xib in Resources */ = {isa = PBXBuildFile; fileRef = BBE3B2EA2524916000300BF8 /* MainMenu.xib */; };
		BBE3B2F2252491BC00300BF8 /* SwiftEval.swift in Sources */ = {isa = PBXBuildFile; fileRef = BB439B8A1FABA65D00B4F50B /* SwiftEval.swift */; };
		BBE3B2F32524965400300BF8 /* App.icns in Resources */ = {isa = PBXBuildFile; fileRef = BBCA02581FB112F500E45F0F /* App.icns */; };
		BBE490D01FB2368A003D41BB /* FileWatcher.swift in Sources */ = {isa = PBXBuildFile; fileRef = BBE490CE1FB2368A003D41BB /* FileWatcher.swift */; };
		BBE490DB1FB2C643003D41BB /* InjectionBusy.tif in Resources */ = {isa = PBXBuildFile; fileRef = BBE490D91FB2C643003D41BB /* InjectionBusy.tif */; };
		BBE490DC1FB2C643003D41BB /* InjectionError.tif in Resources */ = {isa = PBXBuildFile; fileRef = BBE490DA1FB2C643003D41BB /* InjectionError.tif */; };
		BBE64E5D2524D1B50049B6D4 /* SwiftEval.swift in Sources */ = {isa = PBXBuildFile; fileRef = BB439B8A1FABA65D00B4F50B /* SwiftEval.swift */; };
		BBEB704C1FD28C6F00127711 /* XcodeHash.m in Sources */ = {isa = PBXBuildFile; fileRef = BBEB704B1FD28C6F00127711 /* XcodeHash.m */; };
		BD35949E21A6C5DE0020EB94 /* Vaccine.swift in Sources */ = {isa = PBXBuildFile; fileRef = BD35949D21A6C5DE0020EB94 /* Vaccine.swift */; };
		CEC1702A253ED117002E823F /* Experimental.swift in Sources */ = {isa = PBXBuildFile; fileRef = CEC17029253ED117002E823F /* Experimental.swift */; };
		CEC17035253ED472002E823F /* SwiftRegex in Frameworks */ = {isa = PBXBuildFile; productRef = CEC17034253ED472002E823F /* SwiftRegex */; };
/* End PBXBuildFile section */

/* Begin PBXContainerItemProxy section */
		BB1A8405252266D4003873C3 /* PBXContainerItemProxy */ = {
			isa = PBXContainerItemProxy;
			containerPortal = BB439B5D1FABA64300B4F50B /* Project object */;
			proxyType = 1;
			remoteGlobalIDString = BBCA02441FB1065D00E45F0F;
			remoteInfo = InjectionBundle;
		};
/* End PBXContainerItemProxy section */

/* Begin PBXCopyFilesBuildPhase section */
		BB6224721FC5BA6F00AD7A3A /* CopyFiles */ = {
			isa = PBXCopyFilesBuildPhase;
			buildActionMask = 2147483647;
			dstPath = Contents/Library/LaunchServices;
			dstSubfolderSpec = 1;
			files = (
			);
			runOnlyForDeploymentPostprocessing = 0;
		};
		BB6C87DB2520D0D3005AFCFC /* Embed Frameworks */ = {
			isa = PBXCopyFilesBuildPhase;
			buildActionMask = 2147483647;
			dstPath = "";
			dstSubfolderSpec = 10;
			files = (
			);
			name = "Embed Frameworks";
			runOnlyForDeploymentPostprocessing = 0;
		};
		BB6C88222520D799005AFCFC /* Embed Frameworks */ = {
			isa = PBXCopyFilesBuildPhase;
			buildActionMask = 2147483647;
			dstPath = "";
			dstSubfolderSpec = 10;
			files = (
				BB6C881F2520D799005AFCFC /* SwiftTrace.framework in Embed Frameworks */,
			);
			name = "Embed Frameworks";
			runOnlyForDeploymentPostprocessing = 0;
		};
/* End PBXCopyFilesBuildPhase section */

/* Begin PBXFileReference section */
		BB037DF31FAD808B004B267C /* README.md */ = {isa = PBXFileReference; lastKnownFileType = net.daringfireball.markdown; path = README.md; sourceTree = "<group>"; };
		BB037DF41FAD80D0004B267C /* LICENSE */ = {isa = PBXFileReference; fileEncoding = 4; lastKnownFileType = text; path = LICENSE; sourceTree = "<group>"; };
		BB070C252512851B002FC45A /* AppCodePlugin */ = {isa = PBXFileReference; lastKnownFileType = folder; path = AppCodePlugin; sourceTree = "<group>"; };
		BB109FAF1FAECD92008C5218 /* SwiftInjection.swift */ = {isa = PBXFileReference; lastKnownFileType = sourcecode.swift; path = SwiftInjection.swift; sourceTree = "<group>"; };
		BB1BA904251DC51900044608 /* SwiftUISupport.bundle */ = {isa = PBXFileReference; explicitFileType = wrapper.cfbundle; includeInIndex = 0; path = SwiftUISupport.bundle; sourceTree = BUILT_PRODUCTS_DIR; };
		BB1BA906251DC51900044608 /* Info.plist */ = {isa = PBXFileReference; lastKnownFileType = text.plist.xml; path = Info.plist; sourceTree = "<group>"; };
		BB1BA90A251DC54100044608 /* SwiftUISupport.swift */ = {isa = PBXFileReference; lastKnownFileType = sourcecode.swift; path = SwiftUISupport.swift; sourceTree = "<group>"; };
		BB1BA918251DD0CA00044608 /* SwiftUISupport-Bridging-Header.h */ = {isa = PBXFileReference; lastKnownFileType = sourcecode.c.h; path = "SwiftUISupport-Bridging-Header.h"; sourceTree = "<group>"; };
		BB1C3245254BFAFC001EDFCC /* EasyPointer.swift */ = {isa = PBXFileReference; fileEncoding = 4; lastKnownFileType = sourcecode.swift; name = EasyPointer.swift; path = SwiftTrace/EasyPointer.swift; sourceTree = "<group>"; };
		BB1DEA9A1FD6A74800AF509F /* Xtrace.h */ = {isa = PBXFileReference; fileEncoding = 4; lastKnownFileType = sourcecode.c.h; name = Xtrace.h; path = XprobePlugin/Classes/Xtrace.h; sourceTree = "<group>"; };
		BB1DEA9B1FD6A74900AF509F /* IvarAccess.h */ = {isa = PBXFileReference; fileEncoding = 4; lastKnownFileType = sourcecode.c.h; name = IvarAccess.h; path = XprobePlugin/Classes/IvarAccess.h; sourceTree = "<group>"; };
		BB1DEA9C1FD6A74900AF509F /* Xprobe.h */ = {isa = PBXFileReference; fileEncoding = 4; lastKnownFileType = sourcecode.c.h; name = Xprobe.h; path = XprobePlugin/Classes/Xprobe.h; sourceTree = "<group>"; };
		BB1DEA9D1FD6A74900AF509F /* XprobeConsole.h */ = {isa = PBXFileReference; fileEncoding = 4; lastKnownFileType = sourcecode.c.h; name = XprobeConsole.h; path = XprobePlugin/Classes/XprobeConsole.h; sourceTree = "<group>"; };
		BB1DEA9E1FD6A74900AF509F /* XprobePluginMenuController.h */ = {isa = PBXFileReference; fileEncoding = 4; lastKnownFileType = sourcecode.c.h; name = XprobePluginMenuController.h; path = XprobePlugin/Classes/XprobePluginMenuController.h; sourceTree = "<group>"; };
		BB1EBC4C258DE29D001F2AA4 /* fishhook.c */ = {isa = PBXFileReference; fileEncoding = 4; lastKnownFileType = sourcecode.c.c; name = fishhook.c; path = SwiftTraceGuts/fishhook.c; sourceTree = "<group>"; };
		BB1EBC4E258DE2AC001F2AA4 /* fishhook.h */ = {isa = PBXFileReference; fileEncoding = 4; lastKnownFileType = sourcecode.c.h; name = fishhook.h; path = SwiftTraceGuts/include/fishhook.h; sourceTree = "<group>"; };
		BB34C3FC244FAAB400D520A9 /* RMWindowController.xib */ = {isa = PBXFileReference; fileEncoding = 4; lastKnownFileType = file.xib; name = RMWindowController.xib; path = Remote/Classes/RMWindowController.xib; sourceTree = SOURCE_ROOT; };
		BB34C3FE244FAD3C00D520A9 /* log.html */ = {isa = PBXFileReference; fileEncoding = 4; lastKnownFileType = text.html; name = log.html; path = Remote/log.html; sourceTree = SOURCE_ROOT; };
		BB34C400244FAE2F00D520A9 /* iphone.png */ = {isa = PBXFileReference; lastKnownFileType = image.png; name = iphone.png; path = Remote/iphone.png; sourceTree = SOURCE_ROOT; };
		BB439B681FABA64300B4F50B /* AppDelegate.swift */ = {isa = PBXFileReference; lastKnownFileType = sourcecode.swift; path = AppDelegate.swift; sourceTree = "<group>"; };
		BB439B6A1FABA64300B4F50B /* MasterViewController.swift */ = {isa = PBXFileReference; lastKnownFileType = sourcecode.swift; path = MasterViewController.swift; sourceTree = "<group>"; };
		BB439B6C1FABA64300B4F50B /* DetailViewController.swift */ = {isa = PBXFileReference; lastKnownFileType = sourcecode.swift; path = DetailViewController.swift; sourceTree = "<group>"; };
		BB439B6F1FABA64300B4F50B /* Base */ = {isa = PBXFileReference; lastKnownFileType = file.storyboard; name = Base; path = Base.lproj/Main.storyboard; sourceTree = "<group>"; };
		BB439B711FABA64300B4F50B /* Assets.xcassets */ = {isa = PBXFileReference; lastKnownFileType = folder.assetcatalog; path = Assets.xcassets; sourceTree = "<group>"; };
		BB439B741FABA64300B4F50B /* Base */ = {isa = PBXFileReference; lastKnownFileType = file.storyboard; name = Base; path = Base.lproj/LaunchScreen.storyboard; sourceTree = "<group>"; };
		BB439B761FABA64300B4F50B /* Info.plist */ = {isa = PBXFileReference; lastKnownFileType = text.plist.xml; path = Info.plist; sourceTree = "<group>"; };
		BB439B7B1FABA64300B4F50B /* SwiftEvalTests.xctest */ = {isa = PBXFileReference; explicitFileType = wrapper.cfbundle; includeInIndex = 0; path = SwiftEvalTests.xctest; sourceTree = BUILT_PRODUCTS_DIR; };
		BB439B7F1FABA64300B4F50B /* SwiftEvalTests.swift */ = {isa = PBXFileReference; lastKnownFileType = sourcecode.swift; path = SwiftEvalTests.swift; sourceTree = "<group>"; };
		BB439B811FABA64300B4F50B /* Info.plist */ = {isa = PBXFileReference; lastKnownFileType = text.plist.xml; path = Info.plist; sourceTree = "<group>"; };
		BB439B8A1FABA65D00B4F50B /* SwiftEval.swift */ = {isa = PBXFileReference; lastKnownFileType = sourcecode.swift; path = SwiftEval.swift; sourceTree = "<group>"; };
		BB439BAC1FAC030E00B4F50B /* SwiftEval.entitlements */ = {isa = PBXFileReference; lastKnownFileType = text.plist.entitlements; path = SwiftEval.entitlements; sourceTree = "<group>"; };
		BB439BB31FAC185200B4F50B /* main.m */ = {isa = PBXFileReference; lastKnownFileType = sourcecode.c.objc; path = main.m; sourceTree = "<group>"; };
		BB4EC3F7244FA3C30079E244 /* RMMacroManager.m */ = {isa = PBXFileReference; fileEncoding = 4; lastKnownFileType = sourcecode.c.objc; name = RMMacroManager.m; path = Remote/Classes/RMMacroManager.m; sourceTree = SOURCE_ROOT; };
		BB4EC3F8244FA3C30079E244 /* RMDeviceController.m */ = {isa = PBXFileReference; fileEncoding = 4; lastKnownFileType = sourcecode.c.objc; name = RMDeviceController.m; path = Remote/Classes/RMDeviceController.m; sourceTree = SOURCE_ROOT; };
		BB4EC3F9244FA3C40079E244 /* RMImageView.m */ = {isa = PBXFileReference; fileEncoding = 4; lastKnownFileType = sourcecode.c.objc; name = RMImageView.m; path = Remote/Classes/RMImageView.m; sourceTree = SOURCE_ROOT; };
		BB4EC3FA244FA3C40079E244 /* RMWindowController.m */ = {isa = PBXFileReference; fileEncoding = 4; lastKnownFileType = sourcecode.c.objc; name = RMWindowController.m; path = Remote/Classes/RMWindowController.m; sourceTree = SOURCE_ROOT; };
		BB4EC3FF244FA42A0079E244 /* RemoteCapture.h */ = {isa = PBXFileReference; fileEncoding = 4; lastKnownFileType = sourcecode.c.h; name = RemoteCapture.h; path = Remote/Classes/RemoteCapture.h; sourceTree = SOURCE_ROOT; };
		BB4EC400244FA4420079E244 /* RMWindowController.h */ = {isa = PBXFileReference; fileEncoding = 4; lastKnownFileType = sourcecode.c.h; name = RMWindowController.h; path = Remote/Classes/RMWindowController.h; sourceTree = SOURCE_ROOT; };
		BB53B647244FC2F800F006E3 /* RemoteHeaders.h */ = {isa = PBXFileReference; fileEncoding = 4; lastKnownFileType = sourcecode.c.h; name = RemoteHeaders.h; path = Remote/Classes/RemoteHeaders.h; sourceTree = SOURCE_ROOT; };
		BB56393F1FD5D535002FFCEF /* Xprobe+Service.mm */ = {isa = PBXFileReference; lastKnownFileType = sourcecode.cpp.objcpp; name = "Xprobe+Service.mm"; path = "XprobePlugin/Classes/Xprobe+Service.mm"; sourceTree = "<group>"; };
		BB5639401FD5D535002FFCEF /* Xtrace.mm */ = {isa = PBXFileReference; lastKnownFileType = sourcecode.cpp.objcpp; name = Xtrace.mm; path = XprobePlugin/Classes/Xtrace.mm; sourceTree = "<group>"; };
		BB6125D224EA882000A7C230 /* Injection.jar */ = {isa = PBXFileReference; lastKnownFileType = archive.jar; name = Injection.jar; path = AppCodePlugin/Injection.jar; sourceTree = "<group>"; };
		BB6224411FC5B0E300AD7A3A /* HelperProxy.m */ = {isa = PBXFileReference; fileEncoding = 4; lastKnownFileType = sourcecode.c.objc; path = HelperProxy.m; sourceTree = "<group>"; };
		BB6224421FC5B0E500AD7A3A /* HelperProxy.h */ = {isa = PBXFileReference; fileEncoding = 4; lastKnownFileType = sourcecode.c.h; path = HelperProxy.h; sourceTree = "<group>"; };
		BB6224431FC5B0E500AD7A3A /* HelperInstaller.h */ = {isa = PBXFileReference; fileEncoding = 4; lastKnownFileType = sourcecode.c.h; path = HelperInstaller.h; sourceTree = "<group>"; };
		BB6224441FC5B0E500AD7A3A /* HelperInstaller.m */ = {isa = PBXFileReference; fileEncoding = 4; lastKnownFileType = sourcecode.c.objc; path = HelperInstaller.m; sourceTree = "<group>"; };
		BB62244F1FC5B18700AD7A3A /* Info.plist */ = {isa = PBXFileReference; lastKnownFileType = text.plist.xml; path = Info.plist; sourceTree = "<group>"; };
		BB6224531FC5B1CB00AD7A3A /* mach_inject_bundle_stub.h */ = {isa = PBXFileReference; fileEncoding = 4; lastKnownFileType = sourcecode.c.h; path = mach_inject_bundle_stub.h; sourceTree = "<group>"; };
		BB6224541FC5B1CB00AD7A3A /* mach_inject_bundle_stub.c */ = {isa = PBXFileReference; fileEncoding = 4; lastKnownFileType = sourcecode.c.c; path = mach_inject_bundle_stub.c; sourceTree = "<group>"; };
		BB6224631FC5B3B600AD7A3A /* Info-Launchd.plist */ = {isa = PBXFileReference; fileEncoding = 4; lastKnownFileType = text.plist.xml; path = "Info-Launchd.plist"; sourceTree = "<group>"; };
		BB6224641FC5B3B700AD7A3A /* Helper.m */ = {isa = PBXFileReference; fileEncoding = 4; lastKnownFileType = sourcecode.c.objc; path = Helper.m; sourceTree = "<group>"; };
		BB6224651FC5B3B700AD7A3A /* mach_inject.c */ = {isa = PBXFileReference; fileEncoding = 4; lastKnownFileType = sourcecode.c.c; path = mach_inject.c; sourceTree = "<group>"; };
		BB6224661FC5B3B700AD7A3A /* Helper.h */ = {isa = PBXFileReference; fileEncoding = 4; lastKnownFileType = sourcecode.c.h; path = Helper.h; sourceTree = "<group>"; };
		BB6224671FC5B3B700AD7A3A /* mach_inject.h */ = {isa = PBXFileReference; fileEncoding = 4; lastKnownFileType = sourcecode.c.h; path = mach_inject.h; sourceTree = "<group>"; };
		BB6224681FC5B3B700AD7A3A /* Info.plist */ = {isa = PBXFileReference; fileEncoding = 4; lastKnownFileType = text.plist.xml; path = Info.plist; sourceTree = "<group>"; };
		BB6224691FC5B3B700AD7A3A /* main.m */ = {isa = PBXFileReference; fileEncoding = 4; lastKnownFileType = sourcecode.c.objc; path = main.m; sourceTree = "<group>"; };
		BB6306F31FCD165F0021D30C /* DDHotKeyCenter.h */ = {isa = PBXFileReference; fileEncoding = 4; lastKnownFileType = sourcecode.c.h; path = DDHotKeyCenter.h; sourceTree = "<group>"; };
		BB6306F41FCD165F0021D30C /* DDHotKeyUtilities.h */ = {isa = PBXFileReference; fileEncoding = 4; lastKnownFileType = sourcecode.c.h; path = DDHotKeyUtilities.h; sourceTree = "<group>"; };
		BB6306F51FCD16600021D30C /* DDHotKeyCenter.m */ = {isa = PBXFileReference; fileEncoding = 4; lastKnownFileType = sourcecode.c.objc; path = DDHotKeyCenter.m; sourceTree = "<group>"; };
		BB6306F61FCD16600021D30C /* DDHotKeyUtilities.m */ = {isa = PBXFileReference; fileEncoding = 4; lastKnownFileType = sourcecode.c.objc; path = DDHotKeyUtilities.m; sourceTree = "<group>"; };
		BB6306FD1FCD1A410021D30C /* Credits.rtf */ = {isa = PBXFileReference; fileEncoding = 4; lastKnownFileType = text.rtf; path = Credits.rtf; sourceTree = "<group>"; };
		BB64461F2545831200A83098 /* StringIndex.swift */ = {isa = PBXFileReference; fileEncoding = 4; lastKnownFileType = sourcecode.swift; name = StringIndex.swift; path = SwiftTrace/StringIndex.swift; sourceTree = "<group>"; };
		BB67DBB21FB0CDA8000EAC8A /* SimpleSocket.h */ = {isa = PBXFileReference; lastKnownFileType = sourcecode.c.h; path = SimpleSocket.h; sourceTree = "<group>"; };
		BB67DBB31FB0CDA8000EAC8A /* SimpleSocket.mm */ = {isa = PBXFileReference; lastKnownFileType = sourcecode.cpp.objcpp; path = SimpleSocket.mm; sourceTree = "<group>"; };
		BB67DBB51FB0D0F2000EAC8A /* SignerService.h */ = {isa = PBXFileReference; lastKnownFileType = sourcecode.c.h; path = SignerService.h; sourceTree = "<group>"; };
		BB67DBB61FB0D0F2000EAC8A /* SignerService.m */ = {isa = PBXFileReference; lastKnownFileType = sourcecode.c.objc; path = SignerService.m; sourceTree = "<group>"; };
		BB6C87C42520D0D1005AFCFC /* SwiftTrace.framework */ = {isa = PBXFileReference; explicitFileType = wrapper.framework; includeInIndex = 0; path = SwiftTrace.framework; sourceTree = BUILT_PRODUCTS_DIR; };
		BB6C87C62520D0D2005AFCFC /* SwiftTrace.h */ = {isa = PBXFileReference; lastKnownFileType = sourcecode.c.h; name = SwiftTrace.h; path = SwiftTraceGuts/include/SwiftTrace.h; sourceTree = "<group>"; };
		BB6C87C72520D0D2005AFCFC /* Info.plist */ = {isa = PBXFileReference; lastKnownFileType = text.plist.xml; name = Info.plist; path = SwiftTrace/Info.plist; sourceTree = "<group>"; };
		BB6C87E22520D150005AFCFC /* SwiftMeta.swift */ = {isa = PBXFileReference; lastKnownFileType = sourcecode.swift; name = SwiftMeta.swift; path = SwiftTrace/SwiftMeta.swift; sourceTree = "<group>"; };
		BB6C87E32520D151005AFCFC /* SwiftInvoke.swift */ = {isa = PBXFileReference; lastKnownFileType = sourcecode.swift; name = SwiftInvoke.swift; path = SwiftTrace/SwiftInvoke.swift; sourceTree = "<group>"; };
		BB6C87E42520D151005AFCFC /* SwiftSwizzle.swift */ = {isa = PBXFileReference; lastKnownFileType = sourcecode.swift; name = SwiftSwizzle.swift; path = SwiftTrace/SwiftSwizzle.swift; sourceTree = "<group>"; };
		BB6C87E52520D151005AFCFC /* SwiftArgs.swift */ = {isa = PBXFileReference; lastKnownFileType = sourcecode.swift; name = SwiftArgs.swift; path = SwiftTrace/SwiftArgs.swift; sourceTree = "<group>"; };
		BB6C87E62520D151005AFCFC /* SwiftStats.swift */ = {isa = PBXFileReference; lastKnownFileType = sourcecode.swift; name = SwiftStats.swift; path = SwiftTrace/SwiftStats.swift; sourceTree = "<group>"; };
		BB6C87E72520D151005AFCFC /* SwiftAspects.swift */ = {isa = PBXFileReference; lastKnownFileType = sourcecode.swift; name = SwiftAspects.swift; path = SwiftTrace/SwiftAspects.swift; sourceTree = "<group>"; };
		BB6C87E82520D151005AFCFC /* SwiftInterpose.swift */ = {isa = PBXFileReference; lastKnownFileType = sourcecode.swift; name = SwiftInterpose.swift; path = SwiftTrace/SwiftInterpose.swift; sourceTree = "<group>"; };
		BB6C87E92520D151005AFCFC /* SwiftStack.swift */ = {isa = PBXFileReference; lastKnownFileType = sourcecode.swift; name = SwiftStack.swift; path = SwiftTrace/SwiftStack.swift; sourceTree = "<group>"; };
		BB6C87EA2520D152005AFCFC /* SwiftTrace.swift */ = {isa = PBXFileReference; lastKnownFileType = sourcecode.swift; name = SwiftTrace.swift; path = SwiftTrace/SwiftTrace.swift; sourceTree = "<group>"; };
		BB6C87F62520D2C3005AFCFC /* SwiftTrace.mm */ = {isa = PBXFileReference; lastKnownFileType = sourcecode.cpp.objcpp; name = SwiftTrace.mm; path = SwiftTraceGuts/SwiftTrace.mm; sourceTree = "<group>"; };
		BB6C87F72520D2C3005AFCFC /* xt_forwarding_trampoline_arm64.s */ = {isa = PBXFileReference; lastKnownFileType = sourcecode.asm; name = xt_forwarding_trampoline_arm64.s; path = SwiftTraceGuts/xt_forwarding_trampoline_arm64.s; sourceTree = "<group>"; };
		BB6C87F82520D2C3005AFCFC /* xt_forwarding_trampoline_x64.s */ = {isa = PBXFileReference; lastKnownFileType = sourcecode.asm; name = xt_forwarding_trampoline_x64.s; path = SwiftTraceGuts/xt_forwarding_trampoline_x64.s; sourceTree = "<group>"; };
		BB79FC78245CC02200A4B4CB /* TimeLapseBuilder.swift */ = {isa = PBXFileReference; fileEncoding = 4; lastKnownFileType = sourcecode.swift; name = TimeLapseBuilder.swift; path = Remote/Classes/TimeLapseBuilder.swift; sourceTree = SOURCE_ROOT; };
		BB7D7CAB2512F8F00069FE2C /* UpdateCheck.swift */ = {isa = PBXFileReference; lastKnownFileType = sourcecode.swift; path = UpdateCheck.swift; sourceTree = "<group>"; };
		BBA7BE0223473D660067124D /* build_bundles.sh */ = {isa = PBXFileReference; lastKnownFileType = text.script.sh; path = build_bundles.sh; sourceTree = "<group>"; };
		BBB040631FB1798A007DDD0A /* ScriptingBridge.framework */ = {isa = PBXFileReference; lastKnownFileType = wrapper.framework; name = ScriptingBridge.framework; path = Platforms/MacOSX.platform/Developer/SDKs/MacOSX10.13.sdk/System/Library/Frameworks/ScriptingBridge.framework; sourceTree = DEVELOPER_DIR; };
		BBB148D91FAD53BE00CB6B33 /* AppDelegate.swift */ = {isa = PBXFileReference; lastKnownFileType = sourcecode.swift; path = AppDelegate.swift; sourceTree = "<group>"; };
		BBB148DB1FAD53BE00CB6B33 /* Assets.xcassets */ = {isa = PBXFileReference; lastKnownFileType = folder.assetcatalog; path = Assets.xcassets; sourceTree = "<group>"; };
		BBB148DE1FAD53BE00CB6B33 /* Base */ = {isa = PBXFileReference; lastKnownFileType = file.xib; name = Base; path = Base.lproj/MainMenu.xib; sourceTree = "<group>"; };
		BBB148E01FAD53BE00CB6B33 /* Info.plist */ = {isa = PBXFileReference; lastKnownFileType = text.plist.xml; path = Info.plist; sourceTree = "<group>"; };
		BBB148E11FAD53BE00CB6B33 /* EvalApp.entitlements */ = {isa = PBXFileReference; lastKnownFileType = text.plist.entitlements; path = EvalApp.entitlements; sourceTree = "<group>"; };
		BBB64DD11FD56F570020BE47 /* XprobePluginMenuController.m */ = {isa = PBXFileReference; lastKnownFileType = sourcecode.c.objc; name = XprobePluginMenuController.m; path = XprobePlugin/Classes/XprobePluginMenuController.m; sourceTree = SOURCE_ROOT; };
		BBB64DD21FD56F570020BE47 /* XprobeConsole.m */ = {isa = PBXFileReference; lastKnownFileType = sourcecode.c.objc; name = XprobeConsole.m; path = XprobePlugin/Classes/XprobeConsole.m; sourceTree = SOURCE_ROOT; };
		BBB64DD61FD570210020BE47 /* graph-xdot.gv */ = {isa = PBXFileReference; lastKnownFileType = text; name = "graph-xdot.gv"; path = "XprobePlugin/graph-xdot.gv"; sourceTree = SOURCE_ROOT; };
		BBB64DD71FD570210020BE47 /* CodeMirror */ = {isa = PBXFileReference; lastKnownFileType = folder; name = CodeMirror; path = XprobePlugin/CodeMirror; sourceTree = SOURCE_ROOT; };
		BBB64DD81FD570210020BE47 /* xprobe.html */ = {isa = PBXFileReference; lastKnownFileType = text.html; name = xprobe.html; path = XprobePlugin/xprobe.html; sourceTree = SOURCE_ROOT; };
		BBB64DD91FD570210020BE47 /* canviz-0.1 */ = {isa = PBXFileReference; lastKnownFileType = folder; name = "canviz-0.1"; path = "XprobePlugin/canviz-0.1"; sourceTree = SOURCE_ROOT; };
		BBB64DDA1FD570220020BE47 /* canviz.html */ = {isa = PBXFileReference; lastKnownFileType = text.html; name = canviz.html; path = XprobePlugin/canviz.html; sourceTree = SOURCE_ROOT; };
		BBB64DDB1FD570220020BE47 /* tiny_red.gif */ = {isa = PBXFileReference; lastKnownFileType = image.gif; name = tiny_red.gif; path = XprobePlugin/tiny_red.gif; sourceTree = SOURCE_ROOT; };
		BBB64DE41FD571300020BE47 /* libz.tbd */ = {isa = PBXFileReference; lastKnownFileType = "sourcecode.text-based-dylib-definition"; name = libz.tbd; path = Platforms/MacOSX.platform/Developer/SDKs/MacOSX10.13.sdk/usr/lib/libz.tbd; sourceTree = DEVELOPER_DIR; };
		BBB64FDC1FD5744A0020BE47 /* XprobeConsole.xib */ = {isa = PBXFileReference; lastKnownFileType = file.xib; name = XprobeConsole.xib; path = XprobePlugin/Classes/XprobeConsole.xib; sourceTree = SOURCE_ROOT; };
		BBB64FDD1FD5744A0020BE47 /* XprobePluginMenuController.xib */ = {isa = PBXFileReference; lastKnownFileType = file.xib; name = XprobePluginMenuController.xib; path = XprobePlugin/Classes/XprobePluginMenuController.xib; sourceTree = SOURCE_ROOT; };
		BBB64FE01FD575260020BE47 /* XprobeSwift.swift */ = {isa = PBXFileReference; lastKnownFileType = sourcecode.swift; name = XprobeSwift.swift; path = XprobePlugin/XprobeSwift/XprobeSwift/XprobeSwift.swift; sourceTree = SOURCE_ROOT; };
		BBB64FE41FD576AA0020BE47 /* XprobeSwift-Bridging-Header.h */ = {isa = PBXFileReference; fileEncoding = 4; lastKnownFileType = sourcecode.c.h; path = "XprobeSwift-Bridging-Header.h"; sourceTree = "<group>"; };
		BBB64FE51FD577EB0020BE47 /* SwiftSwizzler.swift */ = {isa = PBXFileReference; lastKnownFileType = sourcecode.swift; name = SwiftSwizzler.swift; path = XprobePlugin/XprobeSwift/XprobeSwift/SwiftSwizzler.swift; sourceTree = SOURCE_ROOT; };
		BBB64FE91FD583B60020BE47 /* Xprobe.mm */ = {isa = PBXFileReference; lastKnownFileType = sourcecode.cpp.objcpp; name = Xprobe.mm; path = XprobePlugin/Classes/Xprobe.mm; sourceTree = SOURCE_ROOT; };
		BBB64FEB1FD585D50020BE47 /* WebKit.framework */ = {isa = PBXFileReference; lastKnownFileType = wrapper.framework; name = WebKit.framework; path = Platforms/MacOSX.platform/Developer/SDKs/MacOSX10.13.sdk/System/Library/Frameworks/WebKit.framework; sourceTree = DEVELOPER_DIR; };
		BBBEC42D1FC56522004188B3 /* XCTest.framework */ = {isa = PBXFileReference; lastKnownFileType = wrapper.framework; name = XCTest.framework; path = Platforms/MacOSX.platform/Developer/Library/Frameworks/XCTest.framework; sourceTree = DEVELOPER_DIR; };
		BBCA01FE1FB0F10300E45F0F /* InjectionIII.app */ = {isa = PBXFileReference; explicitFileType = wrapper.application; includeInIndex = 0; path = InjectionIII.app; sourceTree = BUILT_PRODUCTS_DIR; };
		BBCA02011FB0F10300E45F0F /* AppDelegate.swift */ = {isa = PBXFileReference; lastKnownFileType = sourcecode.swift; path = AppDelegate.swift; sourceTree = "<group>"; };
		BBCA02031FB0F10300E45F0F /* Assets.xcassets */ = {isa = PBXFileReference; lastKnownFileType = folder.assetcatalog; path = Assets.xcassets; sourceTree = "<group>"; };
		BBCA02061FB0F10300E45F0F /* Base */ = {isa = PBXFileReference; lastKnownFileType = file.xib; name = Base; path = Base.lproj/MainMenu.xib; sourceTree = "<group>"; };
		BBCA02081FB0F10400E45F0F /* Info.plist */ = {isa = PBXFileReference; lastKnownFileType = text.plist.xml; path = Info.plist; sourceTree = "<group>"; };
		BBCA020B1FB0F10400E45F0F /* InjectionIII.entitlements */ = {isa = PBXFileReference; lastKnownFileType = text.plist.entitlements; path = InjectionIII.entitlements; sourceTree = "<group>"; };
		BBCA02451FB1065D00E45F0F /* macOSInjection.bundle */ = {isa = PBXFileReference; explicitFileType = wrapper.cfbundle; includeInIndex = 0; path = macOSInjection.bundle; sourceTree = BUILT_PRODUCTS_DIR; };
		BBCA02471FB1065D00E45F0F /* Info.plist */ = {isa = PBXFileReference; lastKnownFileType = text.plist.xml; path = Info.plist; sourceTree = "<group>"; };
		BBCA02551FB1099500E45F0F /* InjectionServer.swift */ = {isa = PBXFileReference; lastKnownFileType = sourcecode.swift; path = InjectionServer.swift; sourceTree = "<group>"; };
		BBCA02581FB112F500E45F0F /* App.icns */ = {isa = PBXFileReference; lastKnownFileType = image.icns; path = App.icns; sourceTree = "<group>"; };
		BBCA025A1FB1132700E45F0F /* Xcode.h */ = {isa = PBXFileReference; fileEncoding = 4; lastKnownFileType = sourcecode.c.h; path = Xcode.h; sourceTree = "<group>"; };
		BBCA025B1FB114FF00E45F0F /* InjectionClient.h */ = {isa = PBXFileReference; lastKnownFileType = sourcecode.c.h; path = InjectionClient.h; sourceTree = "<group>"; };
		BBCA025C1FB114FF00E45F0F /* InjectionClient.mm */ = {isa = PBXFileReference; lastKnownFileType = sourcecode.cpp.objcpp; path = InjectionClient.mm; sourceTree = "<group>"; };
		BBCA025E1FB122C300E45F0F /* InjectionIdle.tif */ = {isa = PBXFileReference; lastKnownFileType = image.tiff; path = InjectionIdle.tif; sourceTree = "<group>"; };
		BBCA025F1FB122C300E45F0F /* InjectionOK.tif */ = {isa = PBXFileReference; lastKnownFileType = image.tiff; path = InjectionOK.tif; sourceTree = "<group>"; };
		BBDF943C2349277A00334E08 /* InjectionIII-Bridging-Header.h */ = {isa = PBXFileReference; fileEncoding = 4; lastKnownFileType = sourcecode.c.h; path = "InjectionIII-Bridging-Header.h"; sourceTree = "<group>"; };
		BBE3B2E42524915A00300BF8 /* EvalApp.app */ = {isa = PBXFileReference; explicitFileType = wrapper.application; includeInIndex = 0; path = EvalApp.app; sourceTree = BUILT_PRODUCTS_DIR; };
		BBE3B2E62524915A00300BF8 /* AppDelegate.swift */ = {isa = PBXFileReference; lastKnownFileType = sourcecode.swift; path = AppDelegate.swift; sourceTree = "<group>"; };
		BBE3B2E82524916000300BF8 /* Assets.xcassets */ = {isa = PBXFileReference; lastKnownFileType = folder.assetcatalog; path = Assets.xcassets; sourceTree = "<group>"; };
		BBE3B2EB2524916000300BF8 /* Base */ = {isa = PBXFileReference; lastKnownFileType = file.xib; name = Base; path = Base.lproj/MainMenu.xib; sourceTree = "<group>"; };
		BBE3B2ED2524916000300BF8 /* Info.plist */ = {isa = PBXFileReference; lastKnownFileType = text.plist.xml; path = Info.plist; sourceTree = "<group>"; };
		BBE3B2EE2524916000300BF8 /* EvalApp.entitlements */ = {isa = PBXFileReference; lastKnownFileType = text.plist.entitlements; path = EvalApp.entitlements; sourceTree = "<group>"; };
		BBE490CE1FB2368A003D41BB /* FileWatcher.swift */ = {isa = PBXFileReference; fileEncoding = 4; lastKnownFileType = sourcecode.swift; path = FileWatcher.swift; sourceTree = "<group>"; };
		BBE490D91FB2C643003D41BB /* InjectionBusy.tif */ = {isa = PBXFileReference; lastKnownFileType = image.tiff; path = InjectionBusy.tif; sourceTree = "<group>"; };
		BBE490DA1FB2C643003D41BB /* InjectionError.tif */ = {isa = PBXFileReference; lastKnownFileType = image.tiff; path = InjectionError.tif; sourceTree = "<group>"; };
		BBEB704A1FD28C6F00127711 /* XcodeHash.h */ = {isa = PBXFileReference; fileEncoding = 4; lastKnownFileType = sourcecode.c.h; path = XcodeHash.h; sourceTree = "<group>"; };
		BBEB704B1FD28C6F00127711 /* XcodeHash.m */ = {isa = PBXFileReference; fileEncoding = 4; lastKnownFileType = sourcecode.c.objc; path = XcodeHash.m; sourceTree = "<group>"; };
		BD35949D21A6C5DE0020EB94 /* Vaccine.swift */ = {isa = PBXFileReference; lastKnownFileType = sourcecode.swift; path = Vaccine.swift; sourceTree = "<group>"; };
		BDB6A7CE21824C800001CF95 /* UserDefaults.h */ = {isa = PBXFileReference; lastKnownFileType = sourcecode.c.h; path = UserDefaults.h; sourceTree = "<group>"; };
		CEC17029253ED117002E823F /* Experimental.swift */ = {isa = PBXFileReference; lastKnownFileType = sourcecode.swift; path = Experimental.swift; sourceTree = "<group>"; };
/* End PBXFileReference section */

/* Begin PBXFrameworksBuildPhase section */
		BB1BA901251DC51900044608 /* Frameworks */ = {
			isa = PBXFrameworksBuildPhase;
			buildActionMask = 2147483647;
			files = (
			);
			runOnlyForDeploymentPostprocessing = 0;
		};
		BB439B781FABA64300B4F50B /* Frameworks */ = {
			isa = PBXFrameworksBuildPhase;
			buildActionMask = 2147483647;
			files = (
			);
			runOnlyForDeploymentPostprocessing = 0;
		};
		BB6C87C12520D0D1005AFCFC /* Frameworks */ = {
			isa = PBXFrameworksBuildPhase;
			buildActionMask = 2147483647;
			files = (
			);
			runOnlyForDeploymentPostprocessing = 0;
		};
		BBCA01FB1FB0F10300E45F0F /* Frameworks */ = {
			isa = PBXFrameworksBuildPhase;
			buildActionMask = 2147483647;
			files = (
				BBB64FEC1FD585D50020BE47 /* WebKit.framework in Frameworks */,
				BBB040641FB17A6C007DDD0A /* ScriptingBridge.framework in Frameworks */,
				CEC17035253ED472002E823F /* SwiftRegex in Frameworks */,
				BBB64DE51FD571310020BE47 /* libz.tbd in Frameworks */,
			);
			runOnlyForDeploymentPostprocessing = 0;
		};
		BBCA02421FB1065D00E45F0F /* Frameworks */ = {
			isa = PBXFrameworksBuildPhase;
			buildActionMask = 2147483647;
			files = (
				BBB64DE61FD5717C0020BE47 /* libz.tbd in Frameworks */,
			);
			runOnlyForDeploymentPostprocessing = 0;
		};
		BBE3B2E12524915A00300BF8 /* Frameworks */ = {
			isa = PBXFrameworksBuildPhase;
			buildActionMask = 2147483647;
			files = (
			);
			runOnlyForDeploymentPostprocessing = 0;
		};
/* End PBXFrameworksBuildPhase section */

/* Begin PBXGroup section */
		BB1BA905251DC51900044608 /* SwiftUISupport */ = {
			isa = PBXGroup;
			children = (
				BB1BA906251DC51900044608 /* Info.plist */,
				BB1BA90A251DC54100044608 /* SwiftUISupport.swift */,
				BB1BA918251DD0CA00044608 /* SwiftUISupport-Bridging-Header.h */,
			);
			path = SwiftUISupport;
			sourceTree = "<group>";
		};
		BB439B5C1FABA64300B4F50B = {
			isa = PBXGroup;
			children = (
				BB037DF41FAD80D0004B267C /* LICENSE */,
				BB037DF31FAD808B004B267C /* README.md */,
				BB6125D224EA882000A7C230 /* Injection.jar */,
				BBCA01FF1FB0F10300E45F0F /* InjectionIII */,
				BBCA02461FB1065D00E45F0F /* InjectionBundle */,
				BB6C87C52520D0D2005AFCFC /* SwiftTrace */,
				BB1BA905251DC51900044608 /* SwiftUISupport */,
				BB070C252512851B002FC45A /* AppCodePlugin */,
				BB6224481FC5B13D00AD7A3A /* Bootstrap */,
				BB62245D1FC5B37400AD7A3A /* Helper */,
				BB6306F21FCD16140021D30C /* DDHotKey */,
				CEFB9ADB1FD58DB00034B410 /* Xprobe */,
				BB439B671FABA64300B4F50B /* SwiftEval */,
				BB439B7E1FABA64300B4F50B /* SwiftEvalTests */,
				BB439BB21FAC185200B4F50B /* signer */,
				BBB148D81FAD53BE00CB6B33 /* EvalApp */,
				BBE3B2E52524915A00300BF8 /* EvalApp */,
				BB439B661FABA64300B4F50B /* Products */,
				BBB040621FB1798A007DDD0A /* Frameworks */,
			);
			indentWidth = 4;
			sourceTree = "<group>";
			tabWidth = 4;
		};
		BB439B661FABA64300B4F50B /* Products */ = {
			isa = PBXGroup;
			children = (
				BB439B7B1FABA64300B4F50B /* SwiftEvalTests.xctest */,
				BBCA01FE1FB0F10300E45F0F /* InjectionIII.app */,
				BBCA02451FB1065D00E45F0F /* macOSInjection.bundle */,
				BB1BA904251DC51900044608 /* SwiftUISupport.bundle */,
				BB6C87C42520D0D1005AFCFC /* SwiftTrace.framework */,
				BBE3B2E42524915A00300BF8 /* EvalApp.app */,
			);
			name = Products;
			sourceTree = "<group>";
		};
		BB439B671FABA64300B4F50B /* SwiftEval */ = {
			isa = PBXGroup;
			children = (
				BB439B681FABA64300B4F50B /* AppDelegate.swift */,
				BB439B6A1FABA64300B4F50B /* MasterViewController.swift */,
				BB439B6C1FABA64300B4F50B /* DetailViewController.swift */,
				BB439B6E1FABA64300B4F50B /* Main.storyboard */,
				BB439B711FABA64300B4F50B /* Assets.xcassets */,
				BB439B731FABA64300B4F50B /* LaunchScreen.storyboard */,
				BB439BAC1FAC030E00B4F50B /* SwiftEval.entitlements */,
				BB439B761FABA64300B4F50B /* Info.plist */,
			);
			path = SwiftEval;
			sourceTree = "<group>";
		};
		BB439B7E1FABA64300B4F50B /* SwiftEvalTests */ = {
			isa = PBXGroup;
			children = (
				BB439B7F1FABA64300B4F50B /* SwiftEvalTests.swift */,
				BB439B811FABA64300B4F50B /* Info.plist */,
			);
			path = SwiftEvalTests;
			sourceTree = "<group>";
		};
		BB439BB21FAC185200B4F50B /* signer */ = {
			isa = PBXGroup;
			children = (
				BB67DBB51FB0D0F2000EAC8A /* SignerService.h */,
				BB67DBB61FB0D0F2000EAC8A /* SignerService.m */,
				BB439BB31FAC185200B4F50B /* main.m */,
			);
			path = signer;
			sourceTree = "<group>";
		};
		BB6224481FC5B13D00AD7A3A /* Bootstrap */ = {
			isa = PBXGroup;
			children = (
				BB62244F1FC5B18700AD7A3A /* Info.plist */,
				BB6224541FC5B1CB00AD7A3A /* mach_inject_bundle_stub.c */,
				BB6224531FC5B1CB00AD7A3A /* mach_inject_bundle_stub.h */,
			);
			path = Bootstrap;
			sourceTree = "<group>";
		};
		BB62245D1FC5B37400AD7A3A /* Helper */ = {
			isa = PBXGroup;
			children = (
				BB6224661FC5B3B700AD7A3A /* Helper.h */,
				BB6224641FC5B3B700AD7A3A /* Helper.m */,
				BB6224631FC5B3B600AD7A3A /* Info-Launchd.plist */,
				BB6224681FC5B3B700AD7A3A /* Info.plist */,
				BB6224651FC5B3B700AD7A3A /* mach_inject.c */,
				BB6224671FC5B3B700AD7A3A /* mach_inject.h */,
				BB6224691FC5B3B700AD7A3A /* main.m */,
			);
			path = Helper;
			sourceTree = "<group>";
		};
		BB6306F21FCD16140021D30C /* DDHotKey */ = {
			isa = PBXGroup;
			children = (
				BB6306F31FCD165F0021D30C /* DDHotKeyCenter.h */,
				BB6306F51FCD16600021D30C /* DDHotKeyCenter.m */,
				BB6306F41FCD165F0021D30C /* DDHotKeyUtilities.h */,
				BB6306F61FCD16600021D30C /* DDHotKeyUtilities.m */,
			);
			path = DDHotKey;
			sourceTree = "<group>";
		};
		BB6C87C52520D0D2005AFCFC /* SwiftTrace */ = {
			isa = PBXGroup;
			children = (
				BB6C87F72520D2C3005AFCFC /* xt_forwarding_trampoline_arm64.s */,
				BB6C87F82520D2C3005AFCFC /* xt_forwarding_trampoline_x64.s */,
				BB6C87C62520D0D2005AFCFC /* SwiftTrace.h */,
				BB6C87F62520D2C3005AFCFC /* SwiftTrace.mm */,
				BB6C87EA2520D152005AFCFC /* SwiftTrace.swift */,
				BB6C87E42520D151005AFCFC /* SwiftSwizzle.swift */,
				BB6C87E72520D151005AFCFC /* SwiftAspects.swift */,
				BB6C87E82520D151005AFCFC /* SwiftInterpose.swift */,
				BB6C87E32520D151005AFCFC /* SwiftInvoke.swift */,
				BB6C87E92520D151005AFCFC /* SwiftStack.swift */,
				BB6C87E62520D151005AFCFC /* SwiftStats.swift */,
				BB6C87E22520D150005AFCFC /* SwiftMeta.swift */,
				BB6C87E52520D151005AFCFC /* SwiftArgs.swift */,
				BB64461F2545831200A83098 /* StringIndex.swift */,
				BB1C3245254BFAFC001EDFCC /* EasyPointer.swift */,
				BB1EBC4C258DE29D001F2AA4 /* fishhook.c */,
				BB1EBC4E258DE2AC001F2AA4 /* fishhook.h */,
				BB6C87C72520D0D2005AFCFC /* Info.plist */,
			);
			path = SwiftTrace;
			sourceTree = "<group>";
		};
		BBB040621FB1798A007DDD0A /* Frameworks */ = {
			isa = PBXGroup;
			children = (
				BBB64FEB1FD585D50020BE47 /* WebKit.framework */,
				BBB64DE41FD571300020BE47 /* libz.tbd */,
				BBBEC42D1FC56522004188B3 /* XCTest.framework */,
				BBB040631FB1798A007DDD0A /* ScriptingBridge.framework */,
			);
			name = Frameworks;
			sourceTree = "<group>";
		};
		BBB148D81FAD53BE00CB6B33 /* EvalApp */ = {
			isa = PBXGroup;
			children = (
				BBB148D91FAD53BE00CB6B33 /* AppDelegate.swift */,
				BBB148DB1FAD53BE00CB6B33 /* Assets.xcassets */,
				BBB148DD1FAD53BE00CB6B33 /* MainMenu.xib */,
				BBB148E01FAD53BE00CB6B33 /* Info.plist */,
				BBB148E11FAD53BE00CB6B33 /* EvalApp.entitlements */,
			);
			path = EvalApp;
			sourceTree = "<group>";
		};
		BBCA01FF1FB0F10300E45F0F /* InjectionIII */ = {
			isa = PBXGroup;
			children = (
				BB6306FD1FCD1A410021D30C /* Credits.rtf */,
				BBCA02011FB0F10300E45F0F /* AppDelegate.swift */,
				BB7D7CAB2512F8F00069FE2C /* UpdateCheck.swift */,
				BBCA02551FB1099500E45F0F /* InjectionServer.swift */,
				CEC17029253ED117002E823F /* Experimental.swift */,
				BBE490CE1FB2368A003D41BB /* FileWatcher.swift */,
				BBCA025A1FB1132700E45F0F /* Xcode.h */,
				BBEB704A1FD28C6F00127711 /* XcodeHash.h */,
				BBEB704B1FD28C6F00127711 /* XcodeHash.m */,
				BB67DBB21FB0CDA8000EAC8A /* SimpleSocket.h */,
				BB67DBB31FB0CDA8000EAC8A /* SimpleSocket.mm */,
				BB6224431FC5B0E500AD7A3A /* HelperInstaller.h */,
				BB6224441FC5B0E500AD7A3A /* HelperInstaller.m */,
				BB6224421FC5B0E500AD7A3A /* HelperProxy.h */,
				BB6224411FC5B0E300AD7A3A /* HelperProxy.m */,
				BDB6A7CE21824C800001CF95 /* UserDefaults.h */,
				BBCA02031FB0F10300E45F0F /* Assets.xcassets */,
				BBCA025E1FB122C300E45F0F /* InjectionIdle.tif */,
				BBCA025F1FB122C300E45F0F /* InjectionOK.tif */,
				BBE490D91FB2C643003D41BB /* InjectionBusy.tif */,
				BBE490DA1FB2C643003D41BB /* InjectionError.tif */,
				BBCA02051FB0F10300E45F0F /* MainMenu.xib */,
				BBCA02081FB0F10400E45F0F /* Info.plist */,
				BBCA02581FB112F500E45F0F /* App.icns */,
				BBCA020B1FB0F10400E45F0F /* InjectionIII.entitlements */,
				BBA7BE0223473D660067124D /* build_bundles.sh */,
				BBDF943C2349277A00334E08 /* InjectionIII-Bridging-Header.h */,
				BB4EC3FF244FA42A0079E244 /* RemoteCapture.h */,
				BB53B647244FC2F800F006E3 /* RemoteHeaders.h */,
				BB4EC400244FA4420079E244 /* RMWindowController.h */,
				BB4EC3FA244FA3C40079E244 /* RMWindowController.m */,
				BB34C3FC244FAAB400D520A9 /* RMWindowController.xib */,
				BB4EC3F8244FA3C30079E244 /* RMDeviceController.m */,
				BB4EC3F7244FA3C30079E244 /* RMMacroManager.m */,
				BB4EC3F9244FA3C40079E244 /* RMImageView.m */,
				BB79FC78245CC02200A4B4CB /* TimeLapseBuilder.swift */,
				BB34C400244FAE2F00D520A9 /* iphone.png */,
				BB34C3FE244FAD3C00D520A9 /* log.html */,
			);
			path = InjectionIII;
			sourceTree = "<group>";
		};
		BBCA02461FB1065D00E45F0F /* InjectionBundle */ = {
			isa = PBXGroup;
			children = (
				BBCA02471FB1065D00E45F0F /* Info.plist */,
				BBCA025B1FB114FF00E45F0F /* InjectionClient.h */,
				BBCA025C1FB114FF00E45F0F /* InjectionClient.mm */,
				BB439B8A1FABA65D00B4F50B /* SwiftEval.swift */,
				BB109FAF1FAECD92008C5218 /* SwiftInjection.swift */,
				BBB64FE41FD576AA0020BE47 /* XprobeSwift-Bridging-Header.h */,
				BD35949D21A6C5DE0020EB94 /* Vaccine.swift */,
			);
			path = InjectionBundle;
			sourceTree = "<group>";
		};
		BBE3B2E52524915A00300BF8 /* EvalApp */ = {
			isa = PBXGroup;
			children = (
				BBE3B2E62524915A00300BF8 /* AppDelegate.swift */,
				BBE3B2E82524916000300BF8 /* Assets.xcassets */,
				BBE3B2EA2524916000300BF8 /* MainMenu.xib */,
				BBE3B2ED2524916000300BF8 /* Info.plist */,
				BBE3B2EE2524916000300BF8 /* EvalApp.entitlements */,
			);
			path = EvalApp;
			sourceTree = "<group>";
		};
		CEFB9ADB1FD58DB00034B410 /* Xprobe */ = {
			isa = PBXGroup;
			children = (
				BB1DEA9A1FD6A74800AF509F /* Xtrace.h */,
				BB5639401FD5D535002FFCEF /* Xtrace.mm */,
				BB1DEA9C1FD6A74900AF509F /* Xprobe.h */,
				BBB64FE91FD583B60020BE47 /* Xprobe.mm */,
				BB1DEA9B1FD6A74900AF509F /* IvarAccess.h */,
				BB56393F1FD5D535002FFCEF /* Xprobe+Service.mm */,
				BBB64FE01FD575260020BE47 /* XprobeSwift.swift */,
				BBB64FE51FD577EB0020BE47 /* SwiftSwizzler.swift */,
				BBB64DD91FD570210020BE47 /* canviz-0.1 */,
				BBB64DDA1FD570220020BE47 /* canviz.html */,
				BBB64DD71FD570210020BE47 /* CodeMirror */,
				BBB64DD61FD570210020BE47 /* graph-xdot.gv */,
				BBB64DDB1FD570220020BE47 /* tiny_red.gif */,
				BBB64DD81FD570210020BE47 /* xprobe.html */,
				BB1DEA9D1FD6A74900AF509F /* XprobeConsole.h */,
				BBB64DD21FD56F570020BE47 /* XprobeConsole.m */,
				BBB64FDC1FD5744A0020BE47 /* XprobeConsole.xib */,
				BB1DEA9E1FD6A74900AF509F /* XprobePluginMenuController.h */,
				BBB64DD11FD56F570020BE47 /* XprobePluginMenuController.m */,
				BBB64FDD1FD5744A0020BE47 /* XprobePluginMenuController.xib */,
			);
			name = Xprobe;
			sourceTree = "<group>";
		};
/* End PBXGroup section */

/* Begin PBXHeadersBuildPhase section */
		BB6C87BF2520D0D1005AFCFC /* Headers */ = {
			isa = PBXHeadersBuildPhase;
			buildActionMask = 2147483647;
			files = (
				BB6C87D62520D0D2005AFCFC /* SwiftTrace.h in Headers */,
				BB1EBC4F258DE2AD001F2AA4 /* fishhook.h in Headers */,
			);
			runOnlyForDeploymentPostprocessing = 0;
		};
/* End PBXHeadersBuildPhase section */

/* Begin PBXNativeTarget section */
		BB1BA903251DC51900044608 /* SwiftUISupport */ = {
			isa = PBXNativeTarget;
			buildConfigurationList = BB1BA909251DC51D00044608 /* Build configuration list for PBXNativeTarget "SwiftUISupport" */;
			buildPhases = (
				BB1BA900251DC51900044608 /* Sources */,
				BB1BA901251DC51900044608 /* Frameworks */,
				BB1BA902251DC51900044608 /* Resources */,
			);
			buildRules = (
			);
			dependencies = (
			);
			name = SwiftUISupport;
			productName = SwiftUISupport;
			productReference = BB1BA904251DC51900044608 /* SwiftUISupport.bundle */;
			productType = "com.apple.product-type.bundle";
		};
		BB439B7A1FABA64300B4F50B /* SwiftEvalTests */ = {
			isa = PBXNativeTarget;
			buildConfigurationList = BB439B871FABA64300B4F50B /* Build configuration list for PBXNativeTarget "SwiftEvalTests" */;
			buildPhases = (
				BB439B771FABA64300B4F50B /* Sources */,
				BB439B781FABA64300B4F50B /* Frameworks */,
				BB439B791FABA64300B4F50B /* Resources */,
			);
			buildRules = (
			);
			dependencies = (
			);
			name = SwiftEvalTests;
			productName = SwiftEvalTests;
			productReference = BB439B7B1FABA64300B4F50B /* SwiftEvalTests.xctest */;
			productType = "com.apple.product-type.bundle.unit-test";
		};
		BB6C87C32520D0D1005AFCFC /* SwiftTrace */ = {
			isa = PBXNativeTarget;
			buildConfigurationList = BB6C87E02520D0D8005AFCFC /* Build configuration list for PBXNativeTarget "SwiftTrace" */;
			buildPhases = (
				BB6C87BF2520D0D1005AFCFC /* Headers */,
				BB6C87C02520D0D1005AFCFC /* Sources */,
				BB6C87C12520D0D1005AFCFC /* Frameworks */,
				BB6C87C22520D0D1005AFCFC /* Resources */,
			);
			buildRules = (
			);
			dependencies = (
			);
			name = SwiftTrace;
			productName = SwiftTrace;
			productReference = BB6C87C42520D0D1005AFCFC /* SwiftTrace.framework */;
			productType = "com.apple.product-type.framework";
		};
		BBCA01FD1FB0F10300E45F0F /* InjectionIII */ = {
			isa = PBXNativeTarget;
			buildConfigurationList = BBCA020C1FB0F10400E45F0F /* Build configuration list for PBXNativeTarget "InjectionIII" */;
			buildPhases = (
				BB6306FF1FCD1DAA0021D30C /* ShellScript */,
				BBCA01FA1FB0F10300E45F0F /* Sources */,
				BBCA01FB1FB0F10300E45F0F /* Frameworks */,
				BBCA01FC1FB0F10300E45F0F /* Resources */,
				BB6224721FC5BA6F00AD7A3A /* CopyFiles */,
				BBCA02321FB0F86E00E45F0F /* ShellScript */,
				BB6C87DB2520D0D3005AFCFC /* Embed Frameworks */,
			);
			buildRules = (
			);
			dependencies = (
				BB1A8406252266D4003873C3 /* PBXTargetDependency */,
			);
			name = InjectionIII;
			packageProductDependencies = (
				CEC17034253ED472002E823F /* SwiftRegex */,
			);
			productName = InjectionIII;
			productReference = BBCA01FE1FB0F10300E45F0F /* InjectionIII.app */;
			productType = "com.apple.product-type.application";
		};
		BBCA02441FB1065D00E45F0F /* InjectionBundle */ = {
			isa = PBXNativeTarget;
			buildConfigurationList = BBCA02481FB1065D00E45F0F /* Build configuration list for PBXNativeTarget "InjectionBundle" */;
			buildPhases = (
				BB1A840425226642003873C3 /* ShellScript */,
				BBCA02411FB1065D00E45F0F /* Sources */,
				BBCA02421FB1065D00E45F0F /* Frameworks */,
				BBCA02431FB1065D00E45F0F /* Resources */,
				BB6C88222520D799005AFCFC /* Embed Frameworks */,
			);
			buildRules = (
			);
			dependencies = (
			);
			name = InjectionBundle;
			productName = InjectionBundle;
			productReference = BBCA02451FB1065D00E45F0F /* macOSInjection.bundle */;
			productType = "com.apple.product-type.bundle";
		};
		BBE3B2E32524915A00300BF8 /* EvalApp */ = {
			isa = PBXNativeTarget;
			buildConfigurationList = BBE3B2F12524916400300BF8 /* Build configuration list for PBXNativeTarget "EvalApp" */;
			buildPhases = (
				BBE3B2E02524915A00300BF8 /* Sources */,
				BBE3B2E12524915A00300BF8 /* Frameworks */,
				BBE3B2E22524915A00300BF8 /* Resources */,
			);
			buildRules = (
			);
			dependencies = (
			);
			name = EvalApp;
			productName = EvalApp;
			productReference = BBE3B2E42524915A00300BF8 /* EvalApp.app */;
			productType = "com.apple.product-type.application";
		};
/* End PBXNativeTarget section */

/* Begin PBXProject section */
		BB439B5D1FABA64300B4F50B /* Project object */ = {
			isa = PBXProject;
			attributes = {
				LastSwiftUpdateCheck = 1150;
				LastUpgradeCheck = 0910;
				ORGANIZATIONNAME = "John Holdsworth";
				TargetAttributes = {
					BB1BA903251DC51900044608 = {
						CreatedOnToolsVersion = 11.5;
						LastSwiftMigration = 1150;
						ProvisioningStyle = Manual;
					};
					BB439B7A1FABA64300B4F50B = {
						CreatedOnToolsVersion = 9.1;
						ProvisioningStyle = Manual;
					};
					BB6C87C32520D0D1005AFCFC = {
						CreatedOnToolsVersion = 11.5;
						ProvisioningStyle = Manual;
					};
					BBCA01FD1FB0F10300E45F0F = {
						CreatedOnToolsVersion = 9.0.1;
						LastSwiftMigration = 1110;
						ProvisioningStyle = Manual;
						SystemCapabilities = {
							com.apple.Sandbox = {
								enabled = 1;
							};
						};
					};
					BBCA02441FB1065D00E45F0F = {
						CreatedOnToolsVersion = 9.0.1;
						LastSwiftMigration = 1110;
						ProvisioningStyle = Manual;
					};
					BBE3B2E32524915A00300BF8 = {
						CreatedOnToolsVersion = 11.5;
						ProvisioningStyle = Manual;
					};
				};
			};
			buildConfigurationList = BB439B601FABA64300B4F50B /* Build configuration list for PBXProject "InjectionIII" */;
			compatibilityVersion = "Xcode 8.0";
			developmentRegion = en;
			hasScannedForEncodings = 0;
			knownRegions = (
				en,
				Base,
			);
			mainGroup = BB439B5C1FABA64300B4F50B;
			packageReferences = (
				CEC17033253ED472002E823F /* XCRemoteSwiftPackageReference "SwiftRegex5" */,
			);
			productRefGroup = BB439B661FABA64300B4F50B /* Products */;
			projectDirPath = "";
			projectRoot = "";
			targets = (
				BBCA01FD1FB0F10300E45F0F /* InjectionIII */,
				BB6C87C32520D0D1005AFCFC /* SwiftTrace */,
				BBCA02441FB1065D00E45F0F /* InjectionBundle */,
				BB1BA903251DC51900044608 /* SwiftUISupport */,
				BB439B7A1FABA64300B4F50B /* SwiftEvalTests */,
				BBE3B2E32524915A00300BF8 /* EvalApp */,
			);
		};
/* End PBXProject section */

/* Begin PBXResourcesBuildPhase section */
		BB1BA902251DC51900044608 /* Resources */ = {
			isa = PBXResourcesBuildPhase;
			buildActionMask = 2147483647;
			files = (
			);
			runOnlyForDeploymentPostprocessing = 0;
		};
		BB439B791FABA64300B4F50B /* Resources */ = {
			isa = PBXResourcesBuildPhase;
			buildActionMask = 2147483647;
			files = (
			);
			runOnlyForDeploymentPostprocessing = 0;
		};
		BB6C87C22520D0D1005AFCFC /* Resources */ = {
			isa = PBXResourcesBuildPhase;
			buildActionMask = 2147483647;
			files = (
			);
			runOnlyForDeploymentPostprocessing = 0;
		};
		BBCA01FC1FB0F10300E45F0F /* Resources */ = {
			isa = PBXResourcesBuildPhase;
			buildActionMask = 2147483647;
			files = (
				BB1EBC50258EA273001F2AA4 /* fishhook.h in Resources */,
				BB1A840A25227535003873C3 /* SwiftTrace.h in Resources */,
				BB1A84072522703C003873C3 /* macOSInjection.bundle in Resources */,
				BB53B648244FC32C00F006E3 /* RemoteHeaders.h in Resources */,
				BB53B642244FC08F00F006E3 /* RemoteCapture.h in Resources */,
				BBB64FDE1FD5744A0020BE47 /* XprobeConsole.xib in Resources */,
				BBB64FDF1FD5744A0020BE47 /* XprobePluginMenuController.xib in Resources */,
				BBB64DDC1FD570220020BE47 /* graph-xdot.gv in Resources */,
				BBB64DDD1FD570220020BE47 /* CodeMirror in Resources */,
				BBB64DDE1FD570220020BE47 /* xprobe.html in Resources */,
				BBB64DDF1FD570220020BE47 /* canviz-0.1 in Resources */,
				BBB64DE01FD570220020BE47 /* canviz.html in Resources */,
				BBB64DE11FD570220020BE47 /* tiny_red.gif in Resources */,
				BBB64DC61FD450B40020BE47 /* LICENSE in Resources */,
				BBB64DC51FD450AF0020BE47 /* README.md in Resources */,
				BBE490DC1FB2C643003D41BB /* InjectionError.tif in Resources */,
				BBCA02591FB112F500E45F0F /* App.icns in Resources */,
				BBCA02601FB122C300E45F0F /* InjectionIdle.tif in Resources */,
				BB6306FE1FCD1A410021D30C /* Credits.rtf in Resources */,
				BBCA02611FB122C300E45F0F /* InjectionOK.tif in Resources */,
				BBCA02041FB0F10300E45F0F /* Assets.xcassets in Resources */,
				BB34C3FF244FAD3C00D520A9 /* log.html in Resources */,
				BBCA02071FB0F10300E45F0F /* MainMenu.xib in Resources */,
				BB34C3FD244FAAB400D520A9 /* RMWindowController.xib in Resources */,
				BB34C401244FAE3000D520A9 /* iphone.png in Resources */,
				BBE490DB1FB2C643003D41BB /* InjectionBusy.tif in Resources */,
			);
			runOnlyForDeploymentPostprocessing = 0;
		};
		BBCA02431FB1065D00E45F0F /* Resources */ = {
			isa = PBXResourcesBuildPhase;
			buildActionMask = 2147483647;
			files = (
			);
			runOnlyForDeploymentPostprocessing = 0;
		};
		BBE3B2E22524915A00300BF8 /* Resources */ = {
			isa = PBXResourcesBuildPhase;
			buildActionMask = 2147483647;
			files = (
				BBE3B2F32524965400300BF8 /* App.icns in Resources */,
				BBE3B2E92524916000300BF8 /* Assets.xcassets in Resources */,
				BBE3B2EC2524916000300BF8 /* MainMenu.xib in Resources */,
			);
			runOnlyForDeploymentPostprocessing = 0;
		};
/* End PBXResourcesBuildPhase section */

/* Begin PBXShellScriptBuildPhase section */
		BB1A840425226642003873C3 /* ShellScript */ = {
			isa = PBXShellScriptBuildPhase;
			buildActionMask = 2147483647;
			files = (
			);
			inputFileListPaths = (
			);
			inputPaths = (
			);
			outputFileListPaths = (
			);
			outputPaths = (
			);
			runOnlyForDeploymentPostprocessing = 0;
			shellPath = /bin/sh;
			shellScript = "if [ \"$PRODUCT_NAME\" = \"macOSInjection\" ]; then\n    perl -e 'print \"#define INJECTION_SALT @{[1_000_000 + int(rand() * ((1 << 31)) - 1_000_000)]}\\n\"' >/tmp/InjectionSalt.h\nfi\n";
			showEnvVarsInLog = 0;
		};
		BB6306FF1FCD1DAA0021D30C /* ShellScript */ = {
			isa = PBXShellScriptBuildPhase;
			buildActionMask = 2147483647;
			files = (
			);
			inputPaths = (
			);
			outputPaths = (
			);
			runOnlyForDeploymentPostprocessing = 0;
			shellPath = /bin/sh;
			shellScript = "buildNumber=$(/usr/libexec/PlistBuddy -c \"Print CFBundleVersion\" \"${PROJECT_DIR}/${INFOPLIST_FILE}\")\nbuildNumber=$(($buildNumber + 1))\nchmod +w \"${PROJECT_DIR}/${INFOPLIST_FILE}\"\n/usr/libexec/PlistBuddy -c \"Set :CFBundleVersion $buildNumber\" \"${PROJECT_DIR}/${INFOPLIST_FILE}\"\n";
			showEnvVarsInLog = 0;
		};
		BBCA02321FB0F86E00E45F0F /* ShellScript */ = {
			isa = PBXShellScriptBuildPhase;
			buildActionMask = 2147483647;
			files = (
			);
			inputPaths = (
			);
			outputPaths = (
			);
			runOnlyForDeploymentPostprocessing = 0;
			shellPath = "/bin/sh -x";
			shellScript = "InjectionIII/build_bundles.sh\n";
			showEnvVarsInLog = 0;
		};
/* End PBXShellScriptBuildPhase section */

/* Begin PBXSourcesBuildPhase section */
		BB1BA900251DC51900044608 /* Sources */ = {
			isa = PBXSourcesBuildPhase;
			buildActionMask = 2147483647;
			files = (
				BB1BA90B251DC54100044608 /* SwiftUISupport.swift in Sources */,
			);
			runOnlyForDeploymentPostprocessing = 0;
		};
		BB439B771FABA64300B4F50B /* Sources */ = {
			isa = PBXSourcesBuildPhase;
			buildActionMask = 2147483647;
			files = (
				BBE64E5D2524D1B50049B6D4 /* SwiftEval.swift in Sources */,
				BB439B801FABA64300B4F50B /* SwiftEvalTests.swift in Sources */,
			);
			runOnlyForDeploymentPostprocessing = 0;
		};
		BB6C87C02520D0D1005AFCFC /* Sources */ = {
			isa = PBXSourcesBuildPhase;
			buildActionMask = 2147483647;
			files = (
				BB6C87F92520D2C3005AFCFC /* SwiftTrace.mm in Sources */,
				BB1EBC4D258DE2A0001F2AA4 /* fishhook.c in Sources */,
				BB6C87FA2520D2C3005AFCFC /* xt_forwarding_trampoline_arm64.s in Sources */,
				BB6C87FB2520D2C3005AFCFC /* xt_forwarding_trampoline_x64.s in Sources */,
				BB6C87EB2520D152005AFCFC /* SwiftMeta.swift in Sources */,
				BB6C87EC2520D152005AFCFC /* SwiftInvoke.swift in Sources */,
				BB6C87ED2520D152005AFCFC /* SwiftSwizzle.swift in Sources */,
				BB6C87EE2520D152005AFCFC /* SwiftArgs.swift in Sources */,
				BB1C3246254BFAFD001EDFCC /* EasyPointer.swift in Sources */,
				BB6446202545831400A83098 /* StringIndex.swift in Sources */,
				BB6C87EF2520D152005AFCFC /* SwiftStats.swift in Sources */,
				BB6C87F02520D152005AFCFC /* SwiftAspects.swift in Sources */,
				BB6C87F12520D152005AFCFC /* SwiftInterpose.swift in Sources */,
				BB6C87F22520D152005AFCFC /* SwiftStack.swift in Sources */,
				BB6C87F32520D152005AFCFC /* SwiftTrace.swift in Sources */,
			);
			runOnlyForDeploymentPostprocessing = 0;
		};
		BBCA01FA1FB0F10300E45F0F /* Sources */ = {
			isa = PBXSourcesBuildPhase;
			buildActionMask = 2147483647;
			files = (
				BB877CE42186EB6E0070EEC7 /* DDHotKeyCenter.m in Sources */,
				BB877CE52186EB6E0070EEC7 /* DDHotKeyUtilities.m in Sources */,
				BB4EC3FD244FA3C40079E244 /* RMImageView.m in Sources */,
				BBB64FEA1FD583B60020BE47 /* Xprobe.mm in Sources */,
				BBB64DD31FD56F570020BE47 /* XprobePluginMenuController.m in Sources */,
				BBB64DD41FD56F570020BE47 /* XprobeConsole.m in Sources */,
				BBCA022A1FB0F64800E45F0F /* SimpleSocket.mm in Sources */,
				BB79FC79245CC02200A4B4CB /* TimeLapseBuilder.swift in Sources */,
				CEC1702A253ED117002E823F /* Experimental.swift in Sources */,
				BB56393C1FD5C25A002FFCEF /* SignerService.m in Sources */,
				BBEB704C1FD28C6F00127711 /* XcodeHash.m in Sources */,
				BBCA02021FB0F10300E45F0F /* AppDelegate.swift in Sources */,
				BB7D7CAC2512F8F00069FE2C /* UpdateCheck.swift in Sources */,
				BB4EC3FE244FA3C40079E244 /* RMWindowController.m in Sources */,
				BBE490D01FB2368A003D41BB /* FileWatcher.swift in Sources */,
				BB4EC3FC244FA3C40079E244 /* RMDeviceController.m in Sources */,
				BBCA02561FB1099500E45F0F /* InjectionServer.swift in Sources */,
				BB4EC3FB244FA3C40079E244 /* RMMacroManager.m in Sources */,
				BBBFD2D01FCFEE300057D899 /* SwiftEval.swift in Sources */,
			);
			runOnlyForDeploymentPostprocessing = 0;
		};
		BBCA02411FB1065D00E45F0F /* Sources */ = {
			isa = PBXSourcesBuildPhase;
			buildActionMask = 2147483647;
			files = (
				BBCA02501FB107AF00E45F0F /* SwiftEval.swift in Sources */,
				BD35949E21A6C5DE0020EB94 /* Vaccine.swift in Sources */,
				BBCA02511FB107AF00E45F0F /* SwiftInjection.swift in Sources */,
				BBB64FE11FD575260020BE47 /* XprobeSwift.swift in Sources */,
				BBB64FE61FD577EB0020BE47 /* SwiftSwizzler.swift in Sources */,
				BBCA02621FB1312A00E45F0F /* SimpleSocket.mm in Sources */,
				BBCA025D1FB114FF00E45F0F /* InjectionClient.mm in Sources */,
			);
			runOnlyForDeploymentPostprocessing = 0;
		};
		BBE3B2E02524915A00300BF8 /* Sources */ = {
			isa = PBXSourcesBuildPhase;
			buildActionMask = 2147483647;
			files = (
				BBE3B2F2252491BC00300BF8 /* SwiftEval.swift in Sources */,
				BBE3B2E72524915A00300BF8 /* AppDelegate.swift in Sources */,
			);
			runOnlyForDeploymentPostprocessing = 0;
		};
/* End PBXSourcesBuildPhase section */

/* Begin PBXTargetDependency section */
		BB1A8406252266D4003873C3 /* PBXTargetDependency */ = {
			isa = PBXTargetDependency;
			target = BBCA02441FB1065D00E45F0F /* InjectionBundle */;
			targetProxy = BB1A8405252266D4003873C3 /* PBXContainerItemProxy */;
		};
/* End PBXTargetDependency section */

/* Begin PBXVariantGroup section */
		BB439B6E1FABA64300B4F50B /* Main.storyboard */ = {
			isa = PBXVariantGroup;
			children = (
				BB439B6F1FABA64300B4F50B /* Base */,
			);
			name = Main.storyboard;
			sourceTree = "<group>";
		};
		BB439B731FABA64300B4F50B /* LaunchScreen.storyboard */ = {
			isa = PBXVariantGroup;
			children = (
				BB439B741FABA64300B4F50B /* Base */,
			);
			name = LaunchScreen.storyboard;
			sourceTree = "<group>";
		};
		BBB148DD1FAD53BE00CB6B33 /* MainMenu.xib */ = {
			isa = PBXVariantGroup;
			children = (
				BBB148DE1FAD53BE00CB6B33 /* Base */,
			);
			name = MainMenu.xib;
			sourceTree = "<group>";
		};
		BBCA02051FB0F10300E45F0F /* MainMenu.xib */ = {
			isa = PBXVariantGroup;
			children = (
				BBCA02061FB0F10300E45F0F /* Base */,
			);
			name = MainMenu.xib;
			sourceTree = "<group>";
		};
		BBE3B2EA2524916000300BF8 /* MainMenu.xib */ = {
			isa = PBXVariantGroup;
			children = (
				BBE3B2EB2524916000300BF8 /* Base */,
			);
			name = MainMenu.xib;
			sourceTree = "<group>";
		};
/* End PBXVariantGroup section */

/* Begin XCBuildConfiguration section */
		BB1BA907251DC51A00044608 /* Debug */ = {
			isa = XCBuildConfiguration;
			buildSettings = {
				CLANG_ENABLE_MODULES = YES;
				CLANG_ENABLE_OBJC_WEAK = YES;
				CLANG_WARN_DEPRECATED_OBJC_IMPLEMENTATIONS = YES;
				CLANG_WARN_OBJC_IMPLICIT_RETAIN_SELF = YES;
				CODE_SIGN_IDENTITY = "Developer ID Application";
				CODE_SIGN_STYLE = Manual;
				COMBINE_HIDPI_IMAGES = YES;
				DEVELOPMENT_TEAM = 9V5A8WE85E;
				ENABLE_BITCODE = NO;
				ENABLE_HARDENED_RUNTIME = YES;
				FRAMEWORK_SEARCH_PATHS = (
					$PLATFORM_DIR/Developer/Library/Frameworks,
					$SYMROOT/macOSInjection.bundle/MacOS/Frameworks,
				);
				GCC_PREPROCESSOR_DEFINITIONS = (
					"$(inherited)",
					SWIFTUISUPPORT,
				);
				INFOPLIST_FILE = SwiftUISupport/Info.plist;
				INSTALL_PATH = "$(LOCAL_LIBRARY_DIR)/Bundles";
				IPHONEOS_DEPLOYMENT_TARGET = 13.0;
				LD_RUNPATH_SEARCH_PATHS = (
					"$(inherited)",
					"@executable_path/../Frameworks",
					"@loader_path/../../macOSInjection.bundle/Contents/Frameworks",
				);
				MACOSX_DEPLOYMENT_TARGET = 10.15;
				MTL_ENABLE_DEBUG_INFO = INCLUDE_SOURCE;
				MTL_FAST_MATH = YES;
				PRODUCT_BUNDLE_IDENTIFIER = com.johnholdsworth.SwiftUISupport;
				PRODUCT_NAME = "$(PLATFORM_FAMILY_NAME)SwiftUISupport";
				SDKROOT = macosx;
				SKIP_INSTALL = YES;
				SWIFT_OBJC_BRIDGING_HEADER = "SwiftUISupport/SwiftUISupport-Bridging-Header.h";
				SWIFT_OPTIMIZATION_LEVEL = "-Onone";
				TVOS_DEPLOYMENT_TARGET = 13.0;
				WRAPPER_EXTENSION = bundle;
			};
			name = Debug;
		};
		BB1BA908251DC51A00044608 /* Release */ = {
			isa = XCBuildConfiguration;
			buildSettings = {
				CLANG_ENABLE_MODULES = YES;
				CLANG_ENABLE_OBJC_WEAK = YES;
				CLANG_WARN_DEPRECATED_OBJC_IMPLEMENTATIONS = YES;
				CLANG_WARN_OBJC_IMPLICIT_RETAIN_SELF = YES;
				CODE_SIGN_IDENTITY = "Developer ID Application";
				CODE_SIGN_STYLE = Manual;
				COMBINE_HIDPI_IMAGES = YES;
				DEVELOPMENT_TEAM = 9V5A8WE85E;
				ENABLE_BITCODE = NO;
				ENABLE_HARDENED_RUNTIME = YES;
				FRAMEWORK_SEARCH_PATHS = (
					$PLATFORM_DIR/Developer/Library/Frameworks,
					$SYMROOT/macOSInjection.bundle/MacOS/Frameworks,
				);
				GCC_PREPROCESSOR_DEFINITIONS = (
					"$(inherited)",
					SWIFTUISUPPORT,
				);
				INFOPLIST_FILE = SwiftUISupport/Info.plist;
				INSTALL_PATH = "$(LOCAL_LIBRARY_DIR)/Bundles";
				IPHONEOS_DEPLOYMENT_TARGET = 13.0;
				LD_RUNPATH_SEARCH_PATHS = (
					"$(inherited)",
					"@executable_path/../Frameworks",
					"@loader_path/../../macOSInjection.bundle/Contents/Frameworks",
				);
				MACOSX_DEPLOYMENT_TARGET = 10.15;
				MTL_FAST_MATH = YES;
				PRODUCT_BUNDLE_IDENTIFIER = com.johnholdsworth.SwiftUISupport;
				PRODUCT_NAME = "$(PLATFORM_FAMILY_NAME)SwiftUISupport";
				SDKROOT = macosx;
				SKIP_INSTALL = YES;
				SWIFT_OBJC_BRIDGING_HEADER = "SwiftUISupport/SwiftUISupport-Bridging-Header.h";
				TVOS_DEPLOYMENT_TARGET = 13.0;
				WRAPPER_EXTENSION = bundle;
			};
			name = Release;
		};
		BB439B821FABA64300B4F50B /* Debug */ = {
			isa = XCBuildConfiguration;
			buildSettings = {
				ALWAYS_SEARCH_USER_PATHS = NO;
				CLANG_ANALYZER_NONNULL = YES;
				CLANG_ANALYZER_NUMBER_OBJECT_CONVERSION = YES_AGGRESSIVE;
				CLANG_CXX_LANGUAGE_STANDARD = "gnu++14";
				CLANG_CXX_LIBRARY = "libc++";
				CLANG_ENABLE_MODULES = YES;
				CLANG_ENABLE_OBJC_ARC = YES;
				CLANG_WARN_BLOCK_CAPTURE_AUTORELEASING = YES;
				CLANG_WARN_BOOL_CONVERSION = YES;
				CLANG_WARN_COMMA = YES;
				CLANG_WARN_CONSTANT_CONVERSION = YES;
				CLANG_WARN_DIRECT_OBJC_ISA_USAGE = YES_ERROR;
				CLANG_WARN_DOCUMENTATION_COMMENTS = YES;
				CLANG_WARN_EMPTY_BODY = YES;
				CLANG_WARN_ENUM_CONVERSION = YES;
				CLANG_WARN_INFINITE_RECURSION = YES;
				CLANG_WARN_INT_CONVERSION = YES;
				CLANG_WARN_NON_LITERAL_NULL_CONVERSION = YES;
				CLANG_WARN_OBJC_LITERAL_CONVERSION = YES;
				CLANG_WARN_OBJC_ROOT_CLASS = YES_ERROR;
				CLANG_WARN_RANGE_LOOP_ANALYSIS = YES;
				CLANG_WARN_STRICT_PROTOTYPES = YES;
				CLANG_WARN_SUSPICIOUS_MOVE = YES;
				CLANG_WARN_UNGUARDED_AVAILABILITY = YES_AGGRESSIVE;
				CLANG_WARN_UNREACHABLE_CODE = YES;
				CLANG_WARN__DUPLICATE_METHOD_MATCH = YES;
				CODE_SIGN_IDENTITY = "iPhone Developer";
				COPY_PHASE_STRIP = NO;
				DEBUG_INFORMATION_FORMAT = dwarf;
				ENABLE_STRICT_OBJC_MSGSEND = YES;
				ENABLE_TESTABILITY = YES;
				FRAMEWORK_SEARCH_PATHS = $PLATFORM_DIR/Developer/Library/Frameworks;
				GCC_C_LANGUAGE_STANDARD = gnu11;
				GCC_DYNAMIC_NO_PIC = NO;
				GCC_NO_COMMON_BLOCKS = YES;
				GCC_OPTIMIZATION_LEVEL = 0;
				GCC_PREPROCESSOR_DEFINITIONS = (
					"HELPER_MACH_ID=\\\"$HELPER_MACH_ID\\\"",
					"DEBUG=1",
					"XPROBE_PORT=8891",
					"INJECTION_ADDR=INADDR_LOOPBACK",
				);
				GCC_WARN_64_TO_32_BIT_CONVERSION = YES;
				GCC_WARN_ABOUT_RETURN_TYPE = YES_ERROR;
				GCC_WARN_UNDECLARED_SELECTOR = YES;
				GCC_WARN_UNINITIALIZED_AUTOS = YES_AGGRESSIVE;
				GCC_WARN_UNUSED_FUNCTION = YES;
				GCC_WARN_UNUSED_VARIABLE = YES;
				HELPER_MACH_ID = com.johnholdsworth.InjectionIII.Helper.mach;
				IPHONEOS_DEPLOYMENT_TARGET = 10.3;
				LD_RUNPATH_SEARCH_PATHS = (
					"$(TOOLCHAIN_DIR)/usr/lib/swift/$(SWIFT_PLATFORM_TARGET_PREFIX)",
					$PLATFORM_DIR/Developer/Library/Frameworks,
				);
				MTL_ENABLE_DEBUG_INFO = YES;
				ONLY_ACTIVE_ARCH = YES;
				OTHER_SWIFT_FLAGS = "-Xfrontend -warn-long-expression-type-checking=150";
				PRODUCT_NAME = macOSInjection;
				SDKROOT = iphoneos;
				SWIFT_ACTIVE_COMPILATION_CONDITIONS = DEBUG;
				SWIFT_OPTIMIZATION_LEVEL = "-Onone";
				SWIFT_VERSION = 5.0;
			};
			name = Debug;
		};
		BB439B831FABA64300B4F50B /* Release */ = {
			isa = XCBuildConfiguration;
			buildSettings = {
				ALWAYS_SEARCH_USER_PATHS = NO;
				CLANG_ANALYZER_NONNULL = YES;
				CLANG_ANALYZER_NUMBER_OBJECT_CONVERSION = YES_AGGRESSIVE;
				CLANG_CXX_LANGUAGE_STANDARD = "gnu++14";
				CLANG_CXX_LIBRARY = "libc++";
				CLANG_ENABLE_MODULES = YES;
				CLANG_ENABLE_OBJC_ARC = YES;
				CLANG_WARN_BLOCK_CAPTURE_AUTORELEASING = YES;
				CLANG_WARN_BOOL_CONVERSION = YES;
				CLANG_WARN_COMMA = YES;
				CLANG_WARN_CONSTANT_CONVERSION = YES;
				CLANG_WARN_DIRECT_OBJC_ISA_USAGE = YES_ERROR;
				CLANG_WARN_DOCUMENTATION_COMMENTS = YES;
				CLANG_WARN_EMPTY_BODY = YES;
				CLANG_WARN_ENUM_CONVERSION = YES;
				CLANG_WARN_INFINITE_RECURSION = YES;
				CLANG_WARN_INT_CONVERSION = YES;
				CLANG_WARN_NON_LITERAL_NULL_CONVERSION = YES;
				CLANG_WARN_OBJC_LITERAL_CONVERSION = YES;
				CLANG_WARN_OBJC_ROOT_CLASS = YES_ERROR;
				CLANG_WARN_RANGE_LOOP_ANALYSIS = YES;
				CLANG_WARN_STRICT_PROTOTYPES = YES;
				CLANG_WARN_SUSPICIOUS_MOVE = YES;
				CLANG_WARN_UNGUARDED_AVAILABILITY = YES_AGGRESSIVE;
				CLANG_WARN_UNREACHABLE_CODE = YES;
				CLANG_WARN__DUPLICATE_METHOD_MATCH = YES;
				CODE_SIGN_IDENTITY = "iPhone Developer";
				COPY_PHASE_STRIP = NO;
				DEBUG_INFORMATION_FORMAT = "dwarf-with-dsym";
				ENABLE_NS_ASSERTIONS = NO;
				ENABLE_STRICT_OBJC_MSGSEND = YES;
				FRAMEWORK_SEARCH_PATHS = $PLATFORM_DIR/Developer/Library/Frameworks;
				GCC_C_LANGUAGE_STANDARD = gnu11;
				GCC_NO_COMMON_BLOCKS = YES;
				GCC_PREPROCESSOR_DEFINITIONS = (
					"HELPER_MACH_ID=\\\"$HELPER_MACH_ID\\\"",
					"DEBUG=1",
					"XPROBE_PORT=8891",
					"INJECTION_ADDR=INADDR_LOOPBACK",
				);
				GCC_WARN_64_TO_32_BIT_CONVERSION = YES;
				GCC_WARN_ABOUT_RETURN_TYPE = YES_ERROR;
				GCC_WARN_UNDECLARED_SELECTOR = YES;
				GCC_WARN_UNINITIALIZED_AUTOS = YES_AGGRESSIVE;
				GCC_WARN_UNUSED_FUNCTION = YES;
				GCC_WARN_UNUSED_VARIABLE = YES;
				HELPER_MACH_ID = com.johnholdsworth.InjectionIII.Helper.mach;
				IPHONEOS_DEPLOYMENT_TARGET = 10.3;
				LD_RUNPATH_SEARCH_PATHS = (
					"$(TOOLCHAIN_DIR)/usr/lib/swift/$(SWIFT_PLATFORM_TARGET_PREFIX)",
					$PLATFORM_DIR/Developer/Library/Frameworks,
				);
				MTL_ENABLE_DEBUG_INFO = NO;
				PRODUCT_NAME = macOSInjection;
				SDKROOT = iphoneos;
				SWIFT_COMPILATION_MODE = wholemodule;
				SWIFT_OPTIMIZATION_LEVEL = "-O";
				SWIFT_VERSION = 5.0;
				VALIDATE_PRODUCT = YES;
			};
			name = Release;
		};
		BB439B881FABA64300B4F50B /* Debug */ = {
			isa = XCBuildConfiguration;
			buildSettings = {
				ALWAYS_EMBED_SWIFT_STANDARD_LIBRARIES = YES;
				CODE_SIGN_IDENTITY = "-";
				CODE_SIGN_STYLE = Manual;
				DEVELOPMENT_TEAM = "";
				INFOPLIST_FILE = SwiftEvalTests/Info.plist;
				LD_RUNPATH_SEARCH_PATHS = (
					"$(inherited)",
					"@executable_path/Frameworks",
					"@loader_path/Frameworks",
				);
				MACOSX_DEPLOYMENT_TARGET = 10.12;
				PRODUCT_BUNDLE_IDENTIFIER = com.johnholdsworth.SwiftEvalTests;
				PRODUCT_NAME = "$(TARGET_NAME)";
				PROVISIONING_PROFILE_SPECIFIER = "";
				SDKROOT = macosx;
				TARGETED_DEVICE_FAMILY = "1,2";
			};
			name = Debug;
		};
		BB439B891FABA64300B4F50B /* Release */ = {
			isa = XCBuildConfiguration;
			buildSettings = {
				ALWAYS_EMBED_SWIFT_STANDARD_LIBRARIES = YES;
				CODE_SIGN_IDENTITY = "-";
				CODE_SIGN_STYLE = Manual;
				DEVELOPMENT_TEAM = "";
				INFOPLIST_FILE = SwiftEvalTests/Info.plist;
				LD_RUNPATH_SEARCH_PATHS = (
					"$(inherited)",
					"@executable_path/Frameworks",
					"@loader_path/Frameworks",
				);
				MACOSX_DEPLOYMENT_TARGET = 10.12;
				PRODUCT_BUNDLE_IDENTIFIER = com.johnholdsworth.SwiftEvalTests;
				PRODUCT_NAME = "$(TARGET_NAME)";
				PROVISIONING_PROFILE_SPECIFIER = "";
				SDKROOT = macosx;
				TARGETED_DEVICE_FAMILY = "1,2";
			};
			name = Release;
		};
		BB6C87DC2520D0D3005AFCFC /* Debug */ = {
			isa = XCBuildConfiguration;
			buildSettings = {
				BUILD_LIBRARY_FOR_DISTRIBUTION = YES;
				CLANG_ENABLE_OBJC_WEAK = YES;
				CLANG_WARN_DEPRECATED_OBJC_IMPLEMENTATIONS = YES;
				CLANG_WARN_OBJC_IMPLICIT_RETAIN_SELF = YES;
				CODE_SIGN_IDENTITY = "Developer ID Application";
				CODE_SIGN_STYLE = Manual;
				COMBINE_HIDPI_IMAGES = YES;
				CURRENT_PROJECT_VERSION = 1;
				DEFINES_MODULE = YES;
				DEVELOPMENT_TEAM = 9V5A8WE85E;
				DYLIB_COMPATIBILITY_VERSION = 1;
				DYLIB_CURRENT_VERSION = 1;
				DYLIB_INSTALL_NAME_BASE = "@rpath";
				GCC_PREPROCESSOR_DEFINITIONS = (
					"DEBUG=1",
					"$(inherited)",
				);
				INFOPLIST_FILE = SwiftTrace/SwiftTrace/Info.plist;
				INSTALL_PATH = "$(LOCAL_LIBRARY_DIR)/Frameworks";
				LD_RUNPATH_SEARCH_PATHS = (
					"$(inherited)",
					"@executable_path/../Frameworks",
					"@loader_path/Frameworks",
				);
				MACOSX_DEPLOYMENT_TARGET = 10.12;
				MTL_ENABLE_DEBUG_INFO = INCLUDE_SOURCE;
				MTL_FAST_MATH = YES;
				PRODUCT_BUNDLE_IDENTIFIER = com.johnholdsworth.SwiftTrace;
				PRODUCT_NAME = "$(TARGET_NAME:c99extidentifier)";
				PROVISIONING_PROFILE_SPECIFIER = "";
				SDKROOT = macosx;
				SKIP_INSTALL = YES;
				TVOS_DEPLOYMENT_TARGET = 12.4;
				VERSIONING_SYSTEM = "apple-generic";
				VERSION_INFO_PREFIX = "";
			};
			name = Debug;
		};
		BB6C87DD2520D0D3005AFCFC /* Release */ = {
			isa = XCBuildConfiguration;
			buildSettings = {
				BUILD_LIBRARY_FOR_DISTRIBUTION = YES;
				CLANG_ENABLE_OBJC_WEAK = YES;
				CLANG_WARN_DEPRECATED_OBJC_IMPLEMENTATIONS = YES;
				CLANG_WARN_OBJC_IMPLICIT_RETAIN_SELF = YES;
				CODE_SIGN_IDENTITY = "Developer ID Application";
				CODE_SIGN_STYLE = Manual;
				COMBINE_HIDPI_IMAGES = YES;
				CURRENT_PROJECT_VERSION = 1;
				DEFINES_MODULE = YES;
				DEVELOPMENT_TEAM = 9V5A8WE85E;
				DYLIB_COMPATIBILITY_VERSION = 1;
				DYLIB_CURRENT_VERSION = 1;
				DYLIB_INSTALL_NAME_BASE = "@rpath";
				INFOPLIST_FILE = SwiftTrace/SwiftTrace/Info.plist;
				INSTALL_PATH = "$(LOCAL_LIBRARY_DIR)/Frameworks";
				LD_RUNPATH_SEARCH_PATHS = (
					"$(inherited)",
					"@executable_path/../Frameworks",
					"@loader_path/Frameworks",
				);
				MACOSX_DEPLOYMENT_TARGET = 10.12;
				MTL_FAST_MATH = YES;
				PRODUCT_BUNDLE_IDENTIFIER = com.johnholdsworth.SwiftTrace;
				PRODUCT_NAME = "$(TARGET_NAME:c99extidentifier)";
				PROVISIONING_PROFILE_SPECIFIER = "";
				SDKROOT = macosx;
				SKIP_INSTALL = YES;
				TVOS_DEPLOYMENT_TARGET = 12.4;
				VERSIONING_SYSTEM = "apple-generic";
				VERSION_INFO_PREFIX = "";
			};
			name = Release;
		};
		BBCA020D1FB0F10400E45F0F /* Debug */ = {
			isa = XCBuildConfiguration;
			buildSettings = {
				ALWAYS_EMBED_SWIFT_STANDARD_LIBRARIES = YES;
				ASSETCATALOG_COMPILER_APPICON_NAME = AppIcon;
				CODE_SIGN_ENTITLEMENTS = InjectionIII/InjectionIII.entitlements;
				CODE_SIGN_IDENTITY = "Developer ID Application";
				CODE_SIGN_STYLE = Manual;
				COMBINE_HIDPI_IMAGES = YES;
				DEVELOPMENT_TEAM = 9V5A8WE85E;
				ENABLE_HARDENED_RUNTIME = YES;
				INFOPLIST_FILE = InjectionIII/Info.plist;
				LD_RUNPATH_SEARCH_PATHS = "@executable_path/../Frameworks";
				MACOSX_DEPLOYMENT_TARGET = 10.12;
				MARKETING_VERSION = 2.5.1;
				PRODUCT_BUNDLE_IDENTIFIER = com.johnholdsworth.InjectionIII;
				PRODUCT_NAME = "$(TARGET_NAME)";
				PROVISIONING_PROFILE_SPECIFIER = "";
				SDKROOT = macosx;
				SWIFT_OBJC_BRIDGING_HEADER = "InjectionIII/InjectionIII-Bridging-Header.h";
			};
			name = Debug;
		};
		BBCA020E1FB0F10400E45F0F /* Release */ = {
			isa = XCBuildConfiguration;
			buildSettings = {
				ALWAYS_EMBED_SWIFT_STANDARD_LIBRARIES = YES;
				ASSETCATALOG_COMPILER_APPICON_NAME = AppIcon;
				CODE_SIGN_ENTITLEMENTS = InjectionIII/InjectionIII.entitlements;
				CODE_SIGN_IDENTITY = "Developer ID Application";
				CODE_SIGN_STYLE = Manual;
				COMBINE_HIDPI_IMAGES = YES;
				DEVELOPMENT_TEAM = 9V5A8WE85E;
				ENABLE_HARDENED_RUNTIME = YES;
				INFOPLIST_FILE = InjectionIII/Info.plist;
				LD_RUNPATH_SEARCH_PATHS = "@executable_path/../Frameworks";
				MACOSX_DEPLOYMENT_TARGET = 10.12;
				MARKETING_VERSION = 2.5.1;
				PRODUCT_BUNDLE_IDENTIFIER = com.johnholdsworth.InjectionIII;
				PRODUCT_NAME = "$(TARGET_NAME)";
				PROVISIONING_PROFILE_SPECIFIER = "";
				SDKROOT = macosx;
				SWIFT_OBJC_BRIDGING_HEADER = "InjectionIII/InjectionIII-Bridging-Header.h";
			};
			name = Release;
		};
		BBCA02491FB1065D00E45F0F /* Debug */ = {
			isa = XCBuildConfiguration;
			buildSettings = {
				CODE_SIGN_IDENTITY = "Developer ID Application";
				CODE_SIGN_STYLE = Manual;
				COMBINE_HIDPI_IMAGES = YES;
				DEVELOPMENT_TEAM = 9V5A8WE85E;
				ENABLE_HARDENED_RUNTIME = YES;
				INFOPLIST_FILE = InjectionBundle/Info.plist;
				INSTALL_PATH = "$(LOCAL_LIBRARY_DIR)/Bundles";
				LD_RUNPATH_SEARCH_PATHS = (
					"/Applications/Xcode.app/Contents/Developer/Toolchains/XcodeDefault.xctoolchain/usr/lib/swift/$(PLATFORM_NAME)",
					/Applications/Xcode.app/Contents/Developer/Platforms/MacOSX.platform/Developer/Library/Frameworks,
					"@loader_path/../Frameworks",
				);
				MACH_O_TYPE = mh_dylib;
				MACOSX_DEPLOYMENT_TARGET = 10.12;
				PRODUCT_BUNDLE_IDENTIFIER = com.johnholdsworth.InjectionBundle;
				PRODUCT_NAME = macOSInjection;
				PROVISIONING_PROFILE_SPECIFIER = "";
				REEXPORTED_FRAMEWORK_NAMES = "";
				SDKROOT = macosx;
				SKIP_INSTALL = YES;
				SWIFT_ACTIVE_COMPILATION_CONDITIONS = DEBUG;
				SWIFT_OBJC_BRIDGING_HEADER = "InjectionBundle/XprobeSwift-Bridging-Header.h";
				WRAPPER_EXTENSION = bundle;
			};
			name = Debug;
		};
		BBCA024A1FB1065D00E45F0F /* Release */ = {
			isa = XCBuildConfiguration;
			buildSettings = {
				CODE_SIGN_IDENTITY = "Developer ID Application";
				CODE_SIGN_STYLE = Manual;
				COMBINE_HIDPI_IMAGES = YES;
				DEVELOPMENT_TEAM = 9V5A8WE85E;
				ENABLE_HARDENED_RUNTIME = YES;
				INFOPLIST_FILE = InjectionBundle/Info.plist;
				INSTALL_PATH = "$(LOCAL_LIBRARY_DIR)/Bundles";
				LD_RUNPATH_SEARCH_PATHS = (
					"/Applications/Xcode.app/Contents/Developer/Toolchains/XcodeDefault.xctoolchain/usr/lib/swift/$(PLATFORM_NAME)",
					/Applications/Xcode.app/Contents/Developer/Platforms/MacOSX.platform/Developer/Library/Frameworks,
					"@loader_path/../Frameworks",
				);
				MACH_O_TYPE = mh_dylib;
				MACOSX_DEPLOYMENT_TARGET = 10.12;
				PRODUCT_BUNDLE_IDENTIFIER = com.johnholdsworth.InjectionBundle;
				PRODUCT_NAME = macOSInjection;
				PROVISIONING_PROFILE_SPECIFIER = "";
				REEXPORTED_FRAMEWORK_NAMES = "";
				SDKROOT = macosx;
				SKIP_INSTALL = YES;
				SWIFT_ACTIVE_COMPILATION_CONDITIONS = DEBUG;
				SWIFT_OBJC_BRIDGING_HEADER = "InjectionBundle/XprobeSwift-Bridging-Header.h";
				WRAPPER_EXTENSION = bundle;
			};
			name = Release;
		};
		BBE3B2EF2524916100300BF8 /* Debug */ = {
			isa = XCBuildConfiguration;
			buildSettings = {
				ASSETCATALOG_COMPILER_APPICON_NAME = AppIcon;
				CLANG_ENABLE_OBJC_WEAK = YES;
				CLANG_WARN_DEPRECATED_OBJC_IMPLEMENTATIONS = YES;
				CLANG_WARN_OBJC_IMPLICIT_RETAIN_SELF = YES;
				CODE_SIGN_ENTITLEMENTS = EvalApp/EvalApp.entitlements;
				CODE_SIGN_IDENTITY = "-";
				CODE_SIGN_STYLE = Manual;
				COMBINE_HIDPI_IMAGES = YES;
				DEVELOPMENT_TEAM = "";
				ENABLE_HARDENED_RUNTIME = YES;
				GCC_PREPROCESSOR_DEFINITIONS = (
					"DEBUG=1",
					"$(inherited)",
				);
				INFOPLIST_FILE = EvalApp/Info.plist;
				LD_RUNPATH_SEARCH_PATHS = (
					"$(inherited)",
					"@executable_path/../Frameworks",
				);
				MACOSX_DEPLOYMENT_TARGET = 10.14;
				MTL_ENABLE_DEBUG_INFO = INCLUDE_SOURCE;
				MTL_FAST_MATH = YES;
				PRODUCT_BUNDLE_IDENTIFIER = com.johnholdsworth.EvalApp;
				PRODUCT_NAME = "$(TARGET_NAME)";
				PROVISIONING_PROFILE_SPECIFIER = "";
				SDKROOT = macosx;
			};
			name = Debug;
		};
		BBE3B2F02524916100300BF8 /* Release */ = {
			isa = XCBuildConfiguration;
			buildSettings = {
				ASSETCATALOG_COMPILER_APPICON_NAME = AppIcon;
				CLANG_ENABLE_OBJC_WEAK = YES;
				CLANG_WARN_DEPRECATED_OBJC_IMPLEMENTATIONS = YES;
				CLANG_WARN_OBJC_IMPLICIT_RETAIN_SELF = YES;
				CODE_SIGN_ENTITLEMENTS = EvalApp/EvalApp.entitlements;
				CODE_SIGN_IDENTITY = "-";
				CODE_SIGN_STYLE = Manual;
				COMBINE_HIDPI_IMAGES = YES;
				DEVELOPMENT_TEAM = "";
				ENABLE_HARDENED_RUNTIME = YES;
				INFOPLIST_FILE = EvalApp/Info.plist;
				LD_RUNPATH_SEARCH_PATHS = (
					"$(inherited)",
					"@executable_path/../Frameworks",
				);
				MACOSX_DEPLOYMENT_TARGET = 10.14;
				MTL_FAST_MATH = YES;
				PRODUCT_BUNDLE_IDENTIFIER = com.johnholdsworth.EvalApp;
				PRODUCT_NAME = "$(TARGET_NAME)";
				PROVISIONING_PROFILE_SPECIFIER = "";
				SDKROOT = macosx;
			};
			name = Release;
		};
/* End XCBuildConfiguration section */

/* Begin XCConfigurationList section */
		BB1BA909251DC51D00044608 /* Build configuration list for PBXNativeTarget "SwiftUISupport" */ = {
			isa = XCConfigurationList;
			buildConfigurations = (
				BB1BA907251DC51A00044608 /* Debug */,
				BB1BA908251DC51A00044608 /* Release */,
			);
			defaultConfigurationIsVisible = 0;
			defaultConfigurationName = Release;
		};
		BB439B601FABA64300B4F50B /* Build configuration list for PBXProject "InjectionIII" */ = {
			isa = XCConfigurationList;
			buildConfigurations = (
				BB439B821FABA64300B4F50B /* Debug */,
				BB439B831FABA64300B4F50B /* Release */,
			);
			defaultConfigurationIsVisible = 0;
			defaultConfigurationName = Release;
		};
		BB439B871FABA64300B4F50B /* Build configuration list for PBXNativeTarget "SwiftEvalTests" */ = {
			isa = XCConfigurationList;
			buildConfigurations = (
				BB439B881FABA64300B4F50B /* Debug */,
				BB439B891FABA64300B4F50B /* Release */,
			);
			defaultConfigurationIsVisible = 0;
			defaultConfigurationName = Release;
		};
		BB6C87E02520D0D8005AFCFC /* Build configuration list for PBXNativeTarget "SwiftTrace" */ = {
			isa = XCConfigurationList;
			buildConfigurations = (
				BB6C87DC2520D0D3005AFCFC /* Debug */,
				BB6C87DD2520D0D3005AFCFC /* Release */,
			);
			defaultConfigurationIsVisible = 0;
			defaultConfigurationName = Release;
		};
		BBCA020C1FB0F10400E45F0F /* Build configuration list for PBXNativeTarget "InjectionIII" */ = {
			isa = XCConfigurationList;
			buildConfigurations = (
				BBCA020D1FB0F10400E45F0F /* Debug */,
				BBCA020E1FB0F10400E45F0F /* Release */,
			);
			defaultConfigurationIsVisible = 0;
			defaultConfigurationName = Release;
		};
		BBCA02481FB1065D00E45F0F /* Build configuration list for PBXNativeTarget "InjectionBundle" */ = {
			isa = XCConfigurationList;
			buildConfigurations = (
				BBCA02491FB1065D00E45F0F /* Debug */,
				BBCA024A1FB1065D00E45F0F /* Release */,
			);
			defaultConfigurationIsVisible = 0;
			defaultConfigurationName = Release;
		};
		BBE3B2F12524916400300BF8 /* Build configuration list for PBXNativeTarget "EvalApp" */ = {
			isa = XCConfigurationList;
			buildConfigurations = (
				BBE3B2EF2524916100300BF8 /* Debug */,
				BBE3B2F02524916100300BF8 /* Release */,
			);
			defaultConfigurationIsVisible = 0;
			defaultConfigurationName = Release;
		};
/* End XCConfigurationList section */

/* Begin XCRemoteSwiftPackageReference section */
		CEC17033253ED472002E823F /* XCRemoteSwiftPackageReference "SwiftRegex5" */ = {
			isa = XCRemoteSwiftPackageReference;
			repositoryURL = "http://github.com/johnno1962/SwiftRegex5";
			requirement = {
				kind = upToNextMajorVersion;
				minimumVersion = 5.2.1;
			};
		};
/* End XCRemoteSwiftPackageReference section */

/* Begin XCSwiftPackageProductDependency section */
		CEC17034253ED472002E823F /* SwiftRegex */ = {
			isa = XCSwiftPackageProductDependency;
			package = CEC17033253ED472002E823F /* XCRemoteSwiftPackageReference "SwiftRegex5" */;
			productName = SwiftRegex;
		};
/* End XCSwiftPackageProductDependency section */
	};
	rootObject = BB439B5D1FABA64300B4F50B /* Project object */;
}
