// !$*UTF8*$!
{
	archiveVersion = 1;
	classes = {
	};
	objectVersion = 48;
	objects = {

/* Begin PBXBuildFile section */
		B5BEC895226F89A400C96067 /* NSObjectSwiftInjection.swift in Sources */ = {isa = PBXBuildFile; fileRef = B5BEC894226F89A400C96067 /* NSObjectSwiftInjection.swift */; };
		B5BEC897226F8A5500C96067 /* UIViewControllerSwiftInjection.swift in Sources */ = {isa = PBXBuildFile; fileRef = B5BEC896226F8A5500C96067 /* UIViewControllerSwiftInjection.swift */; };
		B5BEC899226F938000C96067 /* XCTestSwiftInjection.swift in Sources */ = {isa = PBXBuildFile; fileRef = B5BEC898226F938000C96067 /* XCTestSwiftInjection.swift */; };
		B5BEC8A1226FB69B00C96067 /* XCTestInjectionClient.mm in Sources */ = {isa = PBXBuildFile; fileRef = B5BEC8A0226FB69B00C96067 /* XCTestInjectionClient.mm */; };
		BB439B801FABA64300B4F50B /* SwiftEvalTests.swift in Sources */ = {isa = PBXBuildFile; fileRef = BB439B7F1FABA64300B4F50B /* SwiftEvalTests.swift */; };
		BB56393C1FD5C25A002FFCEF /* SignerService.m in Sources */ = {isa = PBXBuildFile; fileRef = BB67DBB61FB0D0F2000EAC8A /* SignerService.m */; };
		BB6306FE1FCD1A410021D30C /* Credits.rtf in Resources */ = {isa = PBXBuildFile; fileRef = BB6306FD1FCD1A410021D30C /* Credits.rtf */; };
		BB877CE42186EB6E0070EEC7 /* DDHotKeyCenter.m in Sources */ = {isa = PBXBuildFile; fileRef = BB6306F51FCD16600021D30C /* DDHotKeyCenter.m */; };
		BB877CE52186EB6E0070EEC7 /* DDHotKeyUtilities.m in Sources */ = {isa = PBXBuildFile; fileRef = BB6306F61FCD16600021D30C /* DDHotKeyUtilities.m */; };
		BBB040641FB17A6C007DDD0A /* ScriptingBridge.framework in Frameworks */ = {isa = PBXBuildFile; fileRef = BBB040631FB1798A007DDD0A /* ScriptingBridge.framework */; };
		BBB64DC51FD450AF0020BE47 /* README.md in Resources */ = {isa = PBXBuildFile; fileRef = BB037DF31FAD808B004B267C /* README.md */; };
		BBB64DC61FD450B40020BE47 /* LICENSE in Resources */ = {isa = PBXBuildFile; fileRef = BB037DF41FAD80D0004B267C /* LICENSE */; };
		BBB64DD31FD56F570020BE47 /* XprobePluginMenuController.m in Sources */ = {isa = PBXBuildFile; fileRef = BBB64DD11FD56F570020BE47 /* XprobePluginMenuController.m */; };
		BBB64DD41FD56F570020BE47 /* XprobeConsole.m in Sources */ = {isa = PBXBuildFile; fileRef = BBB64DD21FD56F570020BE47 /* XprobeConsole.m */; };
		BBB64DDC1FD570220020BE47 /* graph-xdot.gv in Resources */ = {isa = PBXBuildFile; fileRef = BBB64DD61FD570210020BE47 /* graph-xdot.gv */; };
		BBB64DDD1FD570220020BE47 /* CodeMirror in Resources */ = {isa = PBXBuildFile; fileRef = BBB64DD71FD570210020BE47 /* CodeMirror */; };
		BBB64DDE1FD570220020BE47 /* xprobe.html in Resources */ = {isa = PBXBuildFile; fileRef = BBB64DD81FD570210020BE47 /* xprobe.html */; };
		BBB64DDF1FD570220020BE47 /* canviz-0.1 in Resources */ = {isa = PBXBuildFile; fileRef = BBB64DD91FD570210020BE47 /* canviz-0.1 */; };
		BBB64DE01FD570220020BE47 /* canviz.html in Resources */ = {isa = PBXBuildFile; fileRef = BBB64DDA1FD570220020BE47 /* canviz.html */; };
		BBB64DE11FD570220020BE47 /* tiny_red.gif in Resources */ = {isa = PBXBuildFile; fileRef = BBB64DDB1FD570220020BE47 /* tiny_red.gif */; };
		BBB64DE51FD571310020BE47 /* libz.tbd in Frameworks */ = {isa = PBXBuildFile; fileRef = BBB64DE41FD571300020BE47 /* libz.tbd */; };
		BBB64DE61FD5717C0020BE47 /* libz.tbd in Frameworks */ = {isa = PBXBuildFile; fileRef = BBB64DE41FD571300020BE47 /* libz.tbd */; };
		BBB64FDE1FD5744A0020BE47 /* XprobeConsole.xib in Resources */ = {isa = PBXBuildFile; fileRef = BBB64FDC1FD5744A0020BE47 /* XprobeConsole.xib */; };
		BBB64FDF1FD5744A0020BE47 /* XprobePluginMenuController.xib in Resources */ = {isa = PBXBuildFile; fileRef = BBB64FDD1FD5744A0020BE47 /* XprobePluginMenuController.xib */; };
		BBB64FE11FD575260020BE47 /* XprobeSwift.swift in Sources */ = {isa = PBXBuildFile; fileRef = BBB64FE01FD575260020BE47 /* XprobeSwift.swift */; };
		BBB64FE61FD577EB0020BE47 /* SwiftSwizzler.swift in Sources */ = {isa = PBXBuildFile; fileRef = BBB64FE51FD577EB0020BE47 /* SwiftSwizzler.swift */; };
		BBB64FEA1FD583B60020BE47 /* Xprobe.mm in Sources */ = {isa = PBXBuildFile; fileRef = BBB64FE91FD583B60020BE47 /* Xprobe.mm */; };
		BBB64FEC1FD585D50020BE47 /* WebKit.framework in Frameworks */ = {isa = PBXBuildFile; fileRef = BBB64FEB1FD585D50020BE47 /* WebKit.framework */; };
		BBBFD2D01FCFEE300057D899 /* SwiftEval.swift in Sources */ = {isa = PBXBuildFile; fileRef = BB439B8A1FABA65D00B4F50B /* SwiftEval.swift */; };
		BBCA02021FB0F10300E45F0F /* AppDelegate.mm in Sources */ = {isa = PBXBuildFile; fileRef = BBCA02011FB0F10300E45F0F /* AppDelegate.mm */; };
		BBCA02041FB0F10300E45F0F /* Assets.xcassets in Resources */ = {isa = PBXBuildFile; fileRef = BBCA02031FB0F10300E45F0F /* Assets.xcassets */; };
		BBCA02071FB0F10300E45F0F /* MainMenu.xib in Resources */ = {isa = PBXBuildFile; fileRef = BBCA02051FB0F10300E45F0F /* MainMenu.xib */; };
		BBCA020A1FB0F10400E45F0F /* main.m in Sources */ = {isa = PBXBuildFile; fileRef = BBCA02091FB0F10400E45F0F /* main.m */; };
		BBCA022A1FB0F64800E45F0F /* SimpleSocket.mm in Sources */ = {isa = PBXBuildFile; fileRef = BB67DBB31FB0CDA8000EAC8A /* SimpleSocket.mm */; };
		BBCA024D1FB1069A00E45F0F /* macOSInjection.bundle in Resources */ = {isa = PBXBuildFile; fileRef = BBCA02451FB1065D00E45F0F /* macOSInjection.bundle */; };
		BBCA02501FB107AF00E45F0F /* SwiftEval.swift in Sources */ = {isa = PBXBuildFile; fileRef = BB439B8A1FABA65D00B4F50B /* SwiftEval.swift */; };
		BBCA02511FB107AF00E45F0F /* SwiftInjection.swift in Sources */ = {isa = PBXBuildFile; fileRef = BB109FAF1FAECD92008C5218 /* SwiftInjection.swift */; };
		BBCA02561FB1099500E45F0F /* InjectionServer.mm in Sources */ = {isa = PBXBuildFile; fileRef = BBCA02551FB1099500E45F0F /* InjectionServer.mm */; };
		BBCA02591FB112F500E45F0F /* App.icns in Resources */ = {isa = PBXBuildFile; fileRef = BBCA02581FB112F500E45F0F /* App.icns */; };
		BBCA025D1FB114FF00E45F0F /* InjectionClient.mm in Sources */ = {isa = PBXBuildFile; fileRef = BBCA025C1FB114FF00E45F0F /* InjectionClient.mm */; };
		BBCA02601FB122C300E45F0F /* InjectionIdle.tif in Resources */ = {isa = PBXBuildFile; fileRef = BBCA025E1FB122C300E45F0F /* InjectionIdle.tif */; };
		BBCA02611FB122C300E45F0F /* InjectionOK.tif in Resources */ = {isa = PBXBuildFile; fileRef = BBCA025F1FB122C300E45F0F /* InjectionOK.tif */; };
		BBCA02621FB1312A00E45F0F /* SimpleSocket.mm in Sources */ = {isa = PBXBuildFile; fileRef = BB67DBB31FB0CDA8000EAC8A /* SimpleSocket.mm */; };
		BBE490D01FB2368A003D41BB /* FileWatcher.m in Sources */ = {isa = PBXBuildFile; fileRef = BBE490CE1FB2368A003D41BB /* FileWatcher.m */; };
		BBE490DB1FB2C643003D41BB /* InjectionBusy.tif in Resources */ = {isa = PBXBuildFile; fileRef = BBE490D91FB2C643003D41BB /* InjectionBusy.tif */; };
		BBE490DC1FB2C643003D41BB /* InjectionError.tif in Resources */ = {isa = PBXBuildFile; fileRef = BBE490DA1FB2C643003D41BB /* InjectionError.tif */; };
		BBEB704C1FD28C6F00127711 /* XcodeHash.m in Sources */ = {isa = PBXBuildFile; fileRef = BBEB704B1FD28C6F00127711 /* XcodeHash.m */; };
		BD35949E21A6C5DE0020EB94 /* Vaccine.swift in Sources */ = {isa = PBXBuildFile; fileRef = BD35949D21A6C5DE0020EB94 /* Vaccine.swift */; };
/* End PBXBuildFile section */

/* Begin PBXContainerItemProxy section */
		BBCA024E1FB106C000E45F0F /* PBXContainerItemProxy */ = {
			isa = PBXContainerItemProxy;
			containerPortal = BB439B5D1FABA64300B4F50B /* Project object */;
			proxyType = 1;
			remoteGlobalIDString = BBCA02441FB1065D00E45F0F;
			remoteInfo = InjectionBundle;
		};
/* End PBXContainerItemProxy section */

/* Begin PBXCopyFilesBuildPhase section */
		BB6224721FC5BA6F00AD7A3A /* CopyFiles */ = {
			isa = PBXCopyFilesBuildPhase;
			buildActionMask = 2147483647;
			dstPath = Contents/Library/LaunchServices;
			dstSubfolderSpec = 1;
			files = (
			);
			runOnlyForDeploymentPostprocessing = 0;
		};
/* End PBXCopyFilesBuildPhase section */

/* Begin PBXFileReference section */
		B53A8EE3226937350016D773 /* InjectionEnum.h */ = {isa = PBXFileReference; lastKnownFileType = sourcecode.c.h; path = InjectionEnum.h; sourceTree = "<group>"; };
		B5BEC894226F89A400C96067 /* NSObjectSwiftInjection.swift */ = {isa = PBXFileReference; lastKnownFileType = sourcecode.swift; path = NSObjectSwiftInjection.swift; sourceTree = "<group>"; };
		B5BEC896226F8A5500C96067 /* UIViewControllerSwiftInjection.swift */ = {isa = PBXFileReference; lastKnownFileType = sourcecode.swift; path = UIViewControllerSwiftInjection.swift; sourceTree = "<group>"; };
		B5BEC898226F938000C96067 /* XCTestSwiftInjection.swift */ = {isa = PBXFileReference; lastKnownFileType = sourcecode.swift; path = XCTestSwiftInjection.swift; sourceTree = "<group>"; };
		B5BEC89C226FB64600C96067 /* CoreInjectionClient.h */ = {isa = PBXFileReference; lastKnownFileType = sourcecode.c.h; path = CoreInjectionClient.h; sourceTree = "<group>"; };
		B5BEC89D226FB64600C96067 /* CoreInjectionClient.mm */ = {isa = PBXFileReference; lastKnownFileType = sourcecode.cpp.objcpp; path = CoreInjectionClient.mm; sourceTree = "<group>"; };
		B5BEC89F226FB69B00C96067 /* XCTestInjectionClient.h */ = {isa = PBXFileReference; lastKnownFileType = sourcecode.c.h; path = XCTestInjectionClient.h; sourceTree = "<group>"; };
		B5BEC8A0226FB69B00C96067 /* XCTestInjectionClient.mm */ = {isa = PBXFileReference; lastKnownFileType = sourcecode.cpp.objcpp; path = XCTestInjectionClient.mm; sourceTree = "<group>"; };
		BB037DF31FAD808B004B267C /* README.md */ = {isa = PBXFileReference; lastKnownFileType = net.daringfireball.markdown; path = README.md; sourceTree = "<group>"; };
		BB037DF41FAD80D0004B267C /* LICENSE */ = {isa = PBXFileReference; fileEncoding = 4; lastKnownFileType = text; path = LICENSE; sourceTree = "<group>"; };
		BB109FAF1FAECD92008C5218 /* SwiftInjection.swift */ = {isa = PBXFileReference; lastKnownFileType = sourcecode.swift; path = SwiftInjection.swift; sourceTree = "<group>"; };
		BB1DEA9A1FD6A74800AF509F /* Xtrace.h */ = {isa = PBXFileReference; fileEncoding = 4; lastKnownFileType = sourcecode.c.h; name = Xtrace.h; path = XprobePlugin/Classes/Xtrace.h; sourceTree = "<group>"; };
		BB1DEA9B1FD6A74900AF509F /* IvarAccess.h */ = {isa = PBXFileReference; fileEncoding = 4; lastKnownFileType = sourcecode.c.h; name = IvarAccess.h; path = XprobePlugin/Classes/IvarAccess.h; sourceTree = "<group>"; };
		BB1DEA9C1FD6A74900AF509F /* Xprobe.h */ = {isa = PBXFileReference; fileEncoding = 4; lastKnownFileType = sourcecode.c.h; name = Xprobe.h; path = XprobePlugin/Classes/Xprobe.h; sourceTree = "<group>"; };
		BB1DEA9D1FD6A74900AF509F /* XprobeConsole.h */ = {isa = PBXFileReference; fileEncoding = 4; lastKnownFileType = sourcecode.c.h; name = XprobeConsole.h; path = XprobePlugin/Classes/XprobeConsole.h; sourceTree = "<group>"; };
		BB1DEA9E1FD6A74900AF509F /* XprobePluginMenuController.h */ = {isa = PBXFileReference; fileEncoding = 4; lastKnownFileType = sourcecode.c.h; name = XprobePluginMenuController.h; path = XprobePlugin/Classes/XprobePluginMenuController.h; sourceTree = "<group>"; };
		BB439B681FABA64300B4F50B /* AppDelegate.swift */ = {isa = PBXFileReference; lastKnownFileType = sourcecode.swift; path = AppDelegate.swift; sourceTree = "<group>"; };
		BB439B6A1FABA64300B4F50B /* MasterViewController.swift */ = {isa = PBXFileReference; lastKnownFileType = sourcecode.swift; path = MasterViewController.swift; sourceTree = "<group>"; };
		BB439B6C1FABA64300B4F50B /* DetailViewController.swift */ = {isa = PBXFileReference; lastKnownFileType = sourcecode.swift; path = DetailViewController.swift; sourceTree = "<group>"; };
		BB439B6F1FABA64300B4F50B /* Base */ = {isa = PBXFileReference; lastKnownFileType = file.storyboard; name = Base; path = Base.lproj/Main.storyboard; sourceTree = "<group>"; };
		BB439B711FABA64300B4F50B /* Assets.xcassets */ = {isa = PBXFileReference; lastKnownFileType = folder.assetcatalog; path = Assets.xcassets; sourceTree = "<group>"; };
		BB439B741FABA64300B4F50B /* Base */ = {isa = PBXFileReference; lastKnownFileType = file.storyboard; name = Base; path = Base.lproj/LaunchScreen.storyboard; sourceTree = "<group>"; };
		BB439B761FABA64300B4F50B /* Info.plist */ = {isa = PBXFileReference; lastKnownFileType = text.plist.xml; path = Info.plist; sourceTree = "<group>"; };
		BB439B7B1FABA64300B4F50B /* SwiftEvalTests.xctest */ = {isa = PBXFileReference; explicitFileType = wrapper.cfbundle; includeInIndex = 0; path = SwiftEvalTests.xctest; sourceTree = BUILT_PRODUCTS_DIR; };
		BB439B7F1FABA64300B4F50B /* SwiftEvalTests.swift */ = {isa = PBXFileReference; lastKnownFileType = sourcecode.swift; path = SwiftEvalTests.swift; sourceTree = "<group>"; };
		BB439B811FABA64300B4F50B /* Info.plist */ = {isa = PBXFileReference; lastKnownFileType = text.plist.xml; path = Info.plist; sourceTree = "<group>"; };
		BB439B8A1FABA65D00B4F50B /* SwiftEval.swift */ = {isa = PBXFileReference; lastKnownFileType = sourcecode.swift; path = SwiftEval.swift; sourceTree = "<group>"; };
		BB439BAC1FAC030E00B4F50B /* SwiftEval.entitlements */ = {isa = PBXFileReference; lastKnownFileType = text.plist.entitlements; path = SwiftEval.entitlements; sourceTree = "<group>"; };
		BB439BB31FAC185200B4F50B /* main.m */ = {isa = PBXFileReference; lastKnownFileType = sourcecode.c.objc; path = main.m; sourceTree = "<group>"; };
		BB56393F1FD5D535002FFCEF /* Xprobe+Service.mm */ = {isa = PBXFileReference; lastKnownFileType = sourcecode.cpp.objcpp; name = "Xprobe+Service.mm"; path = "XprobePlugin/Classes/Xprobe+Service.mm"; sourceTree = "<group>"; };
		BB5639401FD5D535002FFCEF /* Xtrace.mm */ = {isa = PBXFileReference; lastKnownFileType = sourcecode.cpp.objcpp; name = Xtrace.mm; path = XprobePlugin/Classes/Xtrace.mm; sourceTree = "<group>"; };
		BB6224411FC5B0E300AD7A3A /* HelperProxy.m */ = {isa = PBXFileReference; fileEncoding = 4; lastKnownFileType = sourcecode.c.objc; path = HelperProxy.m; sourceTree = "<group>"; };
		BB6224421FC5B0E500AD7A3A /* HelperProxy.h */ = {isa = PBXFileReference; fileEncoding = 4; lastKnownFileType = sourcecode.c.h; path = HelperProxy.h; sourceTree = "<group>"; };
		BB6224431FC5B0E500AD7A3A /* HelperInstaller.h */ = {isa = PBXFileReference; fileEncoding = 4; lastKnownFileType = sourcecode.c.h; path = HelperInstaller.h; sourceTree = "<group>"; };
		BB6224441FC5B0E500AD7A3A /* HelperInstaller.m */ = {isa = PBXFileReference; fileEncoding = 4; lastKnownFileType = sourcecode.c.objc; path = HelperInstaller.m; sourceTree = "<group>"; };
		BB62244F1FC5B18700AD7A3A /* Info.plist */ = {isa = PBXFileReference; lastKnownFileType = text.plist.xml; path = Info.plist; sourceTree = "<group>"; };
		BB6224531FC5B1CB00AD7A3A /* mach_inject_bundle_stub.h */ = {isa = PBXFileReference; fileEncoding = 4; lastKnownFileType = sourcecode.c.h; path = mach_inject_bundle_stub.h; sourceTree = "<group>"; };
		BB6224541FC5B1CB00AD7A3A /* mach_inject_bundle_stub.c */ = {isa = PBXFileReference; fileEncoding = 4; lastKnownFileType = sourcecode.c.c; path = mach_inject_bundle_stub.c; sourceTree = "<group>"; };
		BB6224631FC5B3B600AD7A3A /* Info-Launchd.plist */ = {isa = PBXFileReference; fileEncoding = 4; lastKnownFileType = text.plist.xml; path = "Info-Launchd.plist"; sourceTree = "<group>"; };
		BB6224641FC5B3B700AD7A3A /* Helper.m */ = {isa = PBXFileReference; fileEncoding = 4; lastKnownFileType = sourcecode.c.objc; path = Helper.m; sourceTree = "<group>"; };
		BB6224651FC5B3B700AD7A3A /* mach_inject.c */ = {isa = PBXFileReference; fileEncoding = 4; lastKnownFileType = sourcecode.c.c; path = mach_inject.c; sourceTree = "<group>"; };
		BB6224661FC5B3B700AD7A3A /* Helper.h */ = {isa = PBXFileReference; fileEncoding = 4; lastKnownFileType = sourcecode.c.h; path = Helper.h; sourceTree = "<group>"; };
		BB6224671FC5B3B700AD7A3A /* mach_inject.h */ = {isa = PBXFileReference; fileEncoding = 4; lastKnownFileType = sourcecode.c.h; path = mach_inject.h; sourceTree = "<group>"; };
		BB6224681FC5B3B700AD7A3A /* Info.plist */ = {isa = PBXFileReference; fileEncoding = 4; lastKnownFileType = text.plist.xml; path = Info.plist; sourceTree = "<group>"; };
		BB6224691FC5B3B700AD7A3A /* main.m */ = {isa = PBXFileReference; fileEncoding = 4; lastKnownFileType = sourcecode.c.objc; path = main.m; sourceTree = "<group>"; };
		BB6306F31FCD165F0021D30C /* DDHotKeyCenter.h */ = {isa = PBXFileReference; fileEncoding = 4; lastKnownFileType = sourcecode.c.h; path = DDHotKeyCenter.h; sourceTree = "<group>"; };
		BB6306F41FCD165F0021D30C /* DDHotKeyUtilities.h */ = {isa = PBXFileReference; fileEncoding = 4; lastKnownFileType = sourcecode.c.h; path = DDHotKeyUtilities.h; sourceTree = "<group>"; };
		BB6306F51FCD16600021D30C /* DDHotKeyCenter.m */ = {isa = PBXFileReference; fileEncoding = 4; lastKnownFileType = sourcecode.c.objc; path = DDHotKeyCenter.m; sourceTree = "<group>"; };
		BB6306F61FCD16600021D30C /* DDHotKeyUtilities.m */ = {isa = PBXFileReference; fileEncoding = 4; lastKnownFileType = sourcecode.c.objc; path = DDHotKeyUtilities.m; sourceTree = "<group>"; };
		BB6306FD1FCD1A410021D30C /* Credits.rtf */ = {isa = PBXFileReference; fileEncoding = 4; lastKnownFileType = text.rtf; path = Credits.rtf; sourceTree = "<group>"; };
		BB67DBB21FB0CDA8000EAC8A /* SimpleSocket.h */ = {isa = PBXFileReference; lastKnownFileType = sourcecode.c.h; path = SimpleSocket.h; sourceTree = "<group>"; };
		BB67DBB31FB0CDA8000EAC8A /* SimpleSocket.mm */ = {isa = PBXFileReference; lastKnownFileType = sourcecode.cpp.objcpp; path = SimpleSocket.mm; sourceTree = "<group>"; };
		BB67DBB51FB0D0F2000EAC8A /* SignerService.h */ = {isa = PBXFileReference; lastKnownFileType = sourcecode.c.h; path = SignerService.h; sourceTree = "<group>"; };
		BB67DBB61FB0D0F2000EAC8A /* SignerService.m */ = {isa = PBXFileReference; lastKnownFileType = sourcecode.c.objc; path = SignerService.m; sourceTree = "<group>"; };
		BBB040631FB1798A007DDD0A /* ScriptingBridge.framework */ = {isa = PBXFileReference; lastKnownFileType = wrapper.framework; name = ScriptingBridge.framework; path = Platforms/MacOSX.platform/Developer/SDKs/MacOSX10.13.sdk/System/Library/Frameworks/ScriptingBridge.framework; sourceTree = DEVELOPER_DIR; };
		BBB148D91FAD53BE00CB6B33 /* AppDelegate.swift */ = {isa = PBXFileReference; lastKnownFileType = sourcecode.swift; path = AppDelegate.swift; sourceTree = "<group>"; };
		BBB148DB1FAD53BE00CB6B33 /* Assets.xcassets */ = {isa = PBXFileReference; lastKnownFileType = folder.assetcatalog; path = Assets.xcassets; sourceTree = "<group>"; };
		BBB148DE1FAD53BE00CB6B33 /* Base */ = {isa = PBXFileReference; lastKnownFileType = file.xib; name = Base; path = Base.lproj/MainMenu.xib; sourceTree = "<group>"; };
		BBB148E01FAD53BE00CB6B33 /* Info.plist */ = {isa = PBXFileReference; lastKnownFileType = text.plist.xml; path = Info.plist; sourceTree = "<group>"; };
		BBB148E11FAD53BE00CB6B33 /* EvalApp.entitlements */ = {isa = PBXFileReference; lastKnownFileType = text.plist.entitlements; path = EvalApp.entitlements; sourceTree = "<group>"; };
		BBB64DD11FD56F570020BE47 /* XprobePluginMenuController.m */ = {isa = PBXFileReference; lastKnownFileType = sourcecode.c.objc; name = XprobePluginMenuController.m; path = XprobePlugin/Classes/XprobePluginMenuController.m; sourceTree = SOURCE_ROOT; };
		BBB64DD21FD56F570020BE47 /* XprobeConsole.m */ = {isa = PBXFileReference; lastKnownFileType = sourcecode.c.objc; name = XprobeConsole.m; path = XprobePlugin/Classes/XprobeConsole.m; sourceTree = SOURCE_ROOT; };
		BBB64DD61FD570210020BE47 /* graph-xdot.gv */ = {isa = PBXFileReference; lastKnownFileType = text; name = "graph-xdot.gv"; path = "XprobePlugin/graph-xdot.gv"; sourceTree = SOURCE_ROOT; };
		BBB64DD71FD570210020BE47 /* CodeMirror */ = {isa = PBXFileReference; lastKnownFileType = folder; name = CodeMirror; path = XprobePlugin/CodeMirror; sourceTree = SOURCE_ROOT; };
		BBB64DD81FD570210020BE47 /* xprobe.html */ = {isa = PBXFileReference; lastKnownFileType = text.html; name = xprobe.html; path = XprobePlugin/xprobe.html; sourceTree = SOURCE_ROOT; };
		BBB64DD91FD570210020BE47 /* canviz-0.1 */ = {isa = PBXFileReference; lastKnownFileType = folder; name = "canviz-0.1"; path = "XprobePlugin/canviz-0.1"; sourceTree = SOURCE_ROOT; };
		BBB64DDA1FD570220020BE47 /* canviz.html */ = {isa = PBXFileReference; lastKnownFileType = text.html; name = canviz.html; path = XprobePlugin/canviz.html; sourceTree = SOURCE_ROOT; };
		BBB64DDB1FD570220020BE47 /* tiny_red.gif */ = {isa = PBXFileReference; lastKnownFileType = image.gif; name = tiny_red.gif; path = XprobePlugin/tiny_red.gif; sourceTree = SOURCE_ROOT; };
		BBB64DE41FD571300020BE47 /* libz.tbd */ = {isa = PBXFileReference; lastKnownFileType = "sourcecode.text-based-dylib-definition"; name = libz.tbd; path = Platforms/MacOSX.platform/Developer/SDKs/MacOSX10.13.sdk/usr/lib/libz.tbd; sourceTree = DEVELOPER_DIR; };
		BBB64FDC1FD5744A0020BE47 /* XprobeConsole.xib */ = {isa = PBXFileReference; lastKnownFileType = file.xib; name = XprobeConsole.xib; path = XprobePlugin/Classes/XprobeConsole.xib; sourceTree = SOURCE_ROOT; };
		BBB64FDD1FD5744A0020BE47 /* XprobePluginMenuController.xib */ = {isa = PBXFileReference; lastKnownFileType = file.xib; name = XprobePluginMenuController.xib; path = XprobePlugin/Classes/XprobePluginMenuController.xib; sourceTree = SOURCE_ROOT; };
		BBB64FE01FD575260020BE47 /* XprobeSwift.swift */ = {isa = PBXFileReference; lastKnownFileType = sourcecode.swift; name = XprobeSwift.swift; path = XprobePlugin/XprobeSwift/XprobeSwift/XprobeSwift.swift; sourceTree = SOURCE_ROOT; };
		BBB64FE41FD576AA0020BE47 /* XprobeSwift-Bridging-Header.h */ = {isa = PBXFileReference; fileEncoding = 4; lastKnownFileType = sourcecode.c.h; path = "XprobeSwift-Bridging-Header.h"; sourceTree = "<group>"; };
		BBB64FE51FD577EB0020BE47 /* SwiftSwizzler.swift */ = {isa = PBXFileReference; lastKnownFileType = sourcecode.swift; name = SwiftSwizzler.swift; path = XprobePlugin/XprobeSwift/XprobeSwift/SwiftSwizzler.swift; sourceTree = SOURCE_ROOT; };
		BBB64FE91FD583B60020BE47 /* Xprobe.mm */ = {isa = PBXFileReference; lastKnownFileType = sourcecode.cpp.objcpp; name = Xprobe.mm; path = XprobePlugin/Classes/Xprobe.mm; sourceTree = SOURCE_ROOT; };
		BBB64FEB1FD585D50020BE47 /* WebKit.framework */ = {isa = PBXFileReference; lastKnownFileType = wrapper.framework; name = WebKit.framework; path = Platforms/MacOSX.platform/Developer/SDKs/MacOSX10.13.sdk/System/Library/Frameworks/WebKit.framework; sourceTree = DEVELOPER_DIR; };
		BBBEC42D1FC56522004188B3 /* XCTest.framework */ = {isa = PBXFileReference; lastKnownFileType = wrapper.framework; name = XCTest.framework; path = Platforms/MacOSX.platform/Developer/Library/Frameworks/XCTest.framework; sourceTree = DEVELOPER_DIR; };
		BBCA01FE1FB0F10300E45F0F /* InjectionIII.app */ = {isa = PBXFileReference; explicitFileType = wrapper.application; includeInIndex = 0; path = InjectionIII.app; sourceTree = BUILT_PRODUCTS_DIR; };
		BBCA02001FB0F10300E45F0F /* AppDelegate.h */ = {isa = PBXFileReference; lastKnownFileType = sourcecode.c.h; path = AppDelegate.h; sourceTree = "<group>"; };
		BBCA02011FB0F10300E45F0F /* AppDelegate.mm */ = {isa = PBXFileReference; lastKnownFileType = sourcecode.cpp.objcpp; path = AppDelegate.mm; sourceTree = "<group>"; };
		BBCA02031FB0F10300E45F0F /* Assets.xcassets */ = {isa = PBXFileReference; lastKnownFileType = folder.assetcatalog; path = Assets.xcassets; sourceTree = "<group>"; };
		BBCA02061FB0F10300E45F0F /* Base */ = {isa = PBXFileReference; lastKnownFileType = file.xib; name = Base; path = Base.lproj/MainMenu.xib; sourceTree = "<group>"; };
		BBCA02081FB0F10400E45F0F /* Info.plist */ = {isa = PBXFileReference; lastKnownFileType = text.plist.xml; path = Info.plist; sourceTree = "<group>"; };
		BBCA02091FB0F10400E45F0F /* main.m */ = {isa = PBXFileReference; lastKnownFileType = sourcecode.c.objc; path = main.m; sourceTree = "<group>"; };
		BBCA020B1FB0F10400E45F0F /* InjectionIII.entitlements */ = {isa = PBXFileReference; lastKnownFileType = text.plist.entitlements; path = InjectionIII.entitlements; sourceTree = "<group>"; };
		BBCA02451FB1065D00E45F0F /* macOSInjection.bundle */ = {isa = PBXFileReference; explicitFileType = wrapper.cfbundle; includeInIndex = 0; path = macOSInjection.bundle; sourceTree = BUILT_PRODUCTS_DIR; };
		BBCA02471FB1065D00E45F0F /* Info.plist */ = {isa = PBXFileReference; lastKnownFileType = text.plist.xml; path = Info.plist; sourceTree = "<group>"; };
		BBCA02541FB1099500E45F0F /* InjectionServer.h */ = {isa = PBXFileReference; lastKnownFileType = sourcecode.c.h; path = InjectionServer.h; sourceTree = "<group>"; };
		BBCA02551FB1099500E45F0F /* InjectionServer.mm */ = {isa = PBXFileReference; lastKnownFileType = sourcecode.cpp.objcpp; path = InjectionServer.mm; sourceTree = "<group>"; };
		BBCA02581FB112F500E45F0F /* App.icns */ = {isa = PBXFileReference; lastKnownFileType = image.icns; path = App.icns; sourceTree = "<group>"; };
		BBCA025A1FB1132700E45F0F /* Xcode.h */ = {isa = PBXFileReference; fileEncoding = 4; lastKnownFileType = sourcecode.c.h; path = Xcode.h; sourceTree = "<group>"; };
		BBCA025B1FB114FF00E45F0F /* InjectionClient.h */ = {isa = PBXFileReference; lastKnownFileType = sourcecode.c.h; path = InjectionClient.h; sourceTree = "<group>"; };
		BBCA025C1FB114FF00E45F0F /* InjectionClient.mm */ = {isa = PBXFileReference; lastKnownFileType = sourcecode.cpp.objcpp; path = InjectionClient.mm; sourceTree = "<group>"; };
		BBCA025E1FB122C300E45F0F /* InjectionIdle.tif */ = {isa = PBXFileReference; lastKnownFileType = image.tiff; path = InjectionIdle.tif; sourceTree = "<group>"; };
		BBCA025F1FB122C300E45F0F /* InjectionOK.tif */ = {isa = PBXFileReference; lastKnownFileType = image.tiff; path = InjectionOK.tif; sourceTree = "<group>"; };
		BBE490CE1FB2368A003D41BB /* FileWatcher.m */ = {isa = PBXFileReference; fileEncoding = 4; lastKnownFileType = sourcecode.c.objc; path = FileWatcher.m; sourceTree = "<group>"; };
		BBE490CF1FB2368A003D41BB /* FileWatcher.h */ = {isa = PBXFileReference; fileEncoding = 4; lastKnownFileType = sourcecode.c.h; path = FileWatcher.h; sourceTree = "<group>"; };
		BBE490D91FB2C643003D41BB /* InjectionBusy.tif */ = {isa = PBXFileReference; lastKnownFileType = image.tiff; path = InjectionBusy.tif; sourceTree = "<group>"; };
		BBE490DA1FB2C643003D41BB /* InjectionError.tif */ = {isa = PBXFileReference; lastKnownFileType = image.tiff; path = InjectionError.tif; sourceTree = "<group>"; };
		BBEB704A1FD28C6F00127711 /* XcodeHash.h */ = {isa = PBXFileReference; fileEncoding = 4; lastKnownFileType = sourcecode.c.h; path = XcodeHash.h; sourceTree = "<group>"; };
		BBEB704B1FD28C6F00127711 /* XcodeHash.m */ = {isa = PBXFileReference; fileEncoding = 4; lastKnownFileType = sourcecode.c.objc; path = XcodeHash.m; sourceTree = "<group>"; };
		BD35949D21A6C5DE0020EB94 /* Vaccine.swift */ = {isa = PBXFileReference; lastKnownFileType = sourcecode.swift; path = Vaccine.swift; sourceTree = "<group>"; };
		BDB6A7CE21824C800001CF95 /* UserDefaults.h */ = {isa = PBXFileReference; lastKnownFileType = sourcecode.c.h; path = UserDefaults.h; sourceTree = "<group>"; };
/* End PBXFileReference section */

/* Begin PBXFrameworksBuildPhase section */
		BB439B781FABA64300B4F50B /* Frameworks */ = {
			isa = PBXFrameworksBuildPhase;
			buildActionMask = 2147483647;
			files = (
			);
			runOnlyForDeploymentPostprocessing = 0;
		};
		BBCA01FB1FB0F10300E45F0F /* Frameworks */ = {
			isa = PBXFrameworksBuildPhase;
			buildActionMask = 2147483647;
			files = (
				BBB64FEC1FD585D50020BE47 /* WebKit.framework in Frameworks */,
				BBB040641FB17A6C007DDD0A /* ScriptingBridge.framework in Frameworks */,
				BBB64DE51FD571310020BE47 /* libz.tbd in Frameworks */,
			);
			runOnlyForDeploymentPostprocessing = 0;
		};
		BBCA02421FB1065D00E45F0F /* Frameworks */ = {
			isa = PBXFrameworksBuildPhase;
			buildActionMask = 2147483647;
			files = (
				BBB64DE61FD5717C0020BE47 /* libz.tbd in Frameworks */,
			);
			runOnlyForDeploymentPostprocessing = 0;
		};
/* End PBXFrameworksBuildPhase section */

/* Begin PBXGroup section */
		BB439B5C1FABA64300B4F50B = {
			isa = PBXGroup;
			children = (
				BB037DF41FAD80D0004B267C /* LICENSE */,
				BB037DF31FAD808B004B267C /* README.md */,
				BBCA01FF1FB0F10300E45F0F /* InjectionIII */,
				BBCA02461FB1065D00E45F0F /* InjectionBundle */,
				BB6224481FC5B13D00AD7A3A /* Bootstrap */,
				BB62245D1FC5B37400AD7A3A /* Helper */,
				BB6306F21FCD16140021D30C /* DDHotKey */,
				CEFB9ADB1FD58DB00034B410 /* Xprobe */,
				BB439B671FABA64300B4F50B /* SwiftEval */,
				BB439B7E1FABA64300B4F50B /* SwiftEvalTests */,
				BB439BB21FAC185200B4F50B /* signer */,
				BBB148D81FAD53BE00CB6B33 /* EvalApp */,
				BB439B661FABA64300B4F50B /* Products */,
				BBB040621FB1798A007DDD0A /* Frameworks */,
			);
			indentWidth = 4;
			sourceTree = "<group>";
			tabWidth = 4;
		};
		BB439B661FABA64300B4F50B /* Products */ = {
			isa = PBXGroup;
			children = (
				BB439B7B1FABA64300B4F50B /* SwiftEvalTests.xctest */,
				BBCA01FE1FB0F10300E45F0F /* InjectionIII.app */,
				BBCA02451FB1065D00E45F0F /* macOSInjection.bundle */,
			);
			name = Products;
			sourceTree = "<group>";
		};
		BB439B671FABA64300B4F50B /* SwiftEval */ = {
			isa = PBXGroup;
			children = (
				BB439B681FABA64300B4F50B /* AppDelegate.swift */,
				BB439B6A1FABA64300B4F50B /* MasterViewController.swift */,
				BB439B6C1FABA64300B4F50B /* DetailViewController.swift */,
				BB439B6E1FABA64300B4F50B /* Main.storyboard */,
				BB439B711FABA64300B4F50B /* Assets.xcassets */,
				BB439B731FABA64300B4F50B /* LaunchScreen.storyboard */,
				BB439BAC1FAC030E00B4F50B /* SwiftEval.entitlements */,
				BB439B761FABA64300B4F50B /* Info.plist */,
			);
			path = SwiftEval;
			sourceTree = "<group>";
		};
		BB439B7E1FABA64300B4F50B /* SwiftEvalTests */ = {
			isa = PBXGroup;
			children = (
				BB439B7F1FABA64300B4F50B /* SwiftEvalTests.swift */,
				BB439B811FABA64300B4F50B /* Info.plist */,
			);
			path = SwiftEvalTests;
			sourceTree = "<group>";
		};
		BB439BB21FAC185200B4F50B /* signer */ = {
			isa = PBXGroup;
			children = (
				BB67DBB51FB0D0F2000EAC8A /* SignerService.h */,
				BB67DBB61FB0D0F2000EAC8A /* SignerService.m */,
				BB439BB31FAC185200B4F50B /* main.m */,
			);
			path = signer;
			sourceTree = "<group>";
		};
		BB6224481FC5B13D00AD7A3A /* Bootstrap */ = {
			isa = PBXGroup;
			children = (
				BB62244F1FC5B18700AD7A3A /* Info.plist */,
				BB6224541FC5B1CB00AD7A3A /* mach_inject_bundle_stub.c */,
				BB6224531FC5B1CB00AD7A3A /* mach_inject_bundle_stub.h */,
			);
			path = Bootstrap;
			sourceTree = "<group>";
		};
		BB62245D1FC5B37400AD7A3A /* Helper */ = {
			isa = PBXGroup;
			children = (
				BB6224661FC5B3B700AD7A3A /* Helper.h */,
				BB6224641FC5B3B700AD7A3A /* Helper.m */,
				BB6224631FC5B3B600AD7A3A /* Info-Launchd.plist */,
				BB6224681FC5B3B700AD7A3A /* Info.plist */,
				BB6224651FC5B3B700AD7A3A /* mach_inject.c */,
				BB6224671FC5B3B700AD7A3A /* mach_inject.h */,
				BB6224691FC5B3B700AD7A3A /* main.m */,
			);
			path = Helper;
			sourceTree = "<group>";
		};
		BB6306F21FCD16140021D30C /* DDHotKey */ = {
			isa = PBXGroup;
			children = (
				BB6306F31FCD165F0021D30C /* DDHotKeyCenter.h */,
				BB6306F51FCD16600021D30C /* DDHotKeyCenter.m */,
				BB6306F41FCD165F0021D30C /* DDHotKeyUtilities.h */,
				BB6306F61FCD16600021D30C /* DDHotKeyUtilities.m */,
			);
			path = DDHotKey;
			sourceTree = "<group>";
		};
		BBB040621FB1798A007DDD0A /* Frameworks */ = {
			isa = PBXGroup;
			children = (
				BBB64FEB1FD585D50020BE47 /* WebKit.framework */,
				BBB64DE41FD571300020BE47 /* libz.tbd */,
				BBBEC42D1FC56522004188B3 /* XCTest.framework */,
				BBB040631FB1798A007DDD0A /* ScriptingBridge.framework */,
			);
			name = Frameworks;
			sourceTree = "<group>";
		};
		BBB148D81FAD53BE00CB6B33 /* EvalApp */ = {
			isa = PBXGroup;
			children = (
				BBB148D91FAD53BE00CB6B33 /* AppDelegate.swift */,
				BBB148DB1FAD53BE00CB6B33 /* Assets.xcassets */,
				BBB148DD1FAD53BE00CB6B33 /* MainMenu.xib */,
				BBB148E01FAD53BE00CB6B33 /* Info.plist */,
				BBB148E11FAD53BE00CB6B33 /* EvalApp.entitlements */,
			);
			path = EvalApp;
			sourceTree = "<group>";
		};
		BBCA01FF1FB0F10300E45F0F /* InjectionIII */ = {
			isa = PBXGroup;
			children = (
				BB6306FD1FCD1A410021D30C /* Credits.rtf */,
				BBCA025A1FB1132700E45F0F /* Xcode.h */,
				BBEB704A1FD28C6F00127711 /* XcodeHash.h */,
				BBEB704B1FD28C6F00127711 /* XcodeHash.m */,
				BBCA02001FB0F10300E45F0F /* AppDelegate.h */,
				BBCA02011FB0F10300E45F0F /* AppDelegate.mm */,
				B53A8EE3226937350016D773 /* InjectionEnum.h */,
				BBCA02541FB1099500E45F0F /* InjectionServer.h */,
				BBCA02551FB1099500E45F0F /* InjectionServer.mm */,
				BB67DBB21FB0CDA8000EAC8A /* SimpleSocket.h */,
				BB67DBB31FB0CDA8000EAC8A /* SimpleSocket.mm */,
				BBE490CF1FB2368A003D41BB /* FileWatcher.h */,
				BBE490CE1FB2368A003D41BB /* FileWatcher.m */,
				BB6224431FC5B0E500AD7A3A /* HelperInstaller.h */,
				BB6224441FC5B0E500AD7A3A /* HelperInstaller.m */,
				BB6224421FC5B0E500AD7A3A /* HelperProxy.h */,
				BB6224411FC5B0E300AD7A3A /* HelperProxy.m */,
				BBCA02031FB0F10300E45F0F /* Assets.xcassets */,
				BBCA025E1FB122C300E45F0F /* InjectionIdle.tif */,
				BBCA025F1FB122C300E45F0F /* InjectionOK.tif */,
				BBE490D91FB2C643003D41BB /* InjectionBusy.tif */,
				BBE490DA1FB2C643003D41BB /* InjectionError.tif */,
				BBCA02051FB0F10300E45F0F /* MainMenu.xib */,
				BBCA02081FB0F10400E45F0F /* Info.plist */,
				BBCA02581FB112F500E45F0F /* App.icns */,
				BBCA02091FB0F10400E45F0F /* main.m */,
				BBCA020B1FB0F10400E45F0F /* InjectionIII.entitlements */,
				BDB6A7CE21824C800001CF95 /* UserDefaults.h */,
			);
			path = InjectionIII;
			sourceTree = "<group>";
		};
		BBCA02461FB1065D00E45F0F /* InjectionBundle */ = {
			isa = PBXGroup;
			children = (
				BBCA02471FB1065D00E45F0F /* Info.plist */,
				BBCA025B1FB114FF00E45F0F /* InjectionClient.h */,
				BBCA025C1FB114FF00E45F0F /* InjectionClient.mm */,
				B5BEC89C226FB64600C96067 /* CoreInjectionClient.h */,
				B5BEC89D226FB64600C96067 /* CoreInjectionClient.mm */,
				B5BEC89F226FB69B00C96067 /* XCTestInjectionClient.h */,
				B5BEC8A0226FB69B00C96067 /* XCTestInjectionClient.mm */,
				BB439B8A1FABA65D00B4F50B /* SwiftEval.swift */,
				BB109FAF1FAECD92008C5218 /* SwiftInjection.swift */,
				B5BEC898226F938000C96067 /* XCTestSwiftInjection.swift */,
				BBB64FE41FD576AA0020BE47 /* XprobeSwift-Bridging-Header.h */,
				BD35949D21A6C5DE0020EB94 /* Vaccine.swift */,
				B5BEC894226F89A400C96067 /* NSObjectSwiftInjection.swift */,
				B5BEC896226F8A5500C96067 /* UIViewControllerSwiftInjection.swift */,
			);
			path = InjectionBundle;
			sourceTree = "<group>";
		};
		CEFB9ADB1FD58DB00034B410 /* Xprobe */ = {
			isa = PBXGroup;
			children = (
				BB1DEA9A1FD6A74800AF509F /* Xtrace.h */,
				BB5639401FD5D535002FFCEF /* Xtrace.mm */,
				BB1DEA9C1FD6A74900AF509F /* Xprobe.h */,
				BBB64FE91FD583B60020BE47 /* Xprobe.mm */,
				BB1DEA9B1FD6A74900AF509F /* IvarAccess.h */,
				BB56393F1FD5D535002FFCEF /* Xprobe+Service.mm */,
				BBB64FE01FD575260020BE47 /* XprobeSwift.swift */,
				BBB64FE51FD577EB0020BE47 /* SwiftSwizzler.swift */,
				BBB64DD91FD570210020BE47 /* canviz-0.1 */,
				BBB64DDA1FD570220020BE47 /* canviz.html */,
				BBB64DD71FD570210020BE47 /* CodeMirror */,
				BBB64DD61FD570210020BE47 /* graph-xdot.gv */,
				BBB64DDB1FD570220020BE47 /* tiny_red.gif */,
				BBB64DD81FD570210020BE47 /* xprobe.html */,
				BB1DEA9D1FD6A74900AF509F /* XprobeConsole.h */,
				BBB64DD21FD56F570020BE47 /* XprobeConsole.m */,
				BBB64FDC1FD5744A0020BE47 /* XprobeConsole.xib */,
				BB1DEA9E1FD6A74900AF509F /* XprobePluginMenuController.h */,
				BBB64DD11FD56F570020BE47 /* XprobePluginMenuController.m */,
				BBB64FDD1FD5744A0020BE47 /* XprobePluginMenuController.xib */,
			);
			name = Xprobe;
			sourceTree = "<group>";
		};
/* End PBXGroup section */

/* Begin PBXNativeTarget section */
		BB439B7A1FABA64300B4F50B /* SwiftEvalTests */ = {
			isa = PBXNativeTarget;
			buildConfigurationList = BB439B871FABA64300B4F50B /* Build configuration list for PBXNativeTarget "SwiftEvalTests" */;
			buildPhases = (
				BB439B771FABA64300B4F50B /* Sources */,
				BB439B781FABA64300B4F50B /* Frameworks */,
				BB439B791FABA64300B4F50B /* Resources */,
			);
			buildRules = (
			);
			dependencies = (
			);
			name = SwiftEvalTests;
			productName = SwiftEvalTests;
			productReference = BB439B7B1FABA64300B4F50B /* SwiftEvalTests.xctest */;
			productType = "com.apple.product-type.bundle.unit-test";
		};
		BBCA01FD1FB0F10300E45F0F /* InjectionIII */ = {
			isa = PBXNativeTarget;
			buildConfigurationList = BBCA020C1FB0F10400E45F0F /* Build configuration list for PBXNativeTarget "InjectionIII" */;
			buildPhases = (
				BB6306FF1FCD1DAA0021D30C /* ShellScript */,
				BBCA01FA1FB0F10300E45F0F /* Sources */,
				BBCA01FB1FB0F10300E45F0F /* Frameworks */,
				BBCA01FC1FB0F10300E45F0F /* Resources */,
				BB6224721FC5BA6F00AD7A3A /* CopyFiles */,
				BBCA02321FB0F86E00E45F0F /* ShellScript */,
			);
			buildRules = (
			);
			dependencies = (
				BBCA024F1FB106C000E45F0F /* PBXTargetDependency */,
			);
			name = InjectionIII;
			productName = InjectionIII;
			productReference = BBCA01FE1FB0F10300E45F0F /* InjectionIII.app */;
			productType = "com.apple.product-type.application";
		};
		BBCA02441FB1065D00E45F0F /* InjectionBundle */ = {
			isa = PBXNativeTarget;
			buildConfigurationList = BBCA02481FB1065D00E45F0F /* Build configuration list for PBXNativeTarget "InjectionBundle" */;
			buildPhases = (
				BBCA02411FB1065D00E45F0F /* Sources */,
				BBCA02421FB1065D00E45F0F /* Frameworks */,
				BBCA02431FB1065D00E45F0F /* Resources */,
				BBE429591FD7D476009FBA8B /* ShellScript */,
			);
			buildRules = (
			);
			dependencies = (
			);
			name = InjectionBundle;
			productName = InjectionBundle;
			productReference = BBCA02451FB1065D00E45F0F /* macOSInjection.bundle */;
			productType = "com.apple.product-type.bundle";
		};
/* End PBXNativeTarget section */

/* Begin PBXProject section */
		BB439B5D1FABA64300B4F50B /* Project object */ = {
			isa = PBXProject;
			attributes = {
				LastSwiftUpdateCheck = 0910;
				LastUpgradeCheck = 0910;
				ORGANIZATIONNAME = "John Holdsworth";
				TargetAttributes = {
					BB439B7A1FABA64300B4F50B = {
						CreatedOnToolsVersion = 9.1;
						ProvisioningStyle = Automatic;
						TestTargetID = BB439B641FABA64300B4F50B;
					};
					BBCA01FD1FB0F10300E45F0F = {
						CreatedOnToolsVersion = 9.0.1;
						ProvisioningStyle = Manual;
						SystemCapabilities = {
							com.apple.Sandbox = {
								enabled = 1;
							};
						};
					};
					BBCA02441FB1065D00E45F0F = {
						CreatedOnToolsVersion = 9.0.1;
						ProvisioningStyle = Manual;
					};
				};
			};
			buildConfigurationList = BB439B601FABA64300B4F50B /* Build configuration list for PBXProject "InjectionIII" */;
			compatibilityVersion = "Xcode 8.0";
			developmentRegion = en;
			hasScannedForEncodings = 0;
			knownRegions = (
				en,
				Base,
			);
			mainGroup = BB439B5C1FABA64300B4F50B;
			productRefGroup = BB439B661FABA64300B4F50B /* Products */;
			projectDirPath = "";
			projectRoot = "";
			targets = (
				BBCA01FD1FB0F10300E45F0F /* InjectionIII */,
				BBCA02441FB1065D00E45F0F /* InjectionBundle */,
				BB439B7A1FABA64300B4F50B /* SwiftEvalTests */,
			);
		};
/* End PBXProject section */

/* Begin PBXResourcesBuildPhase section */
		BB439B791FABA64300B4F50B /* Resources */ = {
			isa = PBXResourcesBuildPhase;
			buildActionMask = 2147483647;
			files = (
			);
			runOnlyForDeploymentPostprocessing = 0;
		};
		BBCA01FC1FB0F10300E45F0F /* Resources */ = {
			isa = PBXResourcesBuildPhase;
			buildActionMask = 2147483647;
			files = (
				BBB64FDE1FD5744A0020BE47 /* XprobeConsole.xib in Resources */,
				BBB64FDF1FD5744A0020BE47 /* XprobePluginMenuController.xib in Resources */,
				BBB64DDC1FD570220020BE47 /* graph-xdot.gv in Resources */,
				BBB64DDD1FD570220020BE47 /* CodeMirror in Resources */,
				BBB64DDE1FD570220020BE47 /* xprobe.html in Resources */,
				BBB64DDF1FD570220020BE47 /* canviz-0.1 in Resources */,
				BBB64DE01FD570220020BE47 /* canviz.html in Resources */,
				BBB64DE11FD570220020BE47 /* tiny_red.gif in Resources */,
				BBB64DC61FD450B40020BE47 /* LICENSE in Resources */,
				BBB64DC51FD450AF0020BE47 /* README.md in Resources */,
				BBE490DC1FB2C643003D41BB /* InjectionError.tif in Resources */,
				BBCA02591FB112F500E45F0F /* App.icns in Resources */,
				BBCA024D1FB1069A00E45F0F /* macOSInjection.bundle in Resources */,
				BBCA02601FB122C300E45F0F /* InjectionIdle.tif in Resources */,
				BB6306FE1FCD1A410021D30C /* Credits.rtf in Resources */,
				BBCA02611FB122C300E45F0F /* InjectionOK.tif in Resources */,
				BBCA02041FB0F10300E45F0F /* Assets.xcassets in Resources */,
				BBCA02071FB0F10300E45F0F /* MainMenu.xib in Resources */,
				BBE490DB1FB2C643003D41BB /* InjectionBusy.tif in Resources */,
			);
			runOnlyForDeploymentPostprocessing = 0;
		};
		BBCA02431FB1065D00E45F0F /* Resources */ = {
			isa = PBXResourcesBuildPhase;
			buildActionMask = 2147483647;
			files = (
			);
			runOnlyForDeploymentPostprocessing = 0;
		};
/* End PBXResourcesBuildPhase section */

/* Begin PBXShellScriptBuildPhase section */
		BB6306FF1FCD1DAA0021D30C /* ShellScript */ = {
			isa = PBXShellScriptBuildPhase;
			buildActionMask = 2147483647;
			files = (
			);
			inputPaths = (
			);
			outputPaths = (
			);
			runOnlyForDeploymentPostprocessing = 0;
			shellPath = /bin/sh;
			shellScript = "buildNumber=$(/usr/libexec/PlistBuddy -c \"Print CFBundleVersion\" \"${PROJECT_DIR}/${INFOPLIST_FILE}\")\nbuildNumber=$(($buildNumber + 1))\nchmod +w \"${PROJECT_DIR}/${INFOPLIST_FILE}\"\n/usr/libexec/PlistBuddy -c \"Set :CFBundleVersion $buildNumber\" \"${PROJECT_DIR}/${INFOPLIST_FILE}\"\n";
			showEnvVarsInLog = 0;
		};
		BBCA02321FB0F86E00E45F0F /* ShellScript */ = {
			isa = PBXShellScriptBuildPhase;
			buildActionMask = 2147483647;
			files = (
			);
			inputPaths = (
			);
			outputPaths = (
			);
			runOnlyForDeploymentPostprocessing = 0;
			shellPath = /bin/sh;
			shellScript = "SYMROOT=/tmp/Injection\nexport PLATFORM_DIR_OS=$DEVELOPER_DIR/Platforms/iPhoneSimulator.platform &&\n\"$DEVELOPER_BIN_DIR\"/xcodebuild SYMROOT=$SYMROOT PRODUCT_NAME=iOSInjection LD_RUNPATH_SEARCH_PATHS=\"$DEVELOPER_DIR/Toolchains/XcodeDefault.xctoolchain/usr/lib/swift/iphonesimulator $PLATFORM_DIR_OS/Developer/Library/Frameworks @loader_path/Frameworks\" -arch x86_64 -sdk iphonesimulator -config Debug -target InjectionBundle &&\n/Applications/Xcode101.app/Contents/Developer/usr/bin/xcodebuild SYMROOT=/tmp/Injection10 PRODUCT_NAME=iOSInjection10 LD_RUNPATH_SEARCH_PATHS=\"$DEVELOPER_DIR/Toolchains/XcodeDefault.xctoolchain/usr/lib/swift/iphonesimulator $PLATFORM_DIR_OS/Developer/Library/Frameworks @loader_path/Frameworks\" -arch x86_64 -sdk iphonesimulator -config Debug -target InjectionBundle &&\nrsync -au $SYMROOT/Debug-iphonesimulator/iOSInjection.bundle /tmp/Injection10/Debug-iphonesimulator/iOSInjection10.bundle \"$CODESIGNING_FOLDER_PATH/Contents/Resources\" &&\nexport PLATFORM_DIR_OS=$DEVELOPER_DIR/Platforms/AppleTVSimulator.platform &&\n\"$DEVELOPER_BIN_DIR\"/xcodebuild SYMROOT=$SYMROOT PRODUCT_NAME=tvOSInjection LD_RUNPATH_SEARCH_PATHS=\"$DEVELOPER_DIR/Toolchains/XcodeDefault.xctoolchain/usr/lib/swift/appletvsimulator $PLATFORM_DIR_OS/Developer/Library/Frameworks @loader_path/Frameworks\" -arch x86_64 -sdk appletvsimulator -config Debug -target InjectionBundle &&\n/Applications/Xcode101.app/Contents/Developer/usr/bin/xcodebuild SYMROOT=/tmp/Injection10 PRODUCT_NAME=tvOSInjection10 LD_RUNPATH_SEARCH_PATHS=\"$DEVELOPER_DIR/Toolchains/XcodeDefault.xctoolchain/usr/lib/swift/appletvsimulator $PLATFORM_DIR_OS/Developer/Library/Frameworks @loader_path/Frameworks\" -arch x86_64 -sdk appletvsimulator -config Debug -target InjectionBundle &&\nrsync -au $SYMROOT/Debug-appletvsimulator/tvOSInjection.bundle /tmp/Injection10/Debug-appletvsimulator/tvOSInjection10.bundle \"$CODESIGNING_FOLDER_PATH/Contents/Resources\" &&\nexport PLATFORM_DIR_OS=$DEVELOPER_DIR/Platforms/MacOS.platform &&\n/Applications/Xcode101.app/Contents/Developer/usr/bin/xcodebuild SYMROOT=/tmp/Injection10 PRODUCT_NAME=macOSInjection10 LD_RUNPATH_SEARCH_PATHS=\"$DEVELOPER_DIR/Toolchains/XcodeDefault.xctoolchain/usr/lib/swift/iphonesimulator $PLATFORM_DIR_OS/Developer/Library/Frameworks @loader_path/Frameworks\" -arch x86_64 -config Debug -target InjectionBundle &&\nrsync -au /tmp/Injection10/Debug/macOSInjection10.bundle \"$CODESIGNING_FOLDER_PATH/Contents/Resources\" &&\nfind $CODESIGNING_FOLDER_PATH/Contents/Resources/*.bundle -name '*.h' -delete\n";
			showEnvVarsInLog = 0;
		};
		BBE429591FD7D476009FBA8B /* ShellScript */ = {
			isa = PBXShellScriptBuildPhase;
			buildActionMask = 2147483647;
			files = (
			);
			inputPaths = (
			);
			outputPaths = (
			);
			runOnlyForDeploymentPostprocessing = 0;
			shellPath = /bin/sh;
			shellScript = "#rsync -au --links \"${PLATFORM_DIR_OS:-$PLATFORM_DIR}/Developer/Library/Frameworks/XCTest.framework\" \"$CONFIGURATION_BUILD_DIR/$FRAMEWORKS_FOLDER_PATH\"";
			showEnvVarsInLog = 0;
		};
/* End PBXShellScriptBuildPhase section */

/* Begin PBXSourcesBuildPhase section */
		BB439B771FABA64300B4F50B /* Sources */ = {
			isa = PBXSourcesBuildPhase;
			buildActionMask = 2147483647;
			files = (
				BB439B801FABA64300B4F50B /* SwiftEvalTests.swift in Sources */,
			);
			runOnlyForDeploymentPostprocessing = 0;
		};
		BBCA01FA1FB0F10300E45F0F /* Sources */ = {
			isa = PBXSourcesBuildPhase;
			buildActionMask = 2147483647;
			files = (
				BB877CE42186EB6E0070EEC7 /* DDHotKeyCenter.m in Sources */,
				BB877CE52186EB6E0070EEC7 /* DDHotKeyUtilities.m in Sources */,
				BBB64FEA1FD583B60020BE47 /* Xprobe.mm in Sources */,
				BBB64DD31FD56F570020BE47 /* XprobePluginMenuController.m in Sources */,
				BBB64DD41FD56F570020BE47 /* XprobeConsole.m in Sources */,
				BB56393C1FD5C25A002FFCEF /* SignerService.m in Sources */,
				BBCA020A1FB0F10400E45F0F /* main.m in Sources */,
				BBEB704C1FD28C6F00127711 /* XcodeHash.m in Sources */,
				BBCA02021FB0F10300E45F0F /* AppDelegate.mm in Sources */,
				BBE490D01FB2368A003D41BB /* FileWatcher.m in Sources */,
				BBCA02561FB1099500E45F0F /* InjectionServer.mm in Sources */,
				BBCA022A1FB0F64800E45F0F /* SimpleSocket.mm in Sources */,
				BBBFD2D01FCFEE300057D899 /* SwiftEval.swift in Sources */,
			);
			runOnlyForDeploymentPostprocessing = 0;
		};
		BBCA02411FB1065D00E45F0F /* Sources */ = {
			isa = PBXSourcesBuildPhase;
			buildActionMask = 2147483647;
			files = (
				BBCA02501FB107AF00E45F0F /* SwiftEval.swift in Sources */,
				BD35949E21A6C5DE0020EB94 /* Vaccine.swift in Sources */,
				BBCA02511FB107AF00E45F0F /* SwiftInjection.swift in Sources */,
				B5BEC8A1226FB69B00C96067 /* XCTestInjectionClient.mm in Sources */,
				BBB64FE11FD575260020BE47 /* XprobeSwift.swift in Sources */,
				BBB64FE61FD577EB0020BE47 /* SwiftSwizzler.swift in Sources */,
				BBCA02621FB1312A00E45F0F /* SimpleSocket.mm in Sources */,
				BBCA025D1FB114FF00E45F0F /* InjectionClient.mm in Sources */,
				B5BEC899226F938000C96067 /* XCTestSwiftInjection.swift in Sources */,
				B5BEC895226F89A400C96067 /* NSObjectSwiftInjection.swift in Sources */,
				B5BEC897226F8A5500C96067 /* UIViewControllerSwiftInjection.swift in Sources */,
			);
			runOnlyForDeploymentPostprocessing = 0;
		};
/* End PBXSourcesBuildPhase section */

/* Begin PBXTargetDependency section */
		BBCA024F1FB106C000E45F0F /* PBXTargetDependency */ = {
			isa = PBXTargetDependency;
			target = BBCA02441FB1065D00E45F0F /* InjectionBundle */;
			targetProxy = BBCA024E1FB106C000E45F0F /* PBXContainerItemProxy */;
		};
/* End PBXTargetDependency section */

/* Begin PBXVariantGroup section */
		BB439B6E1FABA64300B4F50B /* Main.storyboard */ = {
			isa = PBXVariantGroup;
			children = (
				BB439B6F1FABA64300B4F50B /* Base */,
			);
			name = Main.storyboard;
			sourceTree = "<group>";
		};
		BB439B731FABA64300B4F50B /* LaunchScreen.storyboard */ = {
			isa = PBXVariantGroup;
			children = (
				BB439B741FABA64300B4F50B /* Base */,
			);
			name = LaunchScreen.storyboard;
			sourceTree = "<group>";
		};
		BBB148DD1FAD53BE00CB6B33 /* MainMenu.xib */ = {
			isa = PBXVariantGroup;
			children = (
				BBB148DE1FAD53BE00CB6B33 /* Base */,
			);
			name = MainMenu.xib;
			sourceTree = "<group>";
		};
		BBCA02051FB0F10300E45F0F /* MainMenu.xib */ = {
			isa = PBXVariantGroup;
			children = (
				BBCA02061FB0F10300E45F0F /* Base */,
			);
			name = MainMenu.xib;
			sourceTree = "<group>";
		};
/* End PBXVariantGroup section */

/* Begin XCBuildConfiguration section */
		BB439B821FABA64300B4F50B /* Debug */ = {
			isa = XCBuildConfiguration;
			buildSettings = {
				ALWAYS_SEARCH_USER_PATHS = NO;
				CLANG_ANALYZER_NONNULL = YES;
				CLANG_ANALYZER_NUMBER_OBJECT_CONVERSION = YES_AGGRESSIVE;
				CLANG_CXX_LANGUAGE_STANDARD = "gnu++14";
				CLANG_CXX_LIBRARY = "libc++";
				CLANG_ENABLE_MODULES = YES;
				CLANG_ENABLE_OBJC_ARC = YES;
				CLANG_WARN_BLOCK_CAPTURE_AUTORELEASING = YES;
				CLANG_WARN_BOOL_CONVERSION = YES;
				CLANG_WARN_COMMA = YES;
				CLANG_WARN_CONSTANT_CONVERSION = YES;
				CLANG_WARN_DIRECT_OBJC_ISA_USAGE = YES_ERROR;
				CLANG_WARN_DOCUMENTATION_COMMENTS = YES;
				CLANG_WARN_EMPTY_BODY = YES;
				CLANG_WARN_ENUM_CONVERSION = YES;
				CLANG_WARN_INFINITE_RECURSION = YES;
				CLANG_WARN_INT_CONVERSION = YES;
				CLANG_WARN_NON_LITERAL_NULL_CONVERSION = YES;
				CLANG_WARN_OBJC_LITERAL_CONVERSION = YES;
				CLANG_WARN_OBJC_ROOT_CLASS = YES_ERROR;
				CLANG_WARN_RANGE_LOOP_ANALYSIS = YES;
				CLANG_WARN_STRICT_PROTOTYPES = YES;
				CLANG_WARN_SUSPICIOUS_MOVE = YES;
				CLANG_WARN_UNGUARDED_AVAILABILITY = YES_AGGRESSIVE;
				CLANG_WARN_UNREACHABLE_CODE = YES;
				CLANG_WARN__DUPLICATE_METHOD_MATCH = YES;
				CODE_SIGN_IDENTITY = "iPhone Developer";
				COPY_PHASE_STRIP = NO;
				DEBUG_INFORMATION_FORMAT = dwarf;
				ENABLE_STRICT_OBJC_MSGSEND = YES;
				ENABLE_TESTABILITY = YES;
				FRAMEWORK_SEARCH_PATHS = $PLATFORM_DIR/Developer/Library/Frameworks;
				GCC_C_LANGUAGE_STANDARD = gnu11;
				GCC_DYNAMIC_NO_PIC = NO;
				GCC_NO_COMMON_BLOCKS = YES;
				GCC_OPTIMIZATION_LEVEL = 0;
				GCC_PREPROCESSOR_DEFINITIONS = (
					"HELPER_MACH_ID=\\\"$HELPER_MACH_ID\\\"",
					"DEBUG=1",
					"XPROBE_PORT=8891",
					"INJECTION_ADDR=INADDR_LOOPBACK",
				);
				GCC_WARN_64_TO_32_BIT_CONVERSION = YES;
				GCC_WARN_ABOUT_RETURN_TYPE = YES_ERROR;
				GCC_WARN_UNDECLARED_SELECTOR = YES;
				GCC_WARN_UNINITIALIZED_AUTOS = YES_AGGRESSIVE;
				GCC_WARN_UNUSED_FUNCTION = YES;
				GCC_WARN_UNUSED_VARIABLE = YES;
				HELPER_MACH_ID = com.johnholdsworth.InjectionIII.Helper.mach;
				IPHONEOS_DEPLOYMENT_TARGET = 10.3;
				LD_RUNPATH_SEARCH_PATHS = "$(TOOLCHAIN_DIR)/usr/lib/swift/$(SWIFT_PLATFORM_TARGET_PREFIX) $PLATFORM_DIR/Developer/Library/Frameworks";
				MTL_ENABLE_DEBUG_INFO = YES;
				ONLY_ACTIVE_ARCH = YES;
				SDKROOT = iphoneos;
				SWIFT_ACTIVE_COMPILATION_CONDITIONS = DEBUG;
				SWIFT_OPTIMIZATION_LEVEL = "-Onone";
				SWIFT_VERSION = 4.0;
			};
			name = Debug;
		};
		BB439B831FABA64300B4F50B /* Release */ = {
			isa = XCBuildConfiguration;
			buildSettings = {
				ALWAYS_SEARCH_USER_PATHS = NO;
				CLANG_ANALYZER_NONNULL = YES;
				CLANG_ANALYZER_NUMBER_OBJECT_CONVERSION = YES_AGGRESSIVE;
				CLANG_CXX_LANGUAGE_STANDARD = "gnu++14";
				CLANG_CXX_LIBRARY = "libc++";
				CLANG_ENABLE_MODULES = YES;
				CLANG_ENABLE_OBJC_ARC = YES;
				CLANG_WARN_BLOCK_CAPTURE_AUTORELEASING = YES;
				CLANG_WARN_BOOL_CONVERSION = YES;
				CLANG_WARN_COMMA = YES;
				CLANG_WARN_CONSTANT_CONVERSION = YES;
				CLANG_WARN_DIRECT_OBJC_ISA_USAGE = YES_ERROR;
				CLANG_WARN_DOCUMENTATION_COMMENTS = YES;
				CLANG_WARN_EMPTY_BODY = YES;
				CLANG_WARN_ENUM_CONVERSION = YES;
				CLANG_WARN_INFINITE_RECURSION = YES;
				CLANG_WARN_INT_CONVERSION = YES;
				CLANG_WARN_NON_LITERAL_NULL_CONVERSION = YES;
				CLANG_WARN_OBJC_LITERAL_CONVERSION = YES;
				CLANG_WARN_OBJC_ROOT_CLASS = YES_ERROR;
				CLANG_WARN_RANGE_LOOP_ANALYSIS = YES;
				CLANG_WARN_STRICT_PROTOTYPES = YES;
				CLANG_WARN_SUSPICIOUS_MOVE = YES;
				CLANG_WARN_UNGUARDED_AVAILABILITY = YES_AGGRESSIVE;
				CLANG_WARN_UNREACHABLE_CODE = YES;
				CLANG_WARN__DUPLICATE_METHOD_MATCH = YES;
				CODE_SIGN_IDENTITY = "iPhone Developer";
				COPY_PHASE_STRIP = NO;
				DEBUG_INFORMATION_FORMAT = "dwarf-with-dsym";
				ENABLE_NS_ASSERTIONS = NO;
				ENABLE_STRICT_OBJC_MSGSEND = YES;
				FRAMEWORK_SEARCH_PATHS = $PLATFORM_DIR/Developer/Library/Frameworks;
				GCC_C_LANGUAGE_STANDARD = gnu11;
				GCC_NO_COMMON_BLOCKS = YES;
				GCC_PREPROCESSOR_DEFINITIONS = (
					"HELPER_MACH_ID=\\\"$HELPER_MACH_ID\\\"",
					"DEBUG=1",
					"XPROBE_PORT=8891",
					"INJECTION_ADDR=INADDR_LOOPBACK",
				);
				GCC_WARN_64_TO_32_BIT_CONVERSION = YES;
				GCC_WARN_ABOUT_RETURN_TYPE = YES_ERROR;
				GCC_WARN_UNDECLARED_SELECTOR = YES;
				GCC_WARN_UNINITIALIZED_AUTOS = YES_AGGRESSIVE;
				GCC_WARN_UNUSED_FUNCTION = YES;
				GCC_WARN_UNUSED_VARIABLE = YES;
				HELPER_MACH_ID = com.johnholdsworth.InjectionIII.Helper.mach;
				IPHONEOS_DEPLOYMENT_TARGET = 10.3;
				LD_RUNPATH_SEARCH_PATHS = "$(TOOLCHAIN_DIR)/usr/lib/swift/$(SWIFT_PLATFORM_TARGET_PREFIX) $PLATFORM_DIR/Developer/Library/Frameworks";
				MTL_ENABLE_DEBUG_INFO = NO;
				SDKROOT = iphoneos;
				SWIFT_OPTIMIZATION_LEVEL = "-Owholemodule";
				SWIFT_VERSION = 4.0;
				VALIDATE_PRODUCT = YES;
			};
			name = Release;
		};
		BB439B881FABA64300B4F50B /* Debug */ = {
			isa = XCBuildConfiguration;
			buildSettings = {
				ALWAYS_EMBED_SWIFT_STANDARD_LIBRARIES = YES;
				BUNDLE_LOADER = "$(TEST_HOST)";
				CODE_SIGN_STYLE = Automatic;
				DEVELOPMENT_TEAM = E23HUP39A3;
				INFOPLIST_FILE = SwiftEvalTests/Info.plist;
				LD_RUNPATH_SEARCH_PATHS = "$(inherited) @executable_path/Frameworks @loader_path/Frameworks";
				PRODUCT_BUNDLE_IDENTIFIER = com.johnholdsworth.SwiftEvalTests;
				PRODUCT_NAME = "$(TARGET_NAME)";
				SWIFT_VERSION = 4.0;
				TARGETED_DEVICE_FAMILY = "1,2";
				TEST_HOST = "$(BUILT_PRODUCTS_DIR)/SwiftEval.app/SwiftEval";
			};
			name = Debug;
		};
		BB439B891FABA64300B4F50B /* Release */ = {
			isa = XCBuildConfiguration;
			buildSettings = {
				ALWAYS_EMBED_SWIFT_STANDARD_LIBRARIES = YES;
				BUNDLE_LOADER = "$(TEST_HOST)";
				CODE_SIGN_STYLE = Automatic;
				DEVELOPMENT_TEAM = E23HUP39A3;
				INFOPLIST_FILE = SwiftEvalTests/Info.plist;
				LD_RUNPATH_SEARCH_PATHS = "$(inherited) @executable_path/Frameworks @loader_path/Frameworks";
				PRODUCT_BUNDLE_IDENTIFIER = com.johnholdsworth.SwiftEvalTests;
				PRODUCT_NAME = "$(TARGET_NAME)";
				SWIFT_VERSION = 4.0;
				TARGETED_DEVICE_FAMILY = "1,2";
				TEST_HOST = "$(BUILT_PRODUCTS_DIR)/SwiftEval.app/SwiftEval";
			};
			name = Release;
		};
		BBCA020D1FB0F10400E45F0F /* Debug */ = {
			isa = XCBuildConfiguration;
			buildSettings = {
				ASSETCATALOG_COMPILER_APPICON_NAME = AppIcon;
				CODE_SIGN_ENTITLEMENTS = InjectionIII/InjectionIII.entitlements;
				CODE_SIGN_IDENTITY = "Developer ID Application";
				CODE_SIGN_STYLE = Manual;
				COMBINE_HIDPI_IMAGES = YES;
				DEVELOPMENT_TEAM = E23HUP39A3;
				INFOPLIST_FILE = InjectionIII/Info.plist;
				LD_RUNPATH_SEARCH_PATHS = "@executable_path/../Frameworks";
				MACOSX_DEPLOYMENT_TARGET = 10.12;
				PRODUCT_BUNDLE_IDENTIFIER = com.johnholdsworth.InjectionIII;
				PRODUCT_NAME = "$(TARGET_NAME)";
				PROVISIONING_PROFILE_SPECIFIER = "";
				SDKROOT = macosx;
			};
			name = Debug;
		};
		BBCA020E1FB0F10400E45F0F /* Release */ = {
			isa = XCBuildConfiguration;
			buildSettings = {
				ASSETCATALOG_COMPILER_APPICON_NAME = AppIcon;
				CODE_SIGN_ENTITLEMENTS = InjectionIII/InjectionIII.entitlements;
				CODE_SIGN_IDENTITY = "Developer ID Application";
				CODE_SIGN_STYLE = Manual;
				COMBINE_HIDPI_IMAGES = YES;
				DEVELOPMENT_TEAM = E23HUP39A3;
				INFOPLIST_FILE = InjectionIII/Info.plist;
				LD_RUNPATH_SEARCH_PATHS = "@executable_path/../Frameworks";
				MACOSX_DEPLOYMENT_TARGET = 10.12;
				PRODUCT_BUNDLE_IDENTIFIER = com.johnholdsworth.InjectionIII;
				PRODUCT_NAME = "$(TARGET_NAME)";
				PROVISIONING_PROFILE_SPECIFIER = "";
				SDKROOT = macosx;
			};
			name = Release;
		};
		BBCA02491FB1065D00E45F0F /* Debug */ = {
			isa = XCBuildConfiguration;
			buildSettings = {
				CODE_SIGN_IDENTITY = "Developer ID Application";
				CODE_SIGN_STYLE = Manual;
				COMBINE_HIDPI_IMAGES = YES;
				DEVELOPMENT_TEAM = E23HUP39A3;
				INFOPLIST_FILE = InjectionBundle/Info.plist;
				INSTALL_PATH = "$(LOCAL_LIBRARY_DIR)/Bundles";
				MACOSX_DEPLOYMENT_TARGET = 10.12;
				ONLY_ACTIVE_ARCH = NO;
				PRODUCT_BUNDLE_IDENTIFIER = com.johnholdsworth.InjectionBundle;
				PRODUCT_NAME = macOSInjection;
				PROVISIONING_PROFILE_SPECIFIER = "";
				REEXPORTED_FRAMEWORK_NAMES = "";
				SDKROOT = macosx;
				SKIP_INSTALL = YES;
				SWIFT_OBJC_BRIDGING_HEADER = "InjectionBundle/XprobeSwift-Bridging-Header.h";
				WRAPPER_EXTENSION = bundle;
			};
			name = Debug;
		};
		BBCA024A1FB1065D00E45F0F /* Release */ = {
			isa = XCBuildConfiguration;
			buildSettings = {
				CODE_SIGN_IDENTITY = "Developer ID Application";
				CODE_SIGN_STYLE = Manual;
				COMBINE_HIDPI_IMAGES = YES;
				DEVELOPMENT_TEAM = E23HUP39A3;
				INFOPLIST_FILE = InjectionBundle/Info.plist;
				INSTALL_PATH = "$(LOCAL_LIBRARY_DIR)/Bundles";
				MACOSX_DEPLOYMENT_TARGET = 10.12;
				PRODUCT_BUNDLE_IDENTIFIER = com.johnholdsworth.InjectionBundle;
				PRODUCT_NAME = macOSInjection;
				PROVISIONING_PROFILE_SPECIFIER = "";
				REEXPORTED_FRAMEWORK_NAMES = "";
				SDKROOT = macosx;
				SKIP_INSTALL = YES;
				SWIFT_OBJC_BRIDGING_HEADER = "InjectionBundle/XprobeSwift-Bridging-Header.h";
				WRAPPER_EXTENSION = bundle;
			};
			name = Release;
		};
/* End XCBuildConfiguration section */

/* Begin XCConfigurationList section */
		BB439B601FABA64300B4F50B /* Build configuration list for PBXProject "InjectionIII" */ = {
			isa = XCConfigurationList;
			buildConfigurations = (
				BB439B821FABA64300B4F50B /* Debug */,
				BB439B831FABA64300B4F50B /* Release */,
			);
			defaultConfigurationIsVisible = 0;
			defaultConfigurationName = Release;
		};
		BB439B871FABA64300B4F50B /* Build configuration list for PBXNativeTarget "SwiftEvalTests" */ = {
			isa = XCConfigurationList;
			buildConfigurations = (
				BB439B881FABA64300B4F50B /* Debug */,
				BB439B891FABA64300B4F50B /* Release */,
			);
			defaultConfigurationIsVisible = 0;
			defaultConfigurationName = Release;
		};
		BBCA020C1FB0F10400E45F0F /* Build configuration list for PBXNativeTarget "InjectionIII" */ = {
			isa = XCConfigurationList;
			buildConfigurations = (
				BBCA020D1FB0F10400E45F0F /* Debug */,
				BBCA020E1FB0F10400E45F0F /* Release */,
			);
			defaultConfigurationIsVisible = 0;
			defaultConfigurationName = Release;
		};
		BBCA02481FB1065D00E45F0F /* Build configuration list for PBXNativeTarget "InjectionBundle" */ = {
			isa = XCConfigurationList;
			buildConfigurations = (
				BBCA02491FB1065D00E45F0F /* Debug */,
				BBCA024A1FB1065D00E45F0F /* Release */,
			);
			defaultConfigurationIsVisible = 0;
			defaultConfigurationName = Release;
		};
/* End XCConfigurationList section */
	};
	rootObject = BB439B5D1FABA64300B4F50B /* Project object */;
}
